{
  "version": 4,
  "terraform_version": "1.11.1",
  "serial": 14,
  "lineage": "9385a448-4e99-452d-9872-79a9f2d2edb7",
  "outputs": {},
  "resources": [
    {
      "mode": "managed",
      "type": "helm_release",
      "name": "ebs_csi_driver",
      "provider": "provider[\"registry.terraform.io/hashicorp/helm\"]",
      "instances": [
        {
          "schema_version": 1,
          "attributes": {
            "atomic": false,
            "chart": "../Charts/aws-ebs-csi-driver",
            "cleanup_on_fail": false,
            "create_namespace": false,
            "dependency_update": false,
            "description": null,
            "devel": null,
            "disable_crd_hooks": false,
            "disable_openapi_validation": false,
            "disable_webhooks": false,
            "force_update": false,
            "id": "aws-ebs-csi-driver",
            "keyring": null,
            "lint": false,
            "manifest": null,
            "max_history": 0,
            "metadata": [
              {
                "app_version": "1.16.1",
                "chart": "aws-ebs-csi-driver",
                "first_deployed": 1742311016,
                "last_deployed": 1742311016,
                "name": "aws-ebs-csi-driver",
                "namespace": "kube-system",
                "notes": "To verify that aws-ebs-csi-driver has started, run:\n\n    kubectl get pod -n kube-system -l \"app.kubernetes.io/name=aws-ebs-csi-driver,app.kubernetes.io/instance=aws-ebs-csi-driver\"\n\nNOTE: The [CSI Snapshotter](https://github.com/kubernetes-csi/external-snapshotter) controller and CRDs will no longer be installed as part of this chart and moving forward will be a prerequisite of using the snap shotting functionality.",
                "revision": 1,
                "values": "{}",
                "version": "2.17.4"
              }
            ],
            "name": "aws-ebs-csi-driver",
            "namespace": "kube-system",
            "pass_credentials": false,
            "postrender": [],
            "recreate_pods": false,
            "render_subchart_notes": true,
            "replace": false,
            "repository": null,
            "repository_ca_file": null,
            "repository_cert_file": null,
            "repository_key_file": null,
            "repository_password": null,
            "repository_username": null,
            "reset_values": false,
            "reuse_values": false,
            "set": [],
            "set_list": [],
            "set_sensitive": [],
            "skip_crds": false,
            "status": "deployed",
            "timeout": 300,
            "upgrade_install": null,
            "values": null,
            "verify": false,
            "version": "2.17.4",
            "wait": true,
            "wait_for_jobs": false
          },
          "sensitive_attributes": [
            [
              {
                "type": "get_attr",
                "value": "repository_password"
              }
            ]
          ],
          "private": "eyJzY2hlbWFfdmVyc2lvbiI6IjEifQ==",
          "dependencies": [
            "module.eksModule.aws_eks_cluster.cluster",
            "module.eksModule.aws_iam_role.eks_cluster_role",
            "module.eksModule.aws_iam_role_policy_attachment.AmazonEKSClusterPolicy",
            "module.eksModule.aws_iam_role_policy_attachment.AmazonEksVPCResourceController",
            "module.vpcModule.aws_subnet.public",
            "module.vpcModule.aws_vpc.main",
            "module.vpcModule.data.aws_availability_zones.available"
          ]
        }
      ]
    },
    {
      "mode": "managed",
      "type": "helm_release",
      "name": "elb_controller",
      "provider": "provider[\"registry.terraform.io/hashicorp/helm\"]",
      "instances": [
        {
          "schema_version": 1,
          "attributes": {
            "atomic": false,
            "chart": "aws-load-balancer-controller",
            "cleanup_on_fail": false,
            "create_namespace": false,
            "dependency_update": false,
            "description": null,
            "devel": null,
            "disable_crd_hooks": false,
            "disable_openapi_validation": false,
            "disable_webhooks": false,
            "force_update": false,
            "id": "aws-load-balancer-controller",
            "keyring": null,
            "lint": false,
            "manifest": null,
            "max_history": 0,
            "metadata": [
              {
                "app_version": "v2.11.0",
                "chart": "aws-load-balancer-controller",
                "first_deployed": 1742312649,
                "last_deployed": 1742312649,
                "name": "aws-load-balancer-controller",
                "namespace": "kube-system",
                "notes": "AWS Load Balancer controller installed!\n",
                "revision": 1,
                "values": "{\"clusterName\":\"zephyr-eks\",\"region\":\"us-east-1\",\"vpcId\":\"module.vpcModule.vpc_id\"}",
                "version": "1.11.0"
              }
            ],
            "name": "aws-load-balancer-controller",
            "namespace": "kube-system",
            "pass_credentials": false,
            "postrender": [],
            "recreate_pods": false,
            "render_subchart_notes": true,
            "replace": false,
            "repository": "https://aws.github.io/eks-charts",
            "repository_ca_file": null,
            "repository_cert_file": null,
            "repository_key_file": null,
            "repository_password": null,
            "repository_username": null,
            "reset_values": false,
            "reuse_values": false,
            "set": [
              {
                "name": "clusterName",
                "type": "",
                "value": "zephyr-eks"
              },
              {
                "name": "region",
                "type": "",
                "value": "us-east-1"
              },
              {
                "name": "vpcId",
                "type": "",
                "value": "module.vpcModule.vpc_id"
              }
            ],
            "set_list": [],
            "set_sensitive": [],
            "skip_crds": false,
            "status": "deployed",
            "timeout": 300,
            "upgrade_install": null,
            "values": null,
            "verify": false,
            "version": "1.11.0",
            "wait": true,
            "wait_for_jobs": false
          },
          "sensitive_attributes": [
            [
              {
                "type": "get_attr",
                "value": "repository_password"
              }
            ]
          ],
          "private": "eyJzY2hlbWFfdmVyc2lvbiI6IjEifQ==",
          "dependencies": [
            "module.eksModule.aws_eks_cluster.cluster",
            "module.eksModule.aws_iam_role.eks_cluster_role",
            "module.eksModule.aws_iam_role_policy_attachment.AmazonEKSClusterPolicy",
            "module.eksModule.aws_iam_role_policy_attachment.AmazonEksVPCResourceController",
            "module.vpcModule.aws_subnet.public",
            "module.vpcModule.aws_vpc.main",
            "module.vpcModule.data.aws_availability_zones.available"
          ]
        }
      ]
    },
    {
      "mode": "managed",
      "type": "helm_release",
      "name": "sonarqube",
      "provider": "provider[\"registry.terraform.io/hashicorp/helm\"]",
      "instances": [
        {
          "status": "tainted",
          "schema_version": 1,
          "attributes": {
            "atomic": false,
            "chart": "../Charts/sonarqube",
            "cleanup_on_fail": false,
            "create_namespace": true,
            "dependency_update": false,
            "description": null,
            "devel": null,
            "disable_crd_hooks": false,
            "disable_openapi_validation": false,
            "disable_webhooks": false,
            "force_update": false,
            "id": "sonarqube",
            "keyring": null,
            "lint": false,
            "manifest": null,
            "max_history": 0,
            "metadata": [
              {
                "app_version": "2025.1.1",
                "chart": "sonarqube",
                "first_deployed": 1742312681,
                "last_deployed": 1742312681,
                "name": "sonarqube",
                "namespace": "sonarqube",
                "notes": "CHART NAME: postgresql\nCHART VERSION: 10.15.0\nAPP VERSION: 11.14.0\n\n** Please be patient while the chart is being deployed **\n\nPostgreSQL can be accessed via port 5432 on the following DNS names from within your cluster:\n\n    sonarqube-postgresql.sonarqube.svc.cluster.local - Read/Write connection\n\nTo get the password for \"postgres\" run:\n\n    export POSTGRES_ADMIN_PASSWORD=$(kubectl get secret --namespace sonarqube sonarqube-postgresql -o jsonpath=\"{.data.postgresql-postgres-password}\" | base64 --decode)\n\nTo get the password for \"sonarUser\" run:\n\n    export POSTGRES_PASSWORD=$(kubectl get secret --namespace sonarqube sonarqube-postgresql -o jsonpath=\"{.data.postgresql-password}\" | base64 --decode)\n\nTo connect to your database run the following command:\n\n    kubectl run sonarqube-postgresql-client --rm --tty -i --restart='Never' --namespace sonarqube --image docker.io/bitnami/postgresql:11.14.0-debian-10-r22 --env=\"PGPASSWORD=$POSTGRES_PASSWORD\" --command -- psql --host sonarqube-postgresql -U sonarUser -d sonarDB -p 5432\n\n\n\nTo connect to your database from outside the cluster execute the following commands:\n\n    kubectl port-forward --namespace sonarqube svc/sonarqube-postgresql 5432:5432 \u0026\n    PGPASSWORD=\"$POSTGRES_PASSWORD\" psql --host 127.0.0.1 -U sonarUser -d sonarDB -p 5432\n\n1. Get the application URL by running these commands:\n  http://sonarqube.your-org.com\nWARNING: \n         Please note that the SonarQube image runs with a non-root user (uid=1000) belonging to the root group (guid=0). In this way, the chart can support arbitrary user ids as recommended in OpenShift.\n         Please visit https://docs.openshift.com/container-platform/4.14/openshift_images/create-images.html#use-uid_create-images for more information.\n\nWARNING: The embedded PostgreSQL is intended for evaluation only, it is DEPRECATED, and it will be REMOVED in a future release.\n         Please visit https://artifacthub.io/packages/helm/sonarqube/sonarqube#production-use-case for more information.\n\n\nWARNING: Setting the deployment strategy type is deprecated and will be removed in a future release. It will be hard-coded to Recreate.\n\nWARNING: The deploymentType value is deprecated and won't be supported anymore. SonarQube will be deployed as a Deployment by default.\n",
                "revision": 1,
                "values": "{\"community\":{\"enabled\":true},\"ingress\":{\"annotations\":{\"alb.ingress.kubernetes.io/actions.redirect-to-https\":\"{\\\"Type\\\": \\\"redirect\\\", \\\"RedirectConfig\\\": { \\\"Protocol\\\": \\\"HTTPS\\\", \\\"Port\\\": \\\"443\\\", \\\"StatusCode\\\": \\\"HTTP_301\\\"}}  \\n\",\"alb.ingress.kubernetes.io/group.name\":\"shared-group\",\"alb.ingress.kubernetes.io/listen-ports\":\"[{\\\"HTTP\\\": 80}, {\\\"HTTPS\\\": 443}]\",\"alb.ingress.kubernetes.io/scheme\":\"internet-facing\"},\"enabled\":true,\"hosts\":[{\"name\":\"sonarqube.your-org.com\",\"pathType\":\"Prefix\"}],\"ingressClassName\":\"alb\"},\"monitoringPasscode\":\"define_it\",\"postgresql\":{\"persistence\":{\"storageClass\":\"gp2\"}},\"service\":{\"type\":\"ClusterIP\"}}",
                "version": "2025.1.1"
              }
            ],
            "name": "sonarqube",
            "namespace": "sonarqube",
            "pass_credentials": false,
            "postrender": [],
            "recreate_pods": false,
            "render_subchart_notes": true,
            "replace": false,
            "repository": null,
            "repository_ca_file": null,
            "repository_cert_file": null,
            "repository_key_file": null,
            "repository_password": null,
            "repository_username": null,
            "reset_values": false,
            "reuse_values": false,
            "set": [],
            "set_list": [],
            "set_sensitive": [],
            "skip_crds": false,
            "status": "failed",
            "timeout": 300,
            "upgrade_install": null,
            "values": [
              "monitoringPasscode: \"define_it\"  # Passcode for monitoring access\n\npostgresql:\n  persistence:\n    storageClass: \"gp2\"  # Storage class for PostgreSQL persistence\n\ncommunity:\n  enabled: true  # Enable community features\n  \ningress:\n  enabled: true  # Enable ingress\n  # Used to create an Ingress record.\n  hosts:\n   - name: sonarqube.your-org.com  # Hostname for the ingress\n     pathType: Prefix  # Path type for the ingress\n\n  annotations:\n   alb.ingress.kubernetes.io/listen-ports: '[{\"HTTP\": 80}, {\"HTTPS\": 443}]'  # ALB listen ports configuration\n   alb.ingress.kubernetes.io/scheme: internet-facing  # Expose ALB to the public internet\n   # Redirect HTTP to HTTPS\n   alb.ingress.kubernetes.io/actions.redirect-to-https: \u003e\n    {\"Type\": \"redirect\", \"RedirectConfig\": { \"Protocol\": \"HTTPS\", \"Port\": \"443\", \"StatusCode\": \"HTTP_301\"}}  \n   alb.ingress.kubernetes.io/group.name: shared-group  # ALB group name\n  \n  ingressClassName: alb\n  \nservice:\n  type: ClusterIP"
            ],
            "verify": false,
            "version": "2025.1.1",
            "wait": true,
            "wait_for_jobs": false
          },
          "sensitive_attributes": [
            [
              {
                "type": "get_attr",
                "value": "repository_password"
              }
            ]
          ],
          "private": "eyJzY2hlbWFfdmVyc2lvbiI6IjEifQ==",
          "dependencies": [
            "helm_release.ebs_csi_driver",
            "helm_release.elb_controller",
            "module.eksModule.aws_eks_cluster.cluster",
            "module.eksModule.aws_iam_role.eks_cluster_role",
            "module.eksModule.aws_iam_role_policy_attachment.AmazonEKSClusterPolicy",
            "module.eksModule.aws_iam_role_policy_attachment.AmazonEksVPCResourceController",
            "module.vpcModule.aws_subnet.public",
            "module.vpcModule.aws_vpc.main",
            "module.vpcModule.data.aws_availability_zones.available"
          ]
        }
      ]
    },
    {
      "mode": "managed",
      "type": "null_resource",
      "name": "generate_inventory",
      "provider": "provider[\"registry.terraform.io/hashicorp/null\"]",
      "instances": [
        {
          "schema_version": 0,
          "attributes": {
            "id": "5712810277976305062",
            "triggers": {
              "jenkins_ip": "100.24.105.161",
              "worker_node_ips": "52.91.176.155,3.238.35.15"
            }
          },
          "sensitive_attributes": [],
          "dependencies": [
            "module.eksModule.aws_eks_cluster.cluster",
            "module.eksModule.aws_eks_node_group.node_group",
            "module.eksModule.aws_iam_policy.awsloadbalancercontroller",
            "module.eksModule.aws_iam_role.eks_cluster_role",
            "module.eksModule.aws_iam_role.eks_node_role",
            "module.eksModule.aws_iam_role_policy_attachment.AmazonEBSCSI",
            "module.eksModule.aws_iam_role_policy_attachment.AmazonEC2ContainerRegistryReadOnly",
            "module.eksModule.aws_iam_role_policy_attachment.AmazonEKSClusterPolicy",
            "module.eksModule.aws_iam_role_policy_attachment.AmazonEKSWorkerNodePolicy",
            "module.eksModule.aws_iam_role_policy_attachment.AmazonEKS_CNI_Policy",
            "module.eksModule.aws_iam_role_policy_attachment.AmazonEksVPCResourceController",
            "module.eksModule.aws_iam_role_policy_attachment.EC2ContainerRegistryReadOnly",
            "module.eksModule.aws_iam_role_policy_attachment.awsloadbalancercontroller",
            "module.eksModule.aws_iam_role_policy_attachment.cloudwatch_logs",
            "module.eksModule.aws_vpc_security_group_ingress_rule.allow_all_traffic_node_group",
            "module.eksModule.data.aws_instances.workers_IP",
            "module.pipelineModule.aws_iam_instance_profile.jenkins_ec2_instance_profile",
            "module.pipelineModule.aws_iam_role.jenkins_ec2_role",
            "module.pipelineModule.aws_iam_role_policy_attachment.jenkins_ec2_cloudwatch_logs",
            "module.pipelineModule.aws_instance.jenkins",
            "module.pipelineModule.aws_key_pair.pipeline",
            "module.pipelineModule.data.aws_ami.jenkins",
            "module.vpcModule.aws_security_group.sg",
            "module.vpcModule.aws_subnet.public",
            "module.vpcModule.aws_vpc.main",
            "module.vpcModule.data.aws_availability_zones.available"
          ]
        }
      ]
    },
    {
      "mode": "managed",
      "type": "random_id",
      "name": "bucket_suffix",
      "provider": "provider[\"registry.terraform.io/hashicorp/random\"]",
      "instances": [
        {
          "schema_version": 0,
          "attributes": {
            "b64_std": "tvg=",
            "b64_url": "tvg",
            "byte_length": 2,
            "dec": "46840",
            "hex": "b6f8",
            "id": "tvg",
            "keepers": null,
            "prefix": null
          },
          "sensitive_attributes": []
        }
      ]
    },
    {
      "module": "module.backupModule",
      "mode": "managed",
      "type": "aws_backup_plan",
      "name": "pipeline_plan",
      "provider": "provider[\"registry.terraform.io/hashicorp/aws\"]",
      "instances": [
        {
          "schema_version": 1,
          "attributes": {
            "advanced_backup_setting": [],
            "arn": "arn:aws:backup:us-east-1:180294182946:backup-plan:b274538b-f00d-44a5-b28d-d5fb0a349a03",
            "id": "b274538b-f00d-44a5-b28d-d5fb0a349a03",
            "name": "backup-plan",
            "rule": [
              {
                "completion_window": 120,
                "copy_action": [],
                "enable_continuous_backup": false,
                "lifecycle": [
                  {
                    "cold_storage_after": 0,
                    "delete_after": 14,
                    "opt_in_to_archive_for_supported_resources": false
                  }
                ],
                "recovery_point_tags": {},
                "rule_name": "backup-rule",
                "schedule": "cron(0 12 * * ? *)",
                "schedule_expression_timezone": "Etc/UTC",
                "start_window": 60,
                "target_vault_name": "Default"
              }
            ],
            "tags": {},
            "tags_all": {},
            "version": "NTBhYWFjNTktOTdiNy00MmE0LWFkMDktNjlkM2M1MzgxYzM5"
          },
          "sensitive_attributes": [],
          "private": "eyJzY2hlbWFfdmVyc2lvbiI6IjEifQ=="
        }
      ]
    },
    {
      "module": "module.backupModule",
      "mode": "managed",
      "type": "aws_backup_selection",
      "name": "resource_selection",
      "provider": "provider[\"registry.terraform.io/hashicorp/aws\"]",
      "instances": [
        {
          "schema_version": 0,
          "attributes": {
            "condition": [
              {
                "string_equals": [],
                "string_like": [],
                "string_not_equals": [],
                "string_not_like": []
              }
            ],
            "iam_role_arn": "arn:aws:iam::180294182946:role/backup-role",
            "id": "bb5f85ca-3111-4fb8-bd81-f4ece62a78ba",
            "name": "resources-selection",
            "not_resources": [],
            "plan_id": "b274538b-f00d-44a5-b28d-d5fb0a349a03",
            "resources": [
              "arn:aws:ec2:us-east-1:180294182946:instance/i-05247203429eeca0f"
            ],
            "selection_tag": []
          },
          "sensitive_attributes": [],
          "private": "bnVsbA==",
          "dependencies": [
            "module.backupModule.aws_backup_plan.pipeline_plan",
            "module.backupModule.aws_iam_role.backup_role",
            "module.pipelineModule.aws_iam_instance_profile.jenkins_ec2_instance_profile",
            "module.pipelineModule.aws_iam_role.jenkins_ec2_role",
            "module.pipelineModule.aws_instance.jenkins",
            "module.pipelineModule.aws_key_pair.pipeline",
            "module.pipelineModule.data.aws_ami.jenkins",
            "module.vpcModule.aws_security_group.sg",
            "module.vpcModule.aws_subnet.public",
            "module.vpcModule.aws_vpc.main",
            "module.vpcModule.data.aws_availability_zones.available"
          ]
        }
      ]
    },
    {
      "module": "module.backupModule",
      "mode": "managed",
      "type": "aws_iam_role",
      "name": "backup_role",
      "provider": "provider[\"registry.terraform.io/hashicorp/aws\"]",
      "instances": [
        {
          "schema_version": 0,
          "attributes": {
            "arn": "arn:aws:iam::180294182946:role/backup-role",
            "assume_role_policy": "{\"Statement\":[{\"Action\":\"sts:AssumeRole\",\"Effect\":\"Allow\",\"Principal\":{\"Service\":\"backup.amazonaws.com\"}}],\"Version\":\"2012-10-17\"}",
            "create_date": "2025-03-18T14:25:59Z",
            "description": "",
            "force_detach_policies": false,
            "id": "backup-role",
            "inline_policy": [],
            "managed_policy_arns": [
              "arn:aws:iam::aws:policy/service-role/AWSBackupServiceRolePolicyForBackup"
            ],
            "max_session_duration": 3600,
            "name": "backup-role",
            "name_prefix": "",
            "path": "/",
            "permissions_boundary": "",
            "tags": {},
            "tags_all": {},
            "unique_id": "AROAST6S65ARIOJVFH3EL"
          },
          "sensitive_attributes": [],
          "private": "bnVsbA=="
        }
      ]
    },
    {
      "module": "module.backupModule",
      "mode": "managed",
      "type": "aws_iam_role_policy_attachment",
      "name": "backup_policy",
      "provider": "provider[\"registry.terraform.io/hashicorp/aws\"]",
      "instances": [
        {
          "schema_version": 0,
          "attributes": {
            "id": "backup-role-20250318142601929100000005",
            "policy_arn": "arn:aws:iam::aws:policy/service-role/AWSBackupServiceRolePolicyForBackup",
            "role": "backup-role"
          },
          "sensitive_attributes": [],
          "private": "bnVsbA==",
          "dependencies": [
            "module.backupModule.aws_iam_role.backup_role"
          ]
        }
      ]
    },
    {
      "module": "module.ecrModule",
      "mode": "managed",
      "type": "aws_ecrpublic_repository",
      "name": "backend",
      "provider": "provider[\"registry.terraform.io/hashicorp/aws\"]",
      "instances": [
        {
          "schema_version": 0,
          "attributes": {
            "arn": "arn:aws:ecr-public::180294182946:repository/backend",
            "catalog_data": [
              {
                "about_text": null,
                "architectures": null,
                "description": null,
                "logo_image_blob": null,
                "operating_systems": null,
                "usage_text": null
              }
            ],
            "force_destroy": false,
            "id": "backend",
            "registry_id": "180294182946",
            "repository_name": "backend",
            "repository_uri": "public.ecr.aws/d6x6h4n4/backend",
            "tags": {
              "Name": "backend"
            },
            "tags_all": {
              "Name": "backend"
            },
            "timeouts": null
          },
          "sensitive_attributes": [],
          "private": "eyJlMmJmYjczMC1lY2FhLTExZTYtOGY4OC0zNDM2M2JjN2M0YzAiOnsiZGVsZXRlIjoxMjAwMDAwMDAwMDAwfX0="
        }
      ]
    },
    {
      "module": "module.ecrModule",
      "mode": "managed",
      "type": "aws_ecrpublic_repository",
      "name": "frontend",
      "provider": "provider[\"registry.terraform.io/hashicorp/aws\"]",
      "instances": [
        {
          "schema_version": 0,
          "attributes": {
            "arn": "arn:aws:ecr-public::180294182946:repository/frontend",
            "catalog_data": [
              {
                "about_text": null,
                "architectures": null,
                "description": null,
                "logo_image_blob": null,
                "operating_systems": null,
                "usage_text": null
              }
            ],
            "force_destroy": false,
            "id": "frontend",
            "registry_id": "180294182946",
            "repository_name": "frontend",
            "repository_uri": "public.ecr.aws/d6x6h4n4/frontend",
            "tags": {
              "Name": "frontend"
            },
            "tags_all": {
              "Name": "frontend"
            },
            "timeouts": null
          },
          "sensitive_attributes": [],
          "private": "eyJlMmJmYjczMC1lY2FhLTExZTYtOGY4OC0zNDM2M2JjN2M0YzAiOnsiZGVsZXRlIjoxMjAwMDAwMDAwMDAwfX0="
        }
      ]
    },
    {
      "module": "module.eksModule",
      "mode": "data",
      "type": "aws_instances",
      "name": "workers_IP",
      "provider": "provider[\"registry.terraform.io/hashicorp/aws\"]",
      "instances": [
        {
          "schema_version": 0,
          "attributes": {
            "filter": [
              {
                "name": "instance-state-name",
                "values": [
                  "running"
                ]
              },
              {
                "name": "tag:eks:nodegroup-name",
                "values": [
                  "node_group"
                ]
              }
            ],
            "id": "us-east-1",
            "ids": [
              "i-011c902cfd8309a15",
              "i-00267e02ed6964320"
            ],
            "instance_state_names": null,
            "instance_tags": null,
            "ipv6_addresses": [],
            "private_ips": [
              "10.0.2.240",
              "10.0.0.174"
            ],
            "public_ips": [
              "52.91.176.155",
              "3.238.35.15"
            ],
            "timeouts": null
          },
          "sensitive_attributes": []
        }
      ]
    },
    {
      "module": "module.eksModule",
      "mode": "managed",
      "type": "aws_eks_cluster",
      "name": "cluster",
      "provider": "provider[\"registry.terraform.io/hashicorp/aws\"]",
      "instances": [
        {
          "schema_version": 1,
          "attributes": {
            "access_config": [
              {
                "authentication_mode": "CONFIG_MAP",
                "bootstrap_cluster_creator_admin_permissions": true
              }
            ],
            "arn": "arn:aws:eks:us-east-1:180294182946:cluster/zephyr-eks",
            "bootstrap_self_managed_addons": true,
            "certificate_authority": [
              {
                "data": "LS0tLS1CRUdJTiBDRVJUSUZJQ0FURS0tLS0tCk1JSURCVENDQWUyZ0F3SUJBZ0lJREVZbTRkbkUvanN3RFFZSktvWklodmNOQVFFTEJRQXdGVEVUTUJFR0ExVUUKQXhNS2EzVmlaWEp1WlhSbGN6QWVGdzB5TlRBek1UZ3hOREkyTVRkYUZ3MHpOVEF6TVRZeE5ETXhNVGRhTUJVeApFekFSQmdOVkJBTVRDbXQxWW1WeWJtVjBaWE13Z2dFaU1BMEdDU3FHU0liM0RRRUJBUVVBQTRJQkR3QXdnZ0VLCkFvSUJBUURTTzJWS3NuQ3duWER5YWRYd1RudTIxVjMyNFlEYURmZzBuTm9VbERaOTgwYysvZUZoSFpnamhaZHQKN2htcFhQeVJHQk9seU43KytJVEZuZ0p6YXRkVXczWENaeU0xblI0SlIxMVRxV2M2OHJ2Y0pyQWNod1JtOTd6NApKMFhsY1EwNFpvc202SzVmSmdlTWU2MWZWa0h0QXdoVklIdnU5a1BoRnMrQk5GMXIvbU9sa1lPVzBwYlloRDR3ClhkeENTVkFGdFR4dTcwNy9CbmJiTDlGc1poS1dDQ1paQmVzaENkM1BuOHd1YkNiZU01YmlJKzZzWjdVeWw2VlcKODA3UDJVRG9YQVdGQnRwUndGaUxRYVJNMkt0b1NOdEJXY1o3VTl1ZDVLYjU1UkM4V2FOb0R1MTkyWG5OcjBJagoyMFAwTXkvdS9OREloUjVpang4cHhBb3FNWThwQWdNQkFBR2pXVEJYTUE0R0ExVWREd0VCL3dRRUF3SUNwREFQCkJnTlZIUk1CQWY4RUJUQURBUUgvTUIwR0ExVWREZ1FXQkJUUFlwNDVXSmNMM2hNcTFVZ2VSL1NsaCtxcDd6QVYKQmdOVkhSRUVEakFNZ2dwcmRXSmxjbTVsZEdWek1BMEdDU3FHU0liM0RRRUJDd1VBQTRJQkFRQUc3MjZJMUpEYgpVL0tiRWtJSTl0SDBaK25ZTFc1OWxuWG5za042aGhjYkV0eVIybUNadTdnZkR6a05rY1JCYm50cnNKQlB5SFBoCmV1c0FLaFBQbkFGdjlNNTJUTzJrdmQ1ZjlFT3dJL1VWMFVKemU1eXRVTlU4QmRFMkY5aWVKYU1jY2d0di8vakwKWEZBell2T0ptSms0L0Z0cjdqdWowbkNDUS8ycms0UXgvU1ZUVVUvSnVDcm1NYTNTZDNqMWpMSXArN01WNDVrMgpLdVdtNWpaSHRIUlZUOU9IakdoOXQzM2ZBK0dkNUVjQ3VZcnZ0Yk9mNDd1dXBvSTdGOGdYVFRaY3JXWGZoaXVnCmZmWnhQcXE5SjA3ckNSZHVmNWdBb09rbHpJYjNyNlhOeVdnNzQ2My9KYVV0RUlkOENhcWQ2cTRaNWhDN3NtdVAKU2diT1habk5yVjk5Ci0tLS0tRU5EIENFUlRJRklDQVRFLS0tLS0K"
              }
            ],
            "cluster_id": null,
            "compute_config": [],
            "created_at": "2025-03-18T14:26:15Z",
            "enabled_cluster_log_types": [],
            "encryption_config": [],
            "endpoint": "https://153257CA2D1ACD26B65A3A6E4C1D04EB.gr7.us-east-1.eks.amazonaws.com",
            "id": "zephyr-eks",
            "identity": [
              {
                "oidc": [
                  {
                    "issuer": "https://oidc.eks.us-east-1.amazonaws.com/id/153257CA2D1ACD26B65A3A6E4C1D04EB"
                  }
                ]
              }
            ],
            "kubernetes_network_config": [
              {
                "elastic_load_balancing": [
                  {
                    "enabled": false
                  }
                ],
                "ip_family": "ipv4",
                "service_ipv4_cidr": "172.20.0.0/16",
                "service_ipv6_cidr": ""
              }
            ],
            "name": "zephyr-eks",
            "outpost_config": [],
            "platform_version": "eks.5",
            "remote_network_config": [],
            "role_arn": "arn:aws:iam::180294182946:role/eks_cluster_role",
            "status": "ACTIVE",
            "storage_config": [],
            "tags": {},
            "tags_all": {},
            "timeouts": null,
            "upgrade_policy": [
              {
                "support_type": "EXTENDED"
              }
            ],
            "version": "1.32",
            "vpc_config": [
              {
                "cluster_security_group_id": "sg-09d457c9c038c7cbb",
                "endpoint_private_access": false,
                "endpoint_public_access": true,
                "public_access_cidrs": [
                  "0.0.0.0/0"
                ],
                "security_group_ids": [],
                "subnet_ids": [
                  "subnet-071c0f4bc74b551b6",
                  "subnet-084d995c182c4d668",
                  "subnet-0946671c4ba5c20bc"
                ],
                "vpc_id": "vpc-0a5aadb804d5bf9e6"
              }
            ],
            "zonal_shift_config": []
          },
          "sensitive_attributes": [],
          "private": "eyJlMmJmYjczMC1lY2FhLTExZTYtOGY4OC0zNDM2M2JjN2M0YzAiOnsiY3JlYXRlIjoxODAwMDAwMDAwMDAwLCJkZWxldGUiOjkwMDAwMDAwMDAwMCwidXBkYXRlIjozNjAwMDAwMDAwMDAwfSwic2NoZW1hX3ZlcnNpb24iOiIxIn0=",
          "dependencies": [
            "module.eksModule.aws_iam_role.eks_cluster_role",
            "module.eksModule.aws_iam_role_policy_attachment.AmazonEKSClusterPolicy",
            "module.eksModule.aws_iam_role_policy_attachment.AmazonEksVPCResourceController",
            "module.vpcModule.aws_subnet.public",
            "module.vpcModule.aws_vpc.main",
            "module.vpcModule.data.aws_availability_zones.available"
          ]
        }
      ]
    },
    {
      "module": "module.eksModule",
      "mode": "managed",
      "type": "aws_eks_node_group",
      "name": "node_group",
      "provider": "provider[\"registry.terraform.io/hashicorp/aws\"]",
      "instances": [
        {
          "schema_version": 0,
          "attributes": {
            "ami_type": "AL2023_x86_64_STANDARD",
            "arn": "arn:aws:eks:us-east-1:180294182946:nodegroup/zephyr-eks/node_group/f8cad4d9-b34e-084f-ccdc-0030d9fccad7",
            "capacity_type": "SPOT",
            "cluster_name": "zephyr-eks",
            "disk_size": 20,
            "force_update_version": null,
            "id": "zephyr-eks:node_group",
            "instance_types": [
              "t3.medium"
            ],
            "labels": {},
            "launch_template": [],
            "node_group_name": "node_group",
            "node_group_name_prefix": "",
            "node_repair_config": [],
            "node_role_arn": "arn:aws:iam::180294182946:role/eks_node_role",
            "release_version": "1.32.1-20250304",
            "remote_access": [
              {
                "ec2_ssh_key": "pipelineKey",
                "source_security_group_ids": [
                  "sg-066828b64d009fbcf"
                ]
              }
            ],
            "resources": [
              {
                "autoscaling_groups": [
                  {
                    "name": "eks-node_group-f8cad4d9-b34e-084f-ccdc-0030d9fccad7"
                  }
                ],
                "remote_access_security_group_id": "sg-04031e5b9755ccf48"
              }
            ],
            "scaling_config": [
              {
                "desired_size": 2,
                "max_size": 2,
                "min_size": 2
              }
            ],
            "status": "ACTIVE",
            "subnet_ids": [
              "subnet-071c0f4bc74b551b6",
              "subnet-084d995c182c4d668",
              "subnet-0946671c4ba5c20bc"
            ],
            "tags": {
              "Name": "node_group"
            },
            "tags_all": {
              "Name": "node_group"
            },
            "taint": [],
            "timeouts": null,
            "update_config": [
              {
                "max_unavailable": 1,
                "max_unavailable_percentage": 0
              }
            ],
            "version": "1.32"
          },
          "sensitive_attributes": [],
          "private": "eyJlMmJmYjczMC1lY2FhLTExZTYtOGY4OC0zNDM2M2JjN2M0YzAiOnsiY3JlYXRlIjozNjAwMDAwMDAwMDAwLCJkZWxldGUiOjM2MDAwMDAwMDAwMDAsInVwZGF0ZSI6MzYwMDAwMDAwMDAwMH19",
          "dependencies": [
            "module.eksModule.aws_eks_cluster.cluster",
            "module.eksModule.aws_iam_policy.awsloadbalancercontroller",
            "module.eksModule.aws_iam_role.eks_cluster_role",
            "module.eksModule.aws_iam_role.eks_node_role",
            "module.eksModule.aws_iam_role_policy_attachment.AmazonEBSCSI",
            "module.eksModule.aws_iam_role_policy_attachment.AmazonEC2ContainerRegistryReadOnly",
            "module.eksModule.aws_iam_role_policy_attachment.AmazonEKSClusterPolicy",
            "module.eksModule.aws_iam_role_policy_attachment.AmazonEKSWorkerNodePolicy",
            "module.eksModule.aws_iam_role_policy_attachment.AmazonEKS_CNI_Policy",
            "module.eksModule.aws_iam_role_policy_attachment.AmazonEksVPCResourceController",
            "module.eksModule.aws_iam_role_policy_attachment.awsloadbalancercontroller",
            "module.pipelineModule.aws_key_pair.pipeline",
            "module.vpcModule.aws_security_group.sg",
            "module.vpcModule.aws_subnet.public",
            "module.vpcModule.aws_vpc.main",
            "module.vpcModule.data.aws_availability_zones.available"
          ]
        }
      ]
    },
    {
      "module": "module.eksModule",
      "mode": "managed",
      "type": "aws_iam_policy",
      "name": "awsloadbalancercontroller",
      "provider": "provider[\"registry.terraform.io/hashicorp/aws\"]",
      "instances": [
        {
          "schema_version": 0,
          "attributes": {
            "arn": "arn:aws:iam::180294182946:policy/awsloadbalancercontroller",
            "attachment_count": 1,
            "description": "AWS Load Balancer Controller Policy",
            "id": "arn:aws:iam::180294182946:policy/awsloadbalancercontroller",
            "name": "awsloadbalancercontroller",
            "name_prefix": "",
            "path": "/",
            "policy": "{\"Statement\":[{\"Action\":[\"iam:CreateServiceLinkedRole\"],\"Condition\":{\"StringEquals\":{\"iam:AWSServiceName\":\"elasticloadbalancing.amazonaws.com\"}},\"Effect\":\"Allow\",\"Resource\":\"*\"},{\"Action\":[\"ec2:DescribeAccountAttributes\",\"ec2:DescribeAddresses\",\"ec2:DescribeAvailabilityZones\",\"ec2:DescribeInternetGateways\",\"ec2:DescribeVpcs\",\"ec2:DescribeVpcPeeringConnections\",\"ec2:DescribeSubnets\",\"ec2:DescribeSecurityGroups\",\"ec2:DescribeInstances\",\"ec2:DescribeNetworkInterfaces\",\"ec2:DescribeTags\",\"ec2:GetCoipPoolUsage\",\"ec2:DescribeCoipPools\",\"ec2:GetSecurityGroupsForVpc\",\"elasticloadbalancing:DescribeLoadBalancers\",\"elasticloadbalancing:DescribeLoadBalancerAttributes\",\"elasticloadbalancing:DescribeListeners\",\"elasticloadbalancing:DescribeListenerCertificates\",\"elasticloadbalancing:DescribeSSLPolicies\",\"elasticloadbalancing:DescribeRules\",\"elasticloadbalancing:DescribeTargetGroups\",\"elasticloadbalancing:DescribeTargetGroupAttributes\",\"elasticloadbalancing:DescribeTargetHealth\",\"elasticloadbalancing:DescribeTags\",\"elasticloadbalancing:DescribeTrustStores\",\"elasticloadbalancing:DescribeListenerAttributes\",\"elasticloadbalancing:DescribeCapacityReservation\"],\"Effect\":\"Allow\",\"Resource\":\"*\"},{\"Action\":[\"cognito-idp:DescribeUserPoolClient\",\"acm:ListCertificates\",\"acm:DescribeCertificate\",\"iam:ListServerCertificates\",\"iam:GetServerCertificate\",\"waf-regional:GetWebACL\",\"waf-regional:GetWebACLForResource\",\"waf-regional:AssociateWebACL\",\"waf-regional:DisassociateWebACL\",\"wafv2:GetWebACL\",\"wafv2:GetWebACLForResource\",\"wafv2:AssociateWebACL\",\"wafv2:DisassociateWebACL\",\"shield:GetSubscriptionState\",\"shield:DescribeProtection\",\"shield:CreateProtection\",\"shield:DeleteProtection\"],\"Effect\":\"Allow\",\"Resource\":\"*\"},{\"Action\":[\"ec2:AuthorizeSecurityGroupIngress\",\"ec2:RevokeSecurityGroupIngress\"],\"Effect\":\"Allow\",\"Resource\":\"*\"},{\"Action\":[\"ec2:CreateSecurityGroup\"],\"Effect\":\"Allow\",\"Resource\":\"*\"},{\"Action\":[\"ec2:CreateTags\"],\"Condition\":{\"Null\":{\"aws:RequestTag/elbv2.k8s.aws/cluster\":\"false\"},\"StringEquals\":{\"ec2:CreateAction\":\"CreateSecurityGroup\"}},\"Effect\":\"Allow\",\"Resource\":\"arn:aws:ec2:*:*:security-group/*\"},{\"Action\":[\"ec2:CreateTags\",\"ec2:DeleteTags\"],\"Condition\":{\"Null\":{\"aws:RequestTag/elbv2.k8s.aws/cluster\":\"true\",\"aws:ResourceTag/elbv2.k8s.aws/cluster\":\"false\"}},\"Effect\":\"Allow\",\"Resource\":\"arn:aws:ec2:*:*:security-group/*\"},{\"Action\":[\"ec2:AuthorizeSecurityGroupIngress\",\"ec2:RevokeSecurityGroupIngress\",\"ec2:DeleteSecurityGroup\"],\"Condition\":{\"Null\":{\"aws:ResourceTag/elbv2.k8s.aws/cluster\":\"false\"}},\"Effect\":\"Allow\",\"Resource\":\"*\"},{\"Action\":[\"elasticloadbalancing:CreateLoadBalancer\",\"elasticloadbalancing:CreateTargetGroup\"],\"Condition\":{\"Null\":{\"aws:RequestTag/elbv2.k8s.aws/cluster\":\"false\"}},\"Effect\":\"Allow\",\"Resource\":\"*\"},{\"Action\":[\"elasticloadbalancing:CreateListener\",\"elasticloadbalancing:DeleteListener\",\"elasticloadbalancing:CreateRule\",\"elasticloadbalancing:DeleteRule\"],\"Effect\":\"Allow\",\"Resource\":\"*\"},{\"Action\":[\"elasticloadbalancing:AddTags\",\"elasticloadbalancing:RemoveTags\"],\"Condition\":{\"Null\":{\"aws:RequestTag/elbv2.k8s.aws/cluster\":\"true\",\"aws:ResourceTag/elbv2.k8s.aws/cluster\":\"false\"}},\"Effect\":\"Allow\",\"Resource\":[\"arn:aws:elasticloadbalancing:*:*:targetgroup/*/*\",\"arn:aws:elasticloadbalancing:*:*:loadbalancer/net/*/*\",\"arn:aws:elasticloadbalancing:*:*:loadbalancer/app/*/*\"]},{\"Action\":[\"elasticloadbalancing:AddTags\",\"elasticloadbalancing:RemoveTags\"],\"Effect\":\"Allow\",\"Resource\":[\"arn:aws:elasticloadbalancing:*:*:listener/net/*/*/*\",\"arn:aws:elasticloadbalancing:*:*:listener/app/*/*/*\",\"arn:aws:elasticloadbalancing:*:*:listener-rule/net/*/*/*\",\"arn:aws:elasticloadbalancing:*:*:listener-rule/app/*/*/*\"]},{\"Action\":[\"elasticloadbalancing:ModifyLoadBalancerAttributes\",\"elasticloadbalancing:SetIpAddressType\",\"elasticloadbalancing:SetSecurityGroups\",\"elasticloadbalancing:SetSubnets\",\"elasticloadbalancing:DeleteLoadBalancer\",\"elasticloadbalancing:ModifyTargetGroup\",\"elasticloadbalancing:ModifyTargetGroupAttributes\",\"elasticloadbalancing:DeleteTargetGroup\",\"elasticloadbalancing:ModifyListenerAttributes\",\"elasticloadbalancing:ModifyCapacityReservation\"],\"Condition\":{\"Null\":{\"aws:ResourceTag/elbv2.k8s.aws/cluster\":\"false\"}},\"Effect\":\"Allow\",\"Resource\":\"*\"},{\"Action\":[\"elasticloadbalancing:AddTags\"],\"Condition\":{\"Null\":{\"aws:RequestTag/elbv2.k8s.aws/cluster\":\"false\"},\"StringEquals\":{\"elasticloadbalancing:CreateAction\":[\"CreateTargetGroup\",\"CreateLoadBalancer\"]}},\"Effect\":\"Allow\",\"Resource\":[\"arn:aws:elasticloadbalancing:*:*:targetgroup/*/*\",\"arn:aws:elasticloadbalancing:*:*:loadbalancer/net/*/*\",\"arn:aws:elasticloadbalancing:*:*:loadbalancer/app/*/*\"]},{\"Action\":[\"elasticloadbalancing:RegisterTargets\",\"elasticloadbalancing:DeregisterTargets\"],\"Effect\":\"Allow\",\"Resource\":\"arn:aws:elasticloadbalancing:*:*:targetgroup/*/*\"},{\"Action\":[\"elasticloadbalancing:SetWebAcl\",\"elasticloadbalancing:ModifyListener\",\"elasticloadbalancing:AddListenerCertificates\",\"elasticloadbalancing:RemoveListenerCertificates\",\"elasticloadbalancing:ModifyRule\",\"elasticloadbalancing:SetRulePriorities\"],\"Effect\":\"Allow\",\"Resource\":\"*\"}],\"Version\":\"2012-10-17\"}",
            "policy_id": "ANPAST6S65ARBM66I6OWV",
            "tags": {},
            "tags_all": {}
          },
          "sensitive_attributes": [],
          "private": "bnVsbA=="
        }
      ]
    },
    {
      "module": "module.eksModule",
      "mode": "managed",
      "type": "aws_iam_role",
      "name": "eks_cluster_role",
      "provider": "provider[\"registry.terraform.io/hashicorp/aws\"]",
      "instances": [
        {
          "schema_version": 0,
          "attributes": {
            "arn": "arn:aws:iam::180294182946:role/eks_cluster_role",
            "assume_role_policy": "{\"Statement\":[{\"Action\":\"sts:AssumeRole\",\"Effect\":\"Allow\",\"Principal\":{\"Service\":\"eks.amazonaws.com\"}}],\"Version\":\"2012-10-17\"}",
            "create_date": "2025-03-18T14:25:59Z",
            "description": "",
            "force_detach_policies": false,
            "id": "eks_cluster_role",
            "inline_policy": [],
            "managed_policy_arns": [
              "arn:aws:iam::aws:policy/AmazonEC2ContainerRegistryReadOnly",
              "arn:aws:iam::aws:policy/AmazonEKSClusterPolicy",
              "arn:aws:iam::aws:policy/AmazonEKSVPCResourceController"
            ],
            "max_session_duration": 3600,
            "name": "eks_cluster_role",
            "name_prefix": "",
            "path": "/",
            "permissions_boundary": "",
            "tags": {},
            "tags_all": {},
            "unique_id": "AROAST6S65ARDZ3DS7LV6"
          },
          "sensitive_attributes": [],
          "private": "bnVsbA=="
        }
      ]
    },
    {
      "module": "module.eksModule",
      "mode": "managed",
      "type": "aws_iam_role",
      "name": "eks_node_role",
      "provider": "provider[\"registry.terraform.io/hashicorp/aws\"]",
      "instances": [
        {
          "schema_version": 0,
          "attributes": {
            "arn": "arn:aws:iam::180294182946:role/eks_node_role",
            "assume_role_policy": "{\"Statement\":[{\"Action\":\"sts:AssumeRole\",\"Effect\":\"Allow\",\"Principal\":{\"Service\":\"ec2.amazonaws.com\"}}],\"Version\":\"2012-10-17\"}",
            "create_date": "2025-03-18T14:25:59Z",
            "description": "",
            "force_detach_policies": false,
            "id": "eks_node_role",
            "inline_policy": [],
            "managed_policy_arns": [
              "arn:aws:iam::180294182946:policy/awsloadbalancercontroller",
              "arn:aws:iam::aws:policy/AmazonEC2ContainerRegistryReadOnly",
              "arn:aws:iam::aws:policy/AmazonEKSWorkerNodePolicy",
              "arn:aws:iam::aws:policy/AmazonEKS_CNI_Policy",
              "arn:aws:iam::aws:policy/CloudWatchLogsFullAccess",
              "arn:aws:iam::aws:policy/service-role/AmazonEBSCSIDriverPolicy"
            ],
            "max_session_duration": 3600,
            "name": "eks_node_role",
            "name_prefix": "",
            "path": "/",
            "permissions_boundary": "",
            "tags": {},
            "tags_all": {},
            "unique_id": "AROAST6S65ARDYXGSEWOK"
          },
          "sensitive_attributes": [],
          "private": "bnVsbA=="
        }
      ]
    },
    {
      "module": "module.eksModule",
      "mode": "managed",
      "type": "aws_iam_role_policy_attachment",
      "name": "AmazonEBSCSI",
      "provider": "provider[\"registry.terraform.io/hashicorp/aws\"]",
      "instances": [
        {
          "schema_version": 0,
          "attributes": {
            "id": "eks_node_role-20250318142601925900000003",
            "policy_arn": "arn:aws:iam::aws:policy/service-role/AmazonEBSCSIDriverPolicy",
            "role": "eks_node_role"
          },
          "sensitive_attributes": [],
          "private": "bnVsbA==",
          "dependencies": [
            "module.eksModule.aws_iam_role.eks_node_role"
          ]
        }
      ]
    },
    {
      "module": "module.eksModule",
      "mode": "managed",
      "type": "aws_iam_role_policy_attachment",
      "name": "AmazonEC2ContainerRegistryReadOnly",
      "provider": "provider[\"registry.terraform.io/hashicorp/aws\"]",
      "instances": [
        {
          "schema_version": 0,
          "attributes": {
            "id": "eks_node_role-20250318142603260300000008",
            "policy_arn": "arn:aws:iam::aws:policy/AmazonEC2ContainerRegistryReadOnly",
            "role": "eks_node_role"
          },
          "sensitive_attributes": [],
          "private": "bnVsbA==",
          "dependencies": [
            "module.eksModule.aws_iam_role.eks_node_role"
          ]
        }
      ]
    },
    {
      "module": "module.eksModule",
      "mode": "managed",
      "type": "aws_iam_role_policy_attachment",
      "name": "AmazonEKSClusterPolicy",
      "provider": "provider[\"registry.terraform.io/hashicorp/aws\"]",
      "instances": [
        {
          "schema_version": 0,
          "attributes": {
            "id": "eks_cluster_role-20250318142601928900000004",
            "policy_arn": "arn:aws:iam::aws:policy/AmazonEKSClusterPolicy",
            "role": "eks_cluster_role"
          },
          "sensitive_attributes": [],
          "private": "bnVsbA==",
          "dependencies": [
            "module.eksModule.aws_iam_role.eks_cluster_role"
          ]
        }
      ]
    },
    {
      "module": "module.eksModule",
      "mode": "managed",
      "type": "aws_iam_role_policy_attachment",
      "name": "AmazonEKSWorkerNodePolicy",
      "provider": "provider[\"registry.terraform.io/hashicorp/aws\"]",
      "instances": [
        {
          "schema_version": 0,
          "attributes": {
            "id": "eks_node_role-20250318142602038000000006",
            "policy_arn": "arn:aws:iam::aws:policy/AmazonEKSWorkerNodePolicy",
            "role": "eks_node_role"
          },
          "sensitive_attributes": [],
          "private": "bnVsbA==",
          "dependencies": [
            "module.eksModule.aws_iam_role.eks_node_role"
          ]
        }
      ]
    },
    {
      "module": "module.eksModule",
      "mode": "managed",
      "type": "aws_iam_role_policy_attachment",
      "name": "AmazonEKS_CNI_Policy",
      "provider": "provider[\"registry.terraform.io/hashicorp/aws\"]",
      "instances": [
        {
          "schema_version": 0,
          "attributes": {
            "id": "eks_node_role-20250318142602086900000007",
            "policy_arn": "arn:aws:iam::aws:policy/AmazonEKS_CNI_Policy",
            "role": "eks_node_role"
          },
          "sensitive_attributes": [],
          "private": "bnVsbA==",
          "dependencies": [
            "module.eksModule.aws_iam_role.eks_node_role"
          ]
        }
      ]
    },
    {
      "module": "module.eksModule",
      "mode": "managed",
      "type": "aws_iam_role_policy_attachment",
      "name": "AmazonEksVPCResourceController",
      "provider": "provider[\"registry.terraform.io/hashicorp/aws\"]",
      "instances": [
        {
          "schema_version": 0,
          "attributes": {
            "id": "eks_cluster_role-20250318142601581700000001",
            "policy_arn": "arn:aws:iam::aws:policy/AmazonEKSVPCResourceController",
            "role": "eks_cluster_role"
          },
          "sensitive_attributes": [],
          "private": "bnVsbA==",
          "dependencies": [
            "module.eksModule.aws_iam_role.eks_cluster_role"
          ]
        }
      ]
    },
    {
      "module": "module.eksModule",
      "mode": "managed",
      "type": "aws_iam_role_policy_attachment",
      "name": "EC2ContainerRegistryReadOnly",
      "provider": "provider[\"registry.terraform.io/hashicorp/aws\"]",
      "instances": [
        {
          "schema_version": 0,
          "attributes": {
            "id": "eks_cluster_role-20250318142601597500000002",
            "policy_arn": "arn:aws:iam::aws:policy/AmazonEC2ContainerRegistryReadOnly",
            "role": "eks_cluster_role"
          },
          "sensitive_attributes": [],
          "private": "bnVsbA==",
          "dependencies": [
            "module.eksModule.aws_iam_role.eks_cluster_role"
          ]
        }
      ]
    },
    {
      "module": "module.eksModule",
      "mode": "managed",
      "type": "aws_iam_role_policy_attachment",
      "name": "awsloadbalancercontroller",
      "provider": "provider[\"registry.terraform.io/hashicorp/aws\"]",
      "instances": [
        {
          "schema_version": 0,
          "attributes": {
            "id": "eks_node_role-20250318144100740800000001",
            "policy_arn": "arn:aws:iam::180294182946:policy/awsloadbalancercontroller",
            "role": "eks_node_role"
          },
          "sensitive_attributes": [],
          "private": "bnVsbA==",
          "dependencies": [
            "module.eksModule.aws_iam_policy.awsloadbalancercontroller",
            "module.eksModule.aws_iam_role.eks_node_role"
          ]
        }
      ]
    },
    {
      "module": "module.eksModule",
      "mode": "managed",
      "type": "aws_iam_role_policy_attachment",
      "name": "cloudwatch_logs",
      "provider": "provider[\"registry.terraform.io/hashicorp/aws\"]",
      "instances": [
        {
          "schema_version": 0,
          "attributes": {
            "id": "eks_node_role-20250318142603997300000009",
            "policy_arn": "arn:aws:iam::aws:policy/CloudWatchLogsFullAccess",
            "role": "eks_node_role"
          },
          "sensitive_attributes": [],
          "private": "bnVsbA==",
          "dependencies": [
            "module.eksModule.aws_iam_role.eks_node_role"
          ]
        }
      ]
    },
    {
      "module": "module.eksModule",
      "mode": "managed",
      "type": "aws_vpc_security_group_ingress_rule",
      "name": "allow_all_traffic_node_group",
      "provider": "provider[\"registry.terraform.io/hashicorp/aws\"]",
      "instances": [
        {
          "schema_version": 0,
          "attributes": {
            "arn": "arn:aws:ec2:us-east-1:180294182946:security-group-rule/sgr-0cf2ca77b35799e41",
            "cidr_ipv4": "0.0.0.0/0",
            "cidr_ipv6": null,
            "description": null,
            "from_port": null,
            "id": "sgr-0cf2ca77b35799e41",
            "ip_protocol": "-1",
            "prefix_list_id": null,
            "referenced_security_group_id": null,
            "security_group_id": "sg-09d457c9c038c7cbb",
            "security_group_rule_id": "sgr-0cf2ca77b35799e41",
            "tags": null,
            "tags_all": {},
            "to_port": null
          },
          "sensitive_attributes": [],
          "dependencies": [
            "module.eksModule.aws_eks_cluster.cluster",
            "module.eksModule.aws_iam_role.eks_cluster_role",
            "module.eksModule.aws_iam_role_policy_attachment.AmazonEKSClusterPolicy",
            "module.eksModule.aws_iam_role_policy_attachment.AmazonEksVPCResourceController",
            "module.vpcModule.aws_subnet.public",
            "module.vpcModule.aws_vpc.main",
            "module.vpcModule.data.aws_availability_zones.available"
          ]
        }
      ]
    },
    {
      "module": "module.pipelineModule",
      "mode": "data",
      "type": "aws_ami",
      "name": "jenkins",
      "provider": "provider[\"registry.terraform.io/hashicorp/aws\"]",
      "instances": [
        {
          "schema_version": 0,
          "attributes": {
            "architecture": "x86_64",
            "arn": "arn:aws:ec2:us-east-1::image/ami-01f5a0b78d6089704",
            "block_device_mappings": [
              {
                "device_name": "/dev/xvda",
                "ebs": {
                  "delete_on_termination": "true",
                  "encrypted": "false",
                  "iops": "0",
                  "snapshot_id": "snap-0d7e5f888fca4aaa6",
                  "throughput": "0",
                  "volume_size": "8",
                  "volume_type": "gp2"
                },
                "no_device": "",
                "virtual_name": ""
              }
            ],
            "boot_mode": "",
            "creation_date": "2025-03-05T01:36:07.000Z",
            "deprecation_time": "2025-07-01T00:00:00.000Z",
            "description": "Amazon Linux 2 AMI 2.0.20250305.0 x86_64 HVM gp2",
            "ena_support": true,
            "executable_users": null,
            "filter": [
              {
                "name": "name",
                "values": [
                  "amzn2-ami-hvm-*-x86_64-gp2"
                ]
              }
            ],
            "hypervisor": "xen",
            "id": "ami-01f5a0b78d6089704",
            "image_id": "ami-01f5a0b78d6089704",
            "image_location": "amazon/amzn2-ami-hvm-2.0.20250305.0-x86_64-gp2",
            "image_owner_alias": "amazon",
            "image_type": "machine",
            "imds_support": "",
            "include_deprecated": false,
            "kernel_id": "",
            "most_recent": true,
            "name": "amzn2-ami-hvm-2.0.20250305.0-x86_64-gp2",
            "name_regex": null,
            "owner_id": "137112412989",
            "owners": [
              "amazon"
            ],
            "platform": "",
            "platform_details": "Linux/UNIX",
            "product_codes": [],
            "public": true,
            "ramdisk_id": "",
            "root_device_name": "/dev/xvda",
            "root_device_type": "ebs",
            "root_snapshot_id": "snap-0d7e5f888fca4aaa6",
            "sriov_net_support": "simple",
            "state": "available",
            "state_reason": {
              "code": "UNSET",
              "message": "UNSET"
            },
            "tags": {},
            "timeouts": null,
            "tpm_support": "",
            "uefi_data": null,
            "usage_operation": "RunInstances",
            "virtualization_type": "hvm"
          },
          "sensitive_attributes": []
        }
      ]
    },
    {
      "module": "module.pipelineModule",
      "mode": "managed",
      "type": "aws_iam_instance_profile",
      "name": "jenkins_ec2_instance_profile",
      "provider": "provider[\"registry.terraform.io/hashicorp/aws\"]",
      "instances": [
        {
          "schema_version": 0,
          "attributes": {
            "arn": "arn:aws:iam::180294182946:instance-profile/jenkins-ec2-instance-profile",
            "create_date": "2025-03-18T14:40:59Z",
            "id": "jenkins-ec2-instance-profile",
            "name": "jenkins-ec2-instance-profile",
            "name_prefix": "",
            "path": "/",
            "role": "jenkins-ec2-role",
            "tags": {},
            "tags_all": {},
            "unique_id": "AIPAST6S65ARGJ7II65GE"
          },
          "sensitive_attributes": [],
          "private": "bnVsbA==",
          "dependencies": [
            "module.pipelineModule.aws_iam_role.jenkins_ec2_role"
          ]
        }
      ]
    },
    {
      "module": "module.pipelineModule",
      "mode": "managed",
      "type": "aws_iam_role",
      "name": "jenkins_ec2_role",
      "provider": "provider[\"registry.terraform.io/hashicorp/aws\"]",
      "instances": [
        {
          "schema_version": 0,
          "attributes": {
            "arn": "arn:aws:iam::180294182946:role/jenkins-ec2-role",
            "assume_role_policy": "{\"Statement\":[{\"Action\":\"sts:AssumeRole\",\"Effect\":\"Allow\",\"Principal\":{\"Service\":\"ec2.amazonaws.com\"}}],\"Version\":\"2012-10-17\"}",
            "create_date": "2025-03-18T14:25:59Z",
            "description": "",
            "force_detach_policies": false,
            "id": "jenkins-ec2-role",
            "inline_policy": [],
            "managed_policy_arns": [
              "arn:aws:iam::aws:policy/CloudWatchLogsFullAccess"
            ],
            "max_session_duration": 3600,
            "name": "jenkins-ec2-role",
            "name_prefix": "",
            "path": "/",
            "permissions_boundary": "",
            "tags": {},
            "tags_all": {},
            "unique_id": "AROAST6S65ARCY5DI6EV6"
          },
          "sensitive_attributes": [],
          "private": "bnVsbA=="
        }
      ]
    },
    {
      "module": "module.pipelineModule",
      "mode": "managed",
      "type": "aws_iam_role_policy_attachment",
      "name": "jenkins_ec2_cloudwatch_logs",
      "provider": "provider[\"registry.terraform.io/hashicorp/aws\"]",
      "instances": [
        {
          "schema_version": 0,
          "attributes": {
            "id": "jenkins-ec2-role-2025031814260919900000000a",
            "policy_arn": "arn:aws:iam::aws:policy/CloudWatchLogsFullAccess",
            "role": "jenkins-ec2-role"
          },
          "sensitive_attributes": [],
          "private": "bnVsbA==",
          "dependencies": [
            "module.pipelineModule.aws_iam_role.jenkins_ec2_role"
          ]
        }
      ]
    },
    {
      "module": "module.pipelineModule",
      "mode": "managed",
      "type": "aws_instance",
      "name": "jenkins",
      "provider": "provider[\"registry.terraform.io/hashicorp/aws\"]",
      "instances": [
        {
          "schema_version": 1,
          "attributes": {
            "ami": "ami-01f5a0b78d6089704",
            "arn": "arn:aws:ec2:us-east-1:180294182946:instance/i-05247203429eeca0f",
            "associate_public_ip_address": true,
            "availability_zone": "us-east-1a",
            "capacity_reservation_specification": [
              {
                "capacity_reservation_preference": "open",
                "capacity_reservation_target": []
              }
            ],
            "cpu_core_count": 1,
            "cpu_options": [
              {
                "amd_sev_snp": "",
                "core_count": 1,
                "threads_per_core": 1
              }
            ],
            "cpu_threads_per_core": 1,
            "credit_specification": [
              {
                "cpu_credits": "standard"
              }
            ],
            "disable_api_stop": false,
            "disable_api_termination": false,
            "ebs_block_device": [],
            "ebs_optimized": false,
            "enable_primary_ipv6": null,
            "enclave_options": [
              {
                "enabled": false
              }
            ],
            "ephemeral_block_device": [],
            "get_password_data": false,
            "hibernation": false,
            "host_id": "",
            "host_resource_group_arn": null,
            "iam_instance_profile": "jenkins-ec2-instance-profile",
            "id": "i-05247203429eeca0f",
            "instance_initiated_shutdown_behavior": "stop",
            "instance_lifecycle": "",
            "instance_market_options": [],
            "instance_state": "running",
            "instance_type": "t2.small",
            "ipv6_address_count": 0,
            "ipv6_addresses": [],
            "key_name": "pipelineKey",
            "launch_template": [],
            "maintenance_options": [
              {
                "auto_recovery": "default"
              }
            ],
            "metadata_options": [
              {
                "http_endpoint": "enabled",
                "http_protocol_ipv6": "disabled",
                "http_put_response_hop_limit": 1,
                "http_tokens": "optional",
                "instance_metadata_tags": "disabled"
              }
            ],
            "monitoring": false,
            "network_interface": [],
            "outpost_arn": "",
            "password_data": "",
            "placement_group": "",
            "placement_partition_number": 0,
            "primary_network_interface_id": "eni-01336bdce16a882b8",
            "private_dns": "ip-10-0-0-43.ec2.internal",
            "private_dns_name_options": [
              {
                "enable_resource_name_dns_a_record": false,
                "enable_resource_name_dns_aaaa_record": false,
                "hostname_type": "ip-name"
              }
            ],
            "private_ip": "10.0.0.43",
            "public_dns": "ec2-100-24-105-161.compute-1.amazonaws.com",
            "public_ip": "100.24.105.161",
            "root_block_device": [
              {
                "delete_on_termination": true,
                "device_name": "/dev/xvda",
                "encrypted": false,
                "iops": 100,
                "kms_key_id": "",
                "tags": {},
                "tags_all": {},
                "throughput": 0,
                "volume_id": "vol-0fe80338495d6766c",
                "volume_size": 8,
                "volume_type": "gp2"
              }
            ],
            "secondary_private_ips": [],
            "security_groups": [],
            "source_dest_check": true,
            "spot_instance_request_id": "",
            "subnet_id": "subnet-084d995c182c4d668",
            "tags": {
              "Name": "jenkins"
            },
            "tags_all": {
              "Name": "jenkins"
            },
            "tenancy": "default",
            "timeouts": null,
            "user_data": null,
            "user_data_base64": null,
            "user_data_replace_on_change": false,
            "volume_tags": null,
            "vpc_security_group_ids": [
              "sg-066828b64d009fbcf"
            ]
          },
          "sensitive_attributes": [],
          "private": "eyJlMmJmYjczMC1lY2FhLTExZTYtOGY4OC0zNDM2M2JjN2M0YzAiOnsiY3JlYXRlIjo2MDAwMDAwMDAwMDAsImRlbGV0ZSI6MTIwMDAwMDAwMDAwMCwicmVhZCI6OTAwMDAwMDAwMDAwLCJ1cGRhdGUiOjYwMDAwMDAwMDAwMH0sInNjaGVtYV92ZXJzaW9uIjoiMSJ9",
          "dependencies": [
            "module.pipelineModule.aws_iam_instance_profile.jenkins_ec2_instance_profile",
            "module.pipelineModule.aws_iam_role.jenkins_ec2_role",
            "module.pipelineModule.aws_key_pair.pipeline",
            "module.pipelineModule.data.aws_ami.jenkins",
            "module.vpcModule.aws_security_group.sg",
            "module.vpcModule.aws_subnet.public",
            "module.vpcModule.aws_vpc.main",
            "module.vpcModule.data.aws_availability_zones.available"
          ]
        }
      ]
    },
    {
      "module": "module.pipelineModule",
      "mode": "managed",
      "type": "aws_key_pair",
      "name": "pipeline",
      "provider": "provider[\"registry.terraform.io/hashicorp/aws\"]",
      "instances": [
        {
          "schema_version": 1,
          "attributes": {
            "arn": "arn:aws:ec2:us-east-1:180294182946:key-pair/pipelineKey",
            "fingerprint": "BIe68G7/H8ZZOkPTXgzJIbp6vBFt+yyj6hu/fU50APc=",
            "id": "pipelineKey",
            "key_name": "pipelineKey",
            "key_name_prefix": "",
            "key_pair_id": "key-018cee48e0ca6bd8f",
            "key_type": "ed25519",
            "public_key": "ssh-ed25519 AAAAC3NzaC1lZDI1NTE5AAAAIAiee4vBTbei/1VMPR3bKkMZFlpmHyTEtG6TgbfrDZ5b pipeline-2025-03-07",
            "tags": {},
            "tags_all": {}
          },
          "sensitive_attributes": [],
          "private": "eyJzY2hlbWFfdmVyc2lvbiI6IjEifQ=="
        }
      ]
    },
    {
      "module": "module.s3Module",
      "mode": "data",
      "type": "aws_caller_identity",
      "name": "current",
      "provider": "provider[\"registry.terraform.io/hashicorp/aws\"]",
      "instances": [
        {
          "schema_version": 0,
          "attributes": {
            "account_id": "180294182946",
            "arn": "arn:aws:iam::180294182946:user/A7med",
            "id": "180294182946",
            "user_id": "AIDAST6S65ARJZNTTH3IY"
          },
          "sensitive_attributes": []
        }
      ]
    },
    {
      "module": "module.s3Module",
      "mode": "managed",
      "type": "aws_dynamodb_table",
      "name": "terraform_lock",
      "provider": "provider[\"registry.terraform.io/hashicorp/aws\"]",
      "instances": []
    },
    {
      "module": "module.s3Module",
      "mode": "managed",
      "type": "aws_s3_bucket_policy",
      "name": "elb_logs",
      "provider": "provider[\"registry.terraform.io/hashicorp/aws\"]",
      "instances": [
        {
          "index_key": 0,
          "schema_version": 0,
          "attributes": {
            "bucket": "application-registry-b6f8",
            "id": "application-registry-b6f8",
            "policy": "{\"Statement\":[{\"Action\":\"s3:PutObject\",\"Effect\":\"Allow\",\"Principal\":{\"AWS\":\"arn:aws:iam::180294182946:root\"},\"Resource\":\"arn:aws:s3:::application-registry-b6f8/*\",\"Sid\":\"AllowELBWrite\"},{\"Action\":\"s3:*\",\"Condition\":{\"Bool\":{\"aws:SecureTransport\":\"false\"}},\"Effect\":\"Deny\",\"Principal\":\"*\",\"Resource\":\"arn:aws:s3:::application-registry-b6f8/*\",\"Sid\":\"SSLOnly\"}],\"Version\":\"2012-10-17\"}"
          },
          "sensitive_attributes": [],
          "private": "bnVsbA==",
          "dependencies": [
            "module.s3Module.aws_s3_bucket.main",
            "module.s3Module.data.aws_caller_identity.current",
            "random_id.bucket_suffix"
          ]
        }
      ]
    },
    {
      "module": "module.s3Module",
      "mode": "managed",
      "type": "aws_s3_bucket_server_side_encryption_configuration",
      "name": "backend",
      "provider": "provider[\"registry.terraform.io/hashicorp/aws\"]",
      "instances": []
    },
    {
      "module": "module.s3Module",
      "mode": "managed",
      "type": "aws_s3_bucket_versioning",
      "name": "backend",
      "provider": "provider[\"registry.terraform.io/hashicorp/aws\"]",
      "instances": []
    },
    {
      "module": "module.vpcModule",
      "mode": "data",
      "type": "aws_availability_zones",
      "name": "available",
      "provider": "provider[\"registry.terraform.io/hashicorp/aws\"]",
      "instances": [
        {
          "schema_version": 0,
          "attributes": {
            "all_availability_zones": null,
            "exclude_names": null,
            "exclude_zone_ids": null,
            "filter": null,
            "group_names": [
              "us-east-1-zg-1"
            ],
            "id": "us-east-1",
            "names": [
              "us-east-1a",
              "us-east-1b",
              "us-east-1c",
              "us-east-1d",
              "us-east-1e",
              "us-east-1f"
            ],
            "state": "available",
            "timeouts": null,
            "zone_ids": [
              "use1-az1",
              "use1-az2",
              "use1-az4",
              "use1-az6",
              "use1-az3",
              "use1-az5"
            ]
          },
          "sensitive_attributes": []
        }
      ]
    },
    {
      "module": "module.vpcModule",
      "mode": "managed",
      "type": "aws_internet_gateway",
      "name": "main",
      "provider": "provider[\"registry.terraform.io/hashicorp/aws\"]",
      "instances": [
        {
          "schema_version": 0,
          "attributes": {
            "arn": "arn:aws:ec2:us-east-1:180294182946:internet-gateway/igw-0b47704f951c6d503",
            "id": "igw-0b47704f951c6d503",
            "owner_id": "180294182946",
            "tags": {
              "Name": "todo-igw"
            },
            "tags_all": {
              "Name": "todo-igw"
            },
            "timeouts": null,
            "vpc_id": "vpc-0a5aadb804d5bf9e6"
          },
          "sensitive_attributes": [],
          "private": "eyJlMmJmYjczMC1lY2FhLTExZTYtOGY4OC0zNDM2M2JjN2M0YzAiOnsiY3JlYXRlIjoxMjAwMDAwMDAwMDAwLCJkZWxldGUiOjEyMDAwMDAwMDAwMDAsInVwZGF0ZSI6MTIwMDAwMDAwMDAwMH19",
          "dependencies": [
            "module.vpcModule.aws_vpc.main"
          ]
        }
      ]
    },
    {
      "module": "module.vpcModule",
      "mode": "managed",
      "type": "aws_route_table",
      "name": "public",
      "provider": "provider[\"registry.terraform.io/hashicorp/aws\"]",
      "instances": [
        {
          "schema_version": 0,
          "attributes": {
            "arn": "arn:aws:ec2:us-east-1:180294182946:route-table/rtb-04a7a06cc6518f832",
            "id": "rtb-04a7a06cc6518f832",
            "owner_id": "180294182946",
            "propagating_vgws": [],
            "route": [
              {
                "carrier_gateway_id": "",
                "cidr_block": "0.0.0.0/0",
                "core_network_arn": "",
                "destination_prefix_list_id": "",
                "egress_only_gateway_id": "",
                "gateway_id": "igw-0b47704f951c6d503",
                "ipv6_cidr_block": "",
                "local_gateway_id": "",
                "nat_gateway_id": "",
                "network_interface_id": "",
                "transit_gateway_id": "",
                "vpc_endpoint_id": "",
                "vpc_peering_connection_id": ""
              }
            ],
            "tags": {
              "Name": "todo-public-rt"
            },
            "tags_all": {
              "Name": "todo-public-rt"
            },
            "timeouts": null,
            "vpc_id": "vpc-0a5aadb804d5bf9e6"
          },
          "sensitive_attributes": [],
          "private": "eyJlMmJmYjczMC1lY2FhLTExZTYtOGY4OC0zNDM2M2JjN2M0YzAiOnsiY3JlYXRlIjozMDAwMDAwMDAwMDAsImRlbGV0ZSI6MzAwMDAwMDAwMDAwLCJ1cGRhdGUiOjEyMDAwMDAwMDAwMH19",
          "dependencies": [
            "module.vpcModule.aws_internet_gateway.main",
            "module.vpcModule.aws_vpc.main"
          ]
        }
      ]
    },
    {
      "module": "module.vpcModule",
      "mode": "managed",
      "type": "aws_route_table_association",
      "name": "public",
      "provider": "provider[\"registry.terraform.io/hashicorp/aws\"]",
      "instances": [
        {
          "index_key": "0",
          "schema_version": 0,
          "attributes": {
            "gateway_id": "",
            "id": "rtbassoc-09a00e2c503c8368b",
            "route_table_id": "rtb-04a7a06cc6518f832",
            "subnet_id": "subnet-084d995c182c4d668",
            "timeouts": null
          },
          "sensitive_attributes": [],
          "private": "eyJlMmJmYjczMC1lY2FhLTExZTYtOGY4OC0zNDM2M2JjN2M0YzAiOnsiY3JlYXRlIjozMDAwMDAwMDAwMDAsImRlbGV0ZSI6MzAwMDAwMDAwMDAwLCJ1cGRhdGUiOjEyMDAwMDAwMDAwMH19",
          "dependencies": [
            "module.vpcModule.aws_internet_gateway.main",
            "module.vpcModule.aws_route_table.public",
            "module.vpcModule.aws_subnet.public",
            "module.vpcModule.aws_vpc.main",
            "module.vpcModule.data.aws_availability_zones.available"
          ]
        },
        {
          "index_key": "1",
          "schema_version": 0,
          "attributes": {
            "gateway_id": "",
            "id": "rtbassoc-0a65c967fd071d3d6",
            "route_table_id": "rtb-04a7a06cc6518f832",
            "subnet_id": "subnet-071c0f4bc74b551b6",
            "timeouts": null
          },
          "sensitive_attributes": [],
          "private": "eyJlMmJmYjczMC1lY2FhLTExZTYtOGY4OC0zNDM2M2JjN2M0YzAiOnsiY3JlYXRlIjozMDAwMDAwMDAwMDAsImRlbGV0ZSI6MzAwMDAwMDAwMDAwLCJ1cGRhdGUiOjEyMDAwMDAwMDAwMH19",
          "dependencies": [
            "module.vpcModule.aws_internet_gateway.main",
            "module.vpcModule.aws_route_table.public",
            "module.vpcModule.aws_subnet.public",
            "module.vpcModule.aws_vpc.main",
            "module.vpcModule.data.aws_availability_zones.available"
          ]
        },
        {
          "index_key": "2",
          "schema_version": 0,
          "attributes": {
            "gateway_id": "",
            "id": "rtbassoc-036e3d29dae09feb5",
            "route_table_id": "rtb-04a7a06cc6518f832",
            "subnet_id": "subnet-0946671c4ba5c20bc",
            "timeouts": null
          },
          "sensitive_attributes": [],
          "private": "eyJlMmJmYjczMC1lY2FhLTExZTYtOGY4OC0zNDM2M2JjN2M0YzAiOnsiY3JlYXRlIjozMDAwMDAwMDAwMDAsImRlbGV0ZSI6MzAwMDAwMDAwMDAwLCJ1cGRhdGUiOjEyMDAwMDAwMDAwMH19",
          "dependencies": [
            "module.vpcModule.aws_internet_gateway.main",
            "module.vpcModule.aws_route_table.public",
            "module.vpcModule.aws_subnet.public",
            "module.vpcModule.aws_vpc.main",
            "module.vpcModule.data.aws_availability_zones.available"
          ]
        }
      ]
    },
    {
      "module": "module.vpcModule",
      "mode": "managed",
      "type": "aws_security_group",
      "name": "sg",
      "provider": "provider[\"registry.terraform.io/hashicorp/aws\"]",
      "instances": [
        {
          "schema_version": 1,
          "attributes": {
            "arn": "arn:aws:ec2:us-east-1:180294182946:security-group/sg-066828b64d009fbcf",
            "description": "Allow all traffic",
            "egress": [],
            "id": "sg-066828b64d009fbcf",
            "ingress": [
              {
                "cidr_blocks": [
                  "0.0.0.0/0"
                ],
                "description": "",
                "from_port": 0,
                "ipv6_cidr_blocks": [],
                "prefix_list_ids": [],
                "protocol": "-1",
                "security_groups": [],
                "self": false,
                "to_port": 0
              }
            ],
            "name": "todo-sg",
            "name_prefix": "",
            "owner_id": "180294182946",
            "revoke_rules_on_delete": false,
            "tags": {
              "Name": "todo-sg"
            },
            "tags_all": {
              "Name": "todo-sg"
            },
            "timeouts": null,
            "vpc_id": "vpc-0a5aadb804d5bf9e6"
          },
          "sensitive_attributes": [],
          "private": "eyJlMmJmYjczMC1lY2FhLTExZTYtOGY4OC0zNDM2M2JjN2M0YzAiOnsiY3JlYXRlIjo2MDAwMDAwMDAwMDAsImRlbGV0ZSI6OTAwMDAwMDAwMDAwfSwic2NoZW1hX3ZlcnNpb24iOiIxIn0=",
          "dependencies": [
            "module.vpcModule.aws_vpc.main"
          ],
          "create_before_destroy": true
        }
      ]
    },
    {
      "module": "module.vpcModule",
      "mode": "managed",
      "type": "aws_subnet",
      "name": "public",
      "provider": "provider[\"registry.terraform.io/hashicorp/aws\"]",
      "instances": [
        {
          "index_key": "0",
          "schema_version": 1,
          "attributes": {
            "arn": "arn:aws:ec2:us-east-1:180294182946:subnet/subnet-084d995c182c4d668",
            "assign_ipv6_address_on_creation": false,
            "availability_zone": "us-east-1a",
            "availability_zone_id": "use1-az1",
            "cidr_block": "10.0.0.0/24",
            "customer_owned_ipv4_pool": "",
            "enable_dns64": false,
            "enable_lni_at_device_index": 0,
            "enable_resource_name_dns_a_record_on_launch": false,
            "enable_resource_name_dns_aaaa_record_on_launch": false,
            "id": "subnet-084d995c182c4d668",
            "ipv6_cidr_block": "",
            "ipv6_cidr_block_association_id": "",
            "ipv6_native": false,
            "map_customer_owned_ip_on_launch": false,
            "map_public_ip_on_launch": true,
            "outpost_arn": "",
            "owner_id": "180294182946",
            "private_dns_hostname_type_on_launch": "ip-name",
            "tags": {
              "Name": "todo-public-us-east-1a"
            },
            "tags_all": {
              "Name": "todo-public-us-east-1a"
            },
            "timeouts": null,
            "vpc_id": "vpc-0a5aadb804d5bf9e6"
          },
          "sensitive_attributes": [],
          "private": "eyJlMmJmYjczMC1lY2FhLTExZTYtOGY4OC0zNDM2M2JjN2M0YzAiOnsiY3JlYXRlIjo2MDAwMDAwMDAwMDAsImRlbGV0ZSI6MTIwMDAwMDAwMDAwMH0sInNjaGVtYV92ZXJzaW9uIjoiMSJ9",
          "dependencies": [
            "module.vpcModule.aws_vpc.main",
            "module.vpcModule.data.aws_availability_zones.available"
          ]
        },
        {
          "index_key": "1",
          "schema_version": 1,
          "attributes": {
            "arn": "arn:aws:ec2:us-east-1:180294182946:subnet/subnet-071c0f4bc74b551b6",
            "assign_ipv6_address_on_creation": false,
            "availability_zone": "us-east-1b",
            "availability_zone_id": "use1-az2",
            "cidr_block": "10.0.1.0/24",
            "customer_owned_ipv4_pool": "",
            "enable_dns64": false,
            "enable_lni_at_device_index": 0,
            "enable_resource_name_dns_a_record_on_launch": false,
            "enable_resource_name_dns_aaaa_record_on_launch": false,
            "id": "subnet-071c0f4bc74b551b6",
            "ipv6_cidr_block": "",
            "ipv6_cidr_block_association_id": "",
            "ipv6_native": false,
            "map_customer_owned_ip_on_launch": false,
            "map_public_ip_on_launch": true,
            "outpost_arn": "",
            "owner_id": "180294182946",
            "private_dns_hostname_type_on_launch": "ip-name",
            "tags": {
              "Name": "todo-public-us-east-1b"
            },
            "tags_all": {
              "Name": "todo-public-us-east-1b"
            },
            "timeouts": null,
            "vpc_id": "vpc-0a5aadb804d5bf9e6"
          },
          "sensitive_attributes": [],
          "private": "eyJlMmJmYjczMC1lY2FhLTExZTYtOGY4OC0zNDM2M2JjN2M0YzAiOnsiY3JlYXRlIjo2MDAwMDAwMDAwMDAsImRlbGV0ZSI6MTIwMDAwMDAwMDAwMH0sInNjaGVtYV92ZXJzaW9uIjoiMSJ9",
          "dependencies": [
            "module.vpcModule.aws_vpc.main",
            "module.vpcModule.data.aws_availability_zones.available"
          ]
        },
        {
          "index_key": "2",
          "schema_version": 1,
          "attributes": {
            "arn": "arn:aws:ec2:us-east-1:180294182946:subnet/subnet-0946671c4ba5c20bc",
            "assign_ipv6_address_on_creation": false,
            "availability_zone": "us-east-1c",
            "availability_zone_id": "use1-az4",
            "cidr_block": "10.0.2.0/24",
            "customer_owned_ipv4_pool": "",
            "enable_dns64": false,
            "enable_lni_at_device_index": 0,
            "enable_resource_name_dns_a_record_on_launch": false,
            "enable_resource_name_dns_aaaa_record_on_launch": false,
            "id": "subnet-0946671c4ba5c20bc",
            "ipv6_cidr_block": "",
            "ipv6_cidr_block_association_id": "",
            "ipv6_native": false,
            "map_customer_owned_ip_on_launch": false,
            "map_public_ip_on_launch": true,
            "outpost_arn": "",
            "owner_id": "180294182946",
            "private_dns_hostname_type_on_launch": "ip-name",
            "tags": {
              "Name": "todo-public-us-east-1c"
            },
            "tags_all": {
              "Name": "todo-public-us-east-1c"
            },
            "timeouts": null,
            "vpc_id": "vpc-0a5aadb804d5bf9e6"
          },
          "sensitive_attributes": [],
          "private": "eyJlMmJmYjczMC1lY2FhLTExZTYtOGY4OC0zNDM2M2JjN2M0YzAiOnsiY3JlYXRlIjo2MDAwMDAwMDAwMDAsImRlbGV0ZSI6MTIwMDAwMDAwMDAwMH0sInNjaGVtYV92ZXJzaW9uIjoiMSJ9",
          "dependencies": [
            "module.vpcModule.aws_vpc.main",
            "module.vpcModule.data.aws_availability_zones.available"
          ]
        }
      ]
    },
    {
      "module": "module.vpcModule",
      "mode": "managed",
      "type": "aws_vpc",
      "name": "main",
      "provider": "provider[\"registry.terraform.io/hashicorp/aws\"]",
      "instances": [
        {
          "schema_version": 1,
          "attributes": {
            "arn": "arn:aws:ec2:us-east-1:180294182946:vpc/vpc-0a5aadb804d5bf9e6",
            "assign_generated_ipv6_cidr_block": false,
            "cidr_block": "10.0.0.0/16",
            "default_network_acl_id": "acl-0c130deeb1c27065d",
            "default_route_table_id": "rtb-0a451ebe27a3e034e",
            "default_security_group_id": "sg-07d172e5f9d2d154a",
            "dhcp_options_id": "dopt-0a104e634261047ad",
            "enable_dns_hostnames": true,
            "enable_dns_support": true,
            "enable_network_address_usage_metrics": false,
            "id": "vpc-0a5aadb804d5bf9e6",
            "instance_tenancy": "default",
            "ipv4_ipam_pool_id": null,
            "ipv4_netmask_length": null,
            "ipv6_association_id": "",
            "ipv6_cidr_block": "",
            "ipv6_cidr_block_network_border_group": "",
            "ipv6_ipam_pool_id": "",
            "ipv6_netmask_length": 0,
            "main_route_table_id": "rtb-0a451ebe27a3e034e",
            "owner_id": "180294182946",
            "tags": {
              "Name": "todo-vpc"
            },
            "tags_all": {
              "Name": "todo-vpc"
            }
          },
          "sensitive_attributes": [],
          "private": "eyJzY2hlbWFfdmVyc2lvbiI6IjEifQ==",
          "create_before_destroy": true
        }
      ]
    },
    {
      "module": "module.vpcModule",
      "mode": "managed",
      "type": "aws_vpc_security_group_ingress_rule",
      "name": "allow_all_traffic_ipv4",
      "provider": "provider[\"registry.terraform.io/hashicorp/aws\"]",
      "instances": [
        {
          "schema_version": 0,
          "attributes": {
            "arn": "arn:aws:ec2:us-east-1:180294182946:security-group-rule/sgr-03b3cabd15025405f",
            "cidr_ipv4": "0.0.0.0/0",
            "cidr_ipv6": null,
            "description": null,
            "from_port": null,
            "id": "sgr-03b3cabd15025405f",
            "ip_protocol": "-1",
            "prefix_list_id": null,
            "referenced_security_group_id": null,
            "security_group_id": "sg-066828b64d009fbcf",
            "security_group_rule_id": "sgr-03b3cabd15025405f",
            "tags": null,
            "tags_all": {},
            "to_port": null
          },
          "sensitive_attributes": [],
          "dependencies": [
            "module.vpcModule.aws_security_group.sg",
            "module.vpcModule.aws_vpc.main"
          ],
          "create_before_destroy": true
        }
      ]
    }
  ],
  "check_results": null
}

