{"format_version":"1.2","terraform_version":"1.11.1","variables":{"cluster_name":{"value":"zephyr-eks"},"project_name":{"value":"TodoSphere"},"public_key_path":{"value":"./keys/pipelineKey.pub"}},"planned_values":{"root_module":{"resources":[{"address":"random_id.suffix","mode":"managed","type":"random_id","name":"suffix","provider_name":"registry.terraform.io/hashicorp/random","schema_version":0,"values":{"byte_length":4,"keepers":null,"prefix":null},"sensitive_values":{}}],"child_modules":[{"resources":[{"address":"module.backupModule.aws_backup_plan.pipeline_plan","mode":"managed","type":"aws_backup_plan","name":"pipeline_plan","provider_name":"registry.terraform.io/hashicorp/aws","schema_version":1,"values":{"advanced_backup_setting":[],"name":"backup-plan","rule":[{"completion_window":120,"copy_action":[],"enable_continuous_backup":false,"lifecycle":[{"cold_storage_after":null,"delete_after":14}],"recovery_point_tags":null,"rule_name":"backup-rule","schedule":"cron(0 12 * * ? *)","schedule_expression_timezone":"Etc/UTC","start_window":60,"target_vault_name":"Default"}],"tags":null},"sensitive_values":{"advanced_backup_setting":[],"rule":[{"copy_action":[],"lifecycle":[{}]}],"tags_all":{}}},{"address":"module.backupModule.aws_backup_selection.resource_selection","mode":"managed","type":"aws_backup_selection","name":"resource_selection","provider_name":"registry.terraform.io/hashicorp/aws","schema_version":0,"values":{"name":"resources-selection","selection_tag":[]},"sensitive_values":{"condition":[],"not_resources":[],"resources":[],"selection_tag":[]}},{"address":"module.backupModule.aws_iam_role.backup_role","mode":"managed","type":"aws_iam_role","name":"backup_role","provider_name":"registry.terraform.io/hashicorp/aws","schema_version":0,"values":{"assume_role_policy":"{\"Statement\":[{\"Action\":\"sts:AssumeRole\",\"Effect\":\"Allow\",\"Principal\":{\"Service\":\"backup.amazonaws.com\"}}],\"Version\":\"2012-10-17\"}","description":null,"force_detach_policies":false,"max_session_duration":3600,"name":"backup-role","path":"/","permissions_boundary":null,"tags":null},"sensitive_values":{"inline_policy":[],"managed_policy_arns":[],"tags_all":{}}},{"address":"module.backupModule.aws_iam_role_policy_attachment.backup_policy","mode":"managed","type":"aws_iam_role_policy_attachment","name":"backup_policy","provider_name":"registry.terraform.io/hashicorp/aws","schema_version":0,"values":{"policy_arn":"arn:aws:iam::aws:policy/service-role/AWSBackupServiceRolePolicyForBackup","role":"backup-role"},"sensitive_values":{}}],"address":"module.backupModule"},{"resources":[{"address":"module.ecrModule.aws_ecrpublic_repository.backend","mode":"managed","type":"aws_ecrpublic_repository","name":"backend","provider_name":"registry.terraform.io/hashicorp/aws","schema_version":0,"values":{"catalog_data":[],"force_destroy":false,"repository_name":"backend","tags":{"Name":"backend"},"tags_all":{"Name":"backend"},"timeouts":null},"sensitive_values":{"catalog_data":[],"tags":{},"tags_all":{}}},{"address":"module.ecrModule.aws_ecrpublic_repository.frontend","mode":"managed","type":"aws_ecrpublic_repository","name":"frontend","provider_name":"registry.terraform.io/hashicorp/aws","schema_version":0,"values":{"catalog_data":[],"force_destroy":false,"repository_name":"frontend","tags":{"Name":"frontend"},"tags_all":{"Name":"frontend"},"timeouts":null},"sensitive_values":{"catalog_data":[],"tags":{},"tags_all":{}}}],"address":"module.ecrModule"},{"resources":[{"address":"module.eksModule.aws_eks_cluster.cluster","mode":"managed","type":"aws_eks_cluster","name":"cluster","provider_name":"registry.terraform.io/hashicorp/aws","schema_version":1,"values":{"bootstrap_self_managed_addons":true,"compute_config":[],"enabled_cluster_log_types":null,"encryption_config":[],"name":"zephyr-eks","outpost_config":[],"remote_network_config":[],"storage_config":[],"tags":null,"timeouts":null,"vpc_config":[{"endpoint_private_access":false,"endpoint_public_access":true,"security_group_ids":null}],"zonal_shift_config":[]},"sensitive_values":{"access_config":[],"certificate_authority":[],"compute_config":[],"encryption_config":[],"identity":[],"kubernetes_network_config":[],"outpost_config":[],"remote_network_config":[],"storage_config":[],"tags_all":{},"upgrade_policy":[],"vpc_config":[{"public_access_cidrs":[],"subnet_ids":[]}],"zonal_shift_config":[]}},{"address":"module.eksModule.aws_eks_node_group.node_group","mode":"managed","type":"aws_eks_node_group","name":"node_group","provider_name":"registry.terraform.io/hashicorp/aws","schema_version":0,"values":{"capacity_type":"SPOT","cluster_name":"zephyr-eks","disk_size":20,"force_update_version":null,"instance_types":["t3.medium"],"labels":null,"launch_template":[],"node_group_name":"node_group","remote_access":[],"scaling_config":[{"desired_size":2,"max_size":2,"min_size":2}],"tags":{"Name":"node_group"},"tags_all":{"Name":"node_group"},"taint":[],"timeouts":null},"sensitive_values":{"instance_types":[false],"launch_template":[],"node_repair_config":[],"remote_access":[],"resources":[],"scaling_config":[{}],"subnet_ids":[],"tags":{},"tags_all":{},"taint":[],"update_config":[]}},{"address":"module.eksModule.aws_iam_policy.awsloadbalancercontroller","mode":"managed","type":"aws_iam_policy","name":"awsloadbalancercontroller","provider_name":"registry.terraform.io/hashicorp/aws","schema_version":0,"values":{"description":"AWS Load Balancer Controller Policy","name":"awsloadbalancercontroller","path":"/","policy":"{\"Statement\":[{\"Action\":[\"iam:CreateServiceLinkedRole\"],\"Condition\":{\"StringEquals\":{\"iam:AWSServiceName\":\"elasticloadbalancing.amazonaws.com\"}},\"Effect\":\"Allow\",\"Resource\":\"*\"},{\"Action\":[\"ec2:DescribeAccountAttributes\",\"ec2:DescribeAddresses\",\"ec2:DescribeAvailabilityZones\",\"ec2:DescribeInternetGateways\",\"ec2:DescribeVpcs\",\"ec2:DescribeVpcPeeringConnections\",\"ec2:DescribeSubnets\",\"ec2:DescribeSecurityGroups\",\"ec2:DescribeInstances\",\"ec2:DescribeNetworkInterfaces\",\"ec2:DescribeTags\",\"ec2:GetCoipPoolUsage\",\"ec2:DescribeCoipPools\",\"ec2:GetSecurityGroupsForVpc\",\"elasticloadbalancing:DescribeLoadBalancers\",\"elasticloadbalancing:DescribeLoadBalancerAttributes\",\"elasticloadbalancing:DescribeListeners\",\"elasticloadbalancing:DescribeListenerCertificates\",\"elasticloadbalancing:DescribeSSLPolicies\",\"elasticloadbalancing:DescribeRules\",\"elasticloadbalancing:DescribeTargetGroups\",\"elasticloadbalancing:DescribeTargetGroupAttributes\",\"elasticloadbalancing:DescribeTargetHealth\",\"elasticloadbalancing:DescribeTags\",\"elasticloadbalancing:DescribeTrustStores\",\"elasticloadbalancing:DescribeListenerAttributes\",\"elasticloadbalancing:DescribeCapacityReservation\"],\"Effect\":\"Allow\",\"Resource\":\"*\"},{\"Action\":[\"cognito-idp:DescribeUserPoolClient\",\"acm:ListCertificates\",\"acm:DescribeCertificate\",\"iam:ListServerCertificates\",\"iam:GetServerCertificate\",\"waf-regional:GetWebACL\",\"waf-regional:GetWebACLForResource\",\"waf-regional:AssociateWebACL\",\"waf-regional:DisassociateWebACL\",\"wafv2:GetWebACL\",\"wafv2:GetWebACLForResource\",\"wafv2:AssociateWebACL\",\"wafv2:DisassociateWebACL\",\"shield:GetSubscriptionState\",\"shield:DescribeProtection\",\"shield:CreateProtection\",\"shield:DeleteProtection\"],\"Effect\":\"Allow\",\"Resource\":\"*\"},{\"Action\":[\"ec2:AuthorizeSecurityGroupIngress\",\"ec2:RevokeSecurityGroupIngress\"],\"Effect\":\"Allow\",\"Resource\":\"*\"},{\"Action\":[\"ec2:CreateSecurityGroup\"],\"Effect\":\"Allow\",\"Resource\":\"*\"},{\"Action\":[\"ec2:CreateTags\"],\"Condition\":{\"Null\":{\"aws:RequestTag/elbv2.k8s.aws/cluster\":\"false\"},\"StringEquals\":{\"ec2:CreateAction\":\"CreateSecurityGroup\"}},\"Effect\":\"Allow\",\"Resource\":\"arn:aws:ec2:*:*:security-group/*\"},{\"Action\":[\"ec2:CreateTags\",\"ec2:DeleteTags\"],\"Condition\":{\"Null\":{\"aws:RequestTag/elbv2.k8s.aws/cluster\":\"true\",\"aws:ResourceTag/elbv2.k8s.aws/cluster\":\"false\"}},\"Effect\":\"Allow\",\"Resource\":\"arn:aws:ec2:*:*:security-group/*\"},{\"Action\":[\"ec2:AuthorizeSecurityGroupIngress\",\"ec2:RevokeSecurityGroupIngress\",\"ec2:DeleteSecurityGroup\"],\"Condition\":{\"Null\":{\"aws:ResourceTag/elbv2.k8s.aws/cluster\":\"false\"}},\"Effect\":\"Allow\",\"Resource\":\"*\"},{\"Action\":[\"elasticloadbalancing:CreateLoadBalancer\",\"elasticloadbalancing:CreateTargetGroup\"],\"Condition\":{\"Null\":{\"aws:RequestTag/elbv2.k8s.aws/cluster\":\"false\"}},\"Effect\":\"Allow\",\"Resource\":\"*\"},{\"Action\":[\"elasticloadbalancing:CreateListener\",\"elasticloadbalancing:DeleteListener\",\"elasticloadbalancing:CreateRule\",\"elasticloadbalancing:DeleteRule\"],\"Effect\":\"Allow\",\"Resource\":\"*\"},{\"Action\":[\"elasticloadbalancing:AddTags\",\"elasticloadbalancing:RemoveTags\"],\"Condition\":{\"Null\":{\"aws:RequestTag/elbv2.k8s.aws/cluster\":\"true\",\"aws:ResourceTag/elbv2.k8s.aws/cluster\":\"false\"}},\"Effect\":\"Allow\",\"Resource\":[\"arn:aws:elasticloadbalancing:*:*:targetgroup/*/*\",\"arn:aws:elasticloadbalancing:*:*:loadbalancer/net/*/*\",\"arn:aws:elasticloadbalancing:*:*:loadbalancer/app/*/*\"]},{\"Action\":[\"elasticloadbalancing:AddTags\",\"elasticloadbalancing:RemoveTags\"],\"Effect\":\"Allow\",\"Resource\":[\"arn:aws:elasticloadbalancing:*:*:listener/net/*/*/*\",\"arn:aws:elasticloadbalancing:*:*:listener/app/*/*/*\",\"arn:aws:elasticloadbalancing:*:*:listener-rule/net/*/*/*\",\"arn:aws:elasticloadbalancing:*:*:listener-rule/app/*/*/*\"]},{\"Action\":[\"elasticloadbalancing:ModifyLoadBalancerAttributes\",\"elasticloadbalancing:SetIpAddressType\",\"elasticloadbalancing:SetSecurityGroups\",\"elasticloadbalancing:SetSubnets\",\"elasticloadbalancing:DeleteLoadBalancer\",\"elasticloadbalancing:ModifyTargetGroup\",\"elasticloadbalancing:ModifyTargetGroupAttributes\",\"elasticloadbalancing:DeleteTargetGroup\",\"elasticloadbalancing:ModifyListenerAttributes\",\"elasticloadbalancing:ModifyCapacityReservation\"],\"Condition\":{\"Null\":{\"aws:ResourceTag/elbv2.k8s.aws/cluster\":\"false\"}},\"Effect\":\"Allow\",\"Resource\":\"*\"},{\"Action\":[\"elasticloadbalancing:AddTags\"],\"Condition\":{\"Null\":{\"aws:RequestTag/elbv2.k8s.aws/cluster\":\"false\"},\"StringEquals\":{\"elasticloadbalancing:CreateAction\":[\"CreateTargetGroup\",\"CreateLoadBalancer\"]}},\"Effect\":\"Allow\",\"Resource\":[\"arn:aws:elasticloadbalancing:*:*:targetgroup/*/*\",\"arn:aws:elasticloadbalancing:*:*:loadbalancer/net/*/*\",\"arn:aws:elasticloadbalancing:*:*:loadbalancer/app/*/*\"]},{\"Action\":[\"elasticloadbalancing:RegisterTargets\",\"elasticloadbalancing:DeregisterTargets\"],\"Effect\":\"Allow\",\"Resource\":\"arn:aws:elasticloadbalancing:*:*:targetgroup/*/*\"},{\"Action\":[\"elasticloadbalancing:SetWebAcl\",\"elasticloadbalancing:ModifyListener\",\"elasticloadbalancing:AddListenerCertificates\",\"elasticloadbalancing:RemoveListenerCertificates\",\"elasticloadbalancing:ModifyRule\",\"elasticloadbalancing:SetRulePriorities\"],\"Effect\":\"Allow\",\"Resource\":\"*\"}],\"Version\":\"2012-10-17\"}","tags":null},"sensitive_values":{"tags_all":{}}},{"address":"module.eksModule.aws_iam_role.eks_cluster_role","mode":"managed","type":"aws_iam_role","name":"eks_cluster_role","provider_name":"registry.terraform.io/hashicorp/aws","schema_version":0,"values":{"assume_role_policy":"{\"Statement\":[{\"Action\":\"sts:AssumeRole\",\"Effect\":\"Allow\",\"Principal\":{\"Service\":\"eks.amazonaws.com\"}}],\"Version\":\"2012-10-17\"}","description":null,"force_detach_policies":false,"max_session_duration":3600,"name":"eks_cluster_role","path":"/","permissions_boundary":null,"tags":null},"sensitive_values":{"inline_policy":[],"managed_policy_arns":[],"tags_all":{}}},{"address":"module.eksModule.aws_iam_role.eks_node_role","mode":"managed","type":"aws_iam_role","name":"eks_node_role","provider_name":"registry.terraform.io/hashicorp/aws","schema_version":0,"values":{"assume_role_policy":"{\"Statement\":[{\"Action\":\"sts:AssumeRole\",\"Effect\":\"Allow\",\"Principal\":{\"Service\":\"ec2.amazonaws.com\"}}],\"Version\":\"2012-10-17\"}","description":null,"force_detach_policies":false,"max_session_duration":3600,"name":"eks_node_role","path":"/","permissions_boundary":null,"tags":null},"sensitive_values":{"inline_policy":[],"managed_policy_arns":[],"tags_all":{}}},{"address":"module.eksModule.aws_iam_role_policy_attachment.AmazonEBSCSI","mode":"managed","type":"aws_iam_role_policy_attachment","name":"AmazonEBSCSI","provider_name":"registry.terraform.io/hashicorp/aws","schema_version":0,"values":{"policy_arn":"arn:aws:iam::aws:policy/service-role/AmazonEBSCSIDriverPolicy","role":"eks_node_role"},"sensitive_values":{}},{"address":"module.eksModule.aws_iam_role_policy_attachment.AmazonEC2ContainerRegistryReadOnly","mode":"managed","type":"aws_iam_role_policy_attachment","name":"AmazonEC2ContainerRegistryReadOnly","provider_name":"registry.terraform.io/hashicorp/aws","schema_version":0,"values":{"policy_arn":"arn:aws:iam::aws:policy/AmazonEC2ContainerRegistryReadOnly","role":"eks_node_role"},"sensitive_values":{}},{"address":"module.eksModule.aws_iam_role_policy_attachment.AmazonEKSClusterPolicy","mode":"managed","type":"aws_iam_role_policy_attachment","name":"AmazonEKSClusterPolicy","provider_name":"registry.terraform.io/hashicorp/aws","schema_version":0,"values":{"policy_arn":"arn:aws:iam::aws:policy/AmazonEKSClusterPolicy","role":"eks_cluster_role"},"sensitive_values":{}},{"address":"module.eksModule.aws_iam_role_policy_attachment.AmazonEKSWorkerNodePolicy","mode":"managed","type":"aws_iam_role_policy_attachment","name":"AmazonEKSWorkerNodePolicy","provider_name":"registry.terraform.io/hashicorp/aws","schema_version":0,"values":{"policy_arn":"arn:aws:iam::aws:policy/AmazonEKSWorkerNodePolicy","role":"eks_node_role"},"sensitive_values":{}},{"address":"module.eksModule.aws_iam_role_policy_attachment.AmazonEKS_CNI_Policy","mode":"managed","type":"aws_iam_role_policy_attachment","name":"AmazonEKS_CNI_Policy","provider_name":"registry.terraform.io/hashicorp/aws","schema_version":0,"values":{"policy_arn":"arn:aws:iam::aws:policy/AmazonEKS_CNI_Policy","role":"eks_node_role"},"sensitive_values":{}},{"address":"module.eksModule.aws_iam_role_policy_attachment.AmazonEksVPCResourceController","mode":"managed","type":"aws_iam_role_policy_attachment","name":"AmazonEksVPCResourceController","provider_name":"registry.terraform.io/hashicorp/aws","schema_version":0,"values":{"policy_arn":"arn:aws:iam::aws:policy/AmazonEKSVPCResourceController","role":"eks_cluster_role"},"sensitive_values":{}},{"address":"module.eksModule.aws_iam_role_policy_attachment.awsloadbalancercontroller","mode":"managed","type":"aws_iam_role_policy_attachment","name":"awsloadbalancercontroller","provider_name":"registry.terraform.io/hashicorp/aws","schema_version":0,"values":{"role":"eks_node_role"},"sensitive_values":{}},{"address":"module.eksModule.aws_iam_role_policy_attachment.cloudwatch_logs","mode":"managed","type":"aws_iam_role_policy_attachment","name":"cloudwatch_logs","provider_name":"registry.terraform.io/hashicorp/aws","schema_version":0,"values":{"policy_arn":"arn:aws:iam::aws:policy/CloudWatchLogsFullAccess","role":"eks_node_role"},"sensitive_values":{}},{"address":"module.eksModule.aws_vpc_security_group_ingress_rule.allow_all_traffic_node_group","mode":"managed","type":"aws_vpc_security_group_ingress_rule","name":"allow_all_traffic_node_group","provider_name":"registry.terraform.io/hashicorp/aws","schema_version":0,"values":{"cidr_ipv4":"0.0.0.0/0","cidr_ipv6":null,"description":null,"from_port":null,"ip_protocol":"-1","prefix_list_id":null,"referenced_security_group_id":null,"tags":null,"tags_all":{},"to_port":null},"sensitive_values":{"tags_all":{}}}],"address":"module.eksModule"},{"resources":[{"address":"module.pipelineModule.aws_iam_instance_profile.jenkins_ec2_instance_profile","mode":"managed","type":"aws_iam_instance_profile","name":"jenkins_ec2_instance_profile","provider_name":"registry.terraform.io/hashicorp/aws","schema_version":0,"values":{"name":"jenkins-ec2-instance-profile","path":"/","role":"jenkins-ec2-role","tags":null},"sensitive_values":{"tags_all":{}}},{"address":"module.pipelineModule.aws_iam_role.jenkins_ec2_role","mode":"managed","type":"aws_iam_role","name":"jenkins_ec2_role","provider_name":"registry.terraform.io/hashicorp/aws","schema_version":0,"values":{"assume_role_policy":"{\"Statement\":[{\"Action\":\"sts:AssumeRole\",\"Effect\":\"Allow\",\"Principal\":{\"Service\":\"ec2.amazonaws.com\"}}],\"Version\":\"2012-10-17\"}","description":null,"force_detach_policies":false,"max_session_duration":3600,"name":"jenkins-ec2-role","path":"/","permissions_boundary":null,"tags":null},"sensitive_values":{"inline_policy":[],"managed_policy_arns":[],"tags_all":{}}},{"address":"module.pipelineModule.aws_iam_role_policy_attachment.jenkins_ec2_cloudwatch_logs","mode":"managed","type":"aws_iam_role_policy_attachment","name":"jenkins_ec2_cloudwatch_logs","provider_name":"registry.terraform.io/hashicorp/aws","schema_version":0,"values":{"policy_arn":"arn:aws:iam::aws:policy/CloudWatchLogsFullAccess","role":"jenkins-ec2-role"},"sensitive_values":{}},{"address":"module.pipelineModule.aws_instance.jenkins","mode":"managed","type":"aws_instance","name":"jenkins","provider_name":"registry.terraform.io/hashicorp/aws","schema_version":1,"values":{"ami":"ami-01f5a0b78d6089704","associate_public_ip_address":true,"credit_specification":[],"get_password_data":false,"hibernation":null,"iam_instance_profile":"jenkins-ec2-instance-profile","instance_type":"t2.small","key_name":"pipelineKey","launch_template":[],"source_dest_check":true,"tags":{"Name":"jenkins"},"tags_all":{"Name":"jenkins"},"timeouts":null,"user_data_replace_on_change":false,"volume_tags":null},"sensitive_values":{"capacity_reservation_specification":[],"cpu_options":[],"credit_specification":[],"ebs_block_device":[],"enclave_options":[],"ephemeral_block_device":[],"instance_market_options":[],"ipv6_addresses":[],"launch_template":[],"maintenance_options":[],"metadata_options":[],"network_interface":[],"private_dns_name_options":[],"root_block_device":[],"secondary_private_ips":[],"security_groups":[],"tags":{},"tags_all":{},"vpc_security_group_ids":[]}},{"address":"module.pipelineModule.aws_key_pair.pipeline","mode":"managed","type":"aws_key_pair","name":"pipeline","provider_name":"registry.terraform.io/hashicorp/aws","schema_version":1,"values":{"key_name":"pipelineKey","public_key":"ssh-ed25519 AAAAC3NzaC1lZDI1NTE5AAAAIAiee4vBTbei/1VMPR3bKkMZFlpmHyTEtG6TgbfrDZ5b pipeline-2025-03-07","tags":null},"sensitive_values":{"tags_all":{}}}],"address":"module.pipelineModule"},{"resources":[{"address":"module.s3Module.aws_s3_bucket.main","mode":"managed","type":"aws_s3_bucket","name":"main","provider_name":"registry.terraform.io/hashicorp/aws","schema_version":0,"values":{"force_destroy":true,"tags":{"Environment":"prod","LogsType":"elb"},"tags_all":{"Environment":"prod","LogsType":"elb"},"timeouts":null},"sensitive_values":{"cors_rule":[],"grant":[],"lifecycle_rule":[],"logging":[],"object_lock_configuration":[],"replication_configuration":[],"server_side_encryption_configuration":[],"tags":{},"tags_all":{},"versioning":[],"website":[]}},{"address":"module.s3Module.aws_s3_bucket_policy.elb_logs[0]","mode":"managed","type":"aws_s3_bucket_policy","name":"elb_logs","index":0,"provider_name":"registry.terraform.io/hashicorp/aws","schema_version":0,"sensitive_values":{}}],"address":"module.s3Module"},{"resources":[{"address":"module.vpcModule.aws_internet_gateway.main","mode":"managed","type":"aws_internet_gateway","name":"main","provider_name":"registry.terraform.io/hashicorp/aws","schema_version":0,"values":{"tags":{"Name":"todo-igw"},"tags_all":{"Name":"todo-igw"},"timeouts":null},"sensitive_values":{"tags":{},"tags_all":{}}},{"address":"module.vpcModule.aws_route_table.public","mode":"managed","type":"aws_route_table","name":"public","provider_name":"registry.terraform.io/hashicorp/aws","schema_version":0,"values":{"route":[{"carrier_gateway_id":"","cidr_block":"0.0.0.0/0","core_network_arn":"","destination_prefix_list_id":"","egress_only_gateway_id":"","ipv6_cidr_block":"","local_gateway_id":"","nat_gateway_id":"","network_interface_id":"","transit_gateway_id":"","vpc_endpoint_id":"","vpc_peering_connection_id":""}],"tags":{"Name":"todo-public-rt"},"tags_all":{"Name":"todo-public-rt"},"timeouts":null},"sensitive_values":{"propagating_vgws":[],"route":[{}],"tags":{},"tags_all":{}}},{"address":"module.vpcModule.aws_route_table_association.public[\"0\"]","mode":"managed","type":"aws_route_table_association","name":"public","index":"0","provider_name":"registry.terraform.io/hashicorp/aws","schema_version":0,"values":{"gateway_id":null,"timeouts":null},"sensitive_values":{}},{"address":"module.vpcModule.aws_route_table_association.public[\"1\"]","mode":"managed","type":"aws_route_table_association","name":"public","index":"1","provider_name":"registry.terraform.io/hashicorp/aws","schema_version":0,"values":{"gateway_id":null,"timeouts":null},"sensitive_values":{}},{"address":"module.vpcModule.aws_route_table_association.public[\"2\"]","mode":"managed","type":"aws_route_table_association","name":"public","index":"2","provider_name":"registry.terraform.io/hashicorp/aws","schema_version":0,"values":{"gateway_id":null,"timeouts":null},"sensitive_values":{}},{"address":"module.vpcModule.aws_security_group.sg","mode":"managed","type":"aws_security_group","name":"sg","provider_name":"registry.terraform.io/hashicorp/aws","schema_version":1,"values":{"description":"Allow all traffic","name":"todo-sg","revoke_rules_on_delete":false,"tags":{"Name":"todo-sg"},"tags_all":{"Name":"todo-sg"},"timeouts":null},"sensitive_values":{"egress":[],"ingress":[],"tags":{},"tags_all":{}}},{"address":"module.vpcModule.aws_subnet.public[\"0\"]","mode":"managed","type":"aws_subnet","name":"public","index":"0","provider_name":"registry.terraform.io/hashicorp/aws","schema_version":1,"values":{"assign_ipv6_address_on_creation":false,"availability_zone":"us-east-1a","cidr_block":"10.0.0.0/24","customer_owned_ipv4_pool":null,"enable_dns64":false,"enable_lni_at_device_index":null,"enable_resource_name_dns_a_record_on_launch":false,"enable_resource_name_dns_aaaa_record_on_launch":false,"ipv6_cidr_block":null,"ipv6_native":false,"map_customer_owned_ip_on_launch":null,"map_public_ip_on_launch":true,"outpost_arn":null,"tags":{"Name":"todo-public-us-east-1a"},"tags_all":{"Name":"todo-public-us-east-1a"},"timeouts":null},"sensitive_values":{"tags":{},"tags_all":{}}},{"address":"module.vpcModule.aws_subnet.public[\"1\"]","mode":"managed","type":"aws_subnet","name":"public","index":"1","provider_name":"registry.terraform.io/hashicorp/aws","schema_version":1,"values":{"assign_ipv6_address_on_creation":false,"availability_zone":"us-east-1b","cidr_block":"10.0.1.0/24","customer_owned_ipv4_pool":null,"enable_dns64":false,"enable_lni_at_device_index":null,"enable_resource_name_dns_a_record_on_launch":false,"enable_resource_name_dns_aaaa_record_on_launch":false,"ipv6_cidr_block":null,"ipv6_native":false,"map_customer_owned_ip_on_launch":null,"map_public_ip_on_launch":true,"outpost_arn":null,"tags":{"Name":"todo-public-us-east-1b"},"tags_all":{"Name":"todo-public-us-east-1b"},"timeouts":null},"sensitive_values":{"tags":{},"tags_all":{}}},{"address":"module.vpcModule.aws_subnet.public[\"2\"]","mode":"managed","type":"aws_subnet","name":"public","index":"2","provider_name":"registry.terraform.io/hashicorp/aws","schema_version":1,"values":{"assign_ipv6_address_on_creation":false,"availability_zone":"us-east-1c","cidr_block":"10.0.2.0/24","customer_owned_ipv4_pool":null,"enable_dns64":false,"enable_lni_at_device_index":null,"enable_resource_name_dns_a_record_on_launch":false,"enable_resource_name_dns_aaaa_record_on_launch":false,"ipv6_cidr_block":null,"ipv6_native":false,"map_customer_owned_ip_on_launch":null,"map_public_ip_on_launch":true,"outpost_arn":null,"tags":{"Name":"todo-public-us-east-1c"},"tags_all":{"Name":"todo-public-us-east-1c"},"timeouts":null},"sensitive_values":{"tags":{},"tags_all":{}}},{"address":"module.vpcModule.aws_vpc.main","mode":"managed","type":"aws_vpc","name":"main","provider_name":"registry.terraform.io/hashicorp/aws","schema_version":1,"values":{"assign_generated_ipv6_cidr_block":null,"cidr_block":"10.0.0.0/16","enable_dns_hostnames":true,"enable_dns_support":true,"instance_tenancy":"default","ipv4_ipam_pool_id":null,"ipv4_netmask_length":null,"ipv6_ipam_pool_id":null,"ipv6_netmask_length":null,"tags":{"Name":"todo-vpc"},"tags_all":{"Name":"todo-vpc"}},"sensitive_values":{"tags":{},"tags_all":{}}},{"address":"module.vpcModule.aws_vpc_security_group_ingress_rule.allow_all_traffic_ipv4","mode":"managed","type":"aws_vpc_security_group_ingress_rule","name":"allow_all_traffic_ipv4","provider_name":"registry.terraform.io/hashicorp/aws","schema_version":0,"values":{"cidr_ipv4":"0.0.0.0/0","cidr_ipv6":null,"description":null,"from_port":null,"ip_protocol":"-1","prefix_list_id":null,"referenced_security_group_id":null,"tags":null,"tags_all":{},"to_port":null},"sensitive_values":{"tags_all":{}}}],"address":"module.vpcModule"}]}},"resource_changes":[{"address":"random_id.suffix","mode":"managed","type":"random_id","name":"suffix","provider_name":"registry.terraform.io/hashicorp/random","change":{"actions":["create"],"before":null,"after":{"byte_length":4,"keepers":null,"prefix":null},"after_unknown":{"b64_std":true,"b64_url":true,"dec":true,"hex":true,"id":true},"before_sensitive":false,"after_sensitive":{}}},{"address":"module.backupModule.aws_backup_plan.pipeline_plan","module_address":"module.backupModule","mode":"managed","type":"aws_backup_plan","name":"pipeline_plan","provider_name":"registry.terraform.io/hashicorp/aws","change":{"actions":["create"],"before":null,"after":{"advanced_backup_setting":[],"name":"backup-plan","rule":[{"completion_window":120,"copy_action":[],"enable_continuous_backup":false,"lifecycle":[{"cold_storage_after":null,"delete_after":14}],"recovery_point_tags":null,"rule_name":"backup-rule","schedule":"cron(0 12 * * ? *)","schedule_expression_timezone":"Etc/UTC","start_window":60,"target_vault_name":"Default"}],"tags":null},"after_unknown":{"advanced_backup_setting":[],"arn":true,"id":true,"rule":[{"copy_action":[],"lifecycle":[{"opt_in_to_archive_for_supported_resources":true}]}],"tags_all":true,"version":true},"before_sensitive":false,"after_sensitive":{"advanced_backup_setting":[],"rule":[{"copy_action":[],"lifecycle":[{}]}],"tags_all":{}}}},{"address":"module.backupModule.aws_backup_selection.resource_selection","module_address":"module.backupModule","mode":"managed","type":"aws_backup_selection","name":"resource_selection","provider_name":"registry.terraform.io/hashicorp/aws","change":{"actions":["create"],"before":null,"after":{"name":"resources-selection","selection_tag":[]},"after_unknown":{"condition":true,"iam_role_arn":true,"id":true,"not_resources":true,"plan_id":true,"resources":true,"selection_tag":[]},"before_sensitive":false,"after_sensitive":{"condition":[],"not_resources":[],"resources":[],"selection_tag":[]}}},{"address":"module.backupModule.aws_iam_role.backup_role","module_address":"module.backupModule","mode":"managed","type":"aws_iam_role","name":"backup_role","provider_name":"registry.terraform.io/hashicorp/aws","change":{"actions":["create"],"before":null,"after":{"assume_role_policy":"{\"Statement\":[{\"Action\":\"sts:AssumeRole\",\"Effect\":\"Allow\",\"Principal\":{\"Service\":\"backup.amazonaws.com\"}}],\"Version\":\"2012-10-17\"}","description":null,"force_detach_policies":false,"max_session_duration":3600,"name":"backup-role","path":"/","permissions_boundary":null,"tags":null},"after_unknown":{"arn":true,"create_date":true,"id":true,"inline_policy":true,"managed_policy_arns":true,"name_prefix":true,"tags_all":true,"unique_id":true},"before_sensitive":false,"after_sensitive":{"inline_policy":[],"managed_policy_arns":[],"tags_all":{}}}},{"address":"module.backupModule.aws_iam_role_policy_attachment.backup_policy","module_address":"module.backupModule","mode":"managed","type":"aws_iam_role_policy_attachment","name":"backup_policy","provider_name":"registry.terraform.io/hashicorp/aws","change":{"actions":["create"],"before":null,"after":{"policy_arn":"arn:aws:iam::aws:policy/service-role/AWSBackupServiceRolePolicyForBackup","role":"backup-role"},"after_unknown":{"id":true},"before_sensitive":false,"after_sensitive":{}}},{"address":"module.ecrModule.aws_ecrpublic_repository.backend","module_address":"module.ecrModule","mode":"managed","type":"aws_ecrpublic_repository","name":"backend","provider_name":"registry.terraform.io/hashicorp/aws","change":{"actions":["create"],"before":null,"after":{"catalog_data":[],"force_destroy":false,"repository_name":"backend","tags":{"Name":"backend"},"tags_all":{"Name":"backend"},"timeouts":null},"after_unknown":{"arn":true,"catalog_data":[],"id":true,"registry_id":true,"repository_uri":true,"tags":{},"tags_all":{}},"before_sensitive":false,"after_sensitive":{"catalog_data":[],"tags":{},"tags_all":{}}}},{"address":"module.ecrModule.aws_ecrpublic_repository.frontend","module_address":"module.ecrModule","mode":"managed","type":"aws_ecrpublic_repository","name":"frontend","provider_name":"registry.terraform.io/hashicorp/aws","change":{"actions":["create"],"before":null,"after":{"catalog_data":[],"force_destroy":false,"repository_name":"frontend","tags":{"Name":"frontend"},"tags_all":{"Name":"frontend"},"timeouts":null},"after_unknown":{"arn":true,"catalog_data":[],"id":true,"registry_id":true,"repository_uri":true,"tags":{},"tags_all":{}},"before_sensitive":false,"after_sensitive":{"catalog_data":[],"tags":{},"tags_all":{}}}},{"address":"module.eksModule.aws_eks_cluster.cluster","module_address":"module.eksModule","mode":"managed","type":"aws_eks_cluster","name":"cluster","provider_name":"registry.terraform.io/hashicorp/aws","change":{"actions":["create"],"before":null,"after":{"bootstrap_self_managed_addons":true,"compute_config":[],"enabled_cluster_log_types":null,"encryption_config":[],"name":"zephyr-eks","outpost_config":[],"remote_network_config":[],"storage_config":[],"tags":null,"timeouts":null,"vpc_config":[{"endpoint_private_access":false,"endpoint_public_access":true,"security_group_ids":null}],"zonal_shift_config":[]},"after_unknown":{"access_config":true,"arn":true,"certificate_authority":true,"cluster_id":true,"compute_config":[],"created_at":true,"encryption_config":[],"endpoint":true,"id":true,"identity":true,"kubernetes_network_config":true,"outpost_config":[],"platform_version":true,"remote_network_config":[],"role_arn":true,"status":true,"storage_config":[],"tags_all":true,"upgrade_policy":true,"version":true,"vpc_config":[{"cluster_security_group_id":true,"public_access_cidrs":true,"subnet_ids":true,"vpc_id":true}],"zonal_shift_config":[]},"before_sensitive":false,"after_sensitive":{"access_config":[],"certificate_authority":[],"compute_config":[],"encryption_config":[],"identity":[],"kubernetes_network_config":[],"outpost_config":[],"remote_network_config":[],"storage_config":[],"tags_all":{},"upgrade_policy":[],"vpc_config":[{"public_access_cidrs":[],"subnet_ids":[]}],"zonal_shift_config":[]}}},{"address":"module.eksModule.aws_eks_node_group.node_group","module_address":"module.eksModule","mode":"managed","type":"aws_eks_node_group","name":"node_group","provider_name":"registry.terraform.io/hashicorp/aws","change":{"actions":["create"],"before":null,"after":{"capacity_type":"SPOT","cluster_name":"zephyr-eks","disk_size":20,"force_update_version":null,"instance_types":["t3.medium"],"labels":null,"launch_template":[],"node_group_name":"node_group","remote_access":[],"scaling_config":[{"desired_size":2,"max_size":2,"min_size":2}],"tags":{"Name":"node_group"},"tags_all":{"Name":"node_group"},"taint":[],"timeouts":null},"after_unknown":{"ami_type":true,"arn":true,"id":true,"instance_types":[false],"launch_template":[],"node_group_name_prefix":true,"node_repair_config":true,"node_role_arn":true,"release_version":true,"remote_access":[],"resources":true,"scaling_config":[{}],"status":true,"subnet_ids":true,"tags":{},"tags_all":{},"taint":[],"update_config":true,"version":true},"before_sensitive":false,"after_sensitive":{"instance_types":[false],"launch_template":[],"node_repair_config":[],"remote_access":[],"resources":[],"scaling_config":[{}],"subnet_ids":[],"tags":{},"tags_all":{},"taint":[],"update_config":[]}}},{"address":"module.eksModule.aws_iam_policy.awsloadbalancercontroller","module_address":"module.eksModule","mode":"managed","type":"aws_iam_policy","name":"awsloadbalancercontroller","provider_name":"registry.terraform.io/hashicorp/aws","change":{"actions":["create"],"before":null,"after":{"description":"AWS Load Balancer Controller Policy","name":"awsloadbalancercontroller","path":"/","policy":"{\"Statement\":[{\"Action\":[\"iam:CreateServiceLinkedRole\"],\"Condition\":{\"StringEquals\":{\"iam:AWSServiceName\":\"elasticloadbalancing.amazonaws.com\"}},\"Effect\":\"Allow\",\"Resource\":\"*\"},{\"Action\":[\"ec2:DescribeAccountAttributes\",\"ec2:DescribeAddresses\",\"ec2:DescribeAvailabilityZones\",\"ec2:DescribeInternetGateways\",\"ec2:DescribeVpcs\",\"ec2:DescribeVpcPeeringConnections\",\"ec2:DescribeSubnets\",\"ec2:DescribeSecurityGroups\",\"ec2:DescribeInstances\",\"ec2:DescribeNetworkInterfaces\",\"ec2:DescribeTags\",\"ec2:GetCoipPoolUsage\",\"ec2:DescribeCoipPools\",\"ec2:GetSecurityGroupsForVpc\",\"elasticloadbalancing:DescribeLoadBalancers\",\"elasticloadbalancing:DescribeLoadBalancerAttributes\",\"elasticloadbalancing:DescribeListeners\",\"elasticloadbalancing:DescribeListenerCertificates\",\"elasticloadbalancing:DescribeSSLPolicies\",\"elasticloadbalancing:DescribeRules\",\"elasticloadbalancing:DescribeTargetGroups\",\"elasticloadbalancing:DescribeTargetGroupAttributes\",\"elasticloadbalancing:DescribeTargetHealth\",\"elasticloadbalancing:DescribeTags\",\"elasticloadbalancing:DescribeTrustStores\",\"elasticloadbalancing:DescribeListenerAttributes\",\"elasticloadbalancing:DescribeCapacityReservation\"],\"Effect\":\"Allow\",\"Resource\":\"*\"},{\"Action\":[\"cognito-idp:DescribeUserPoolClient\",\"acm:ListCertificates\",\"acm:DescribeCertificate\",\"iam:ListServerCertificates\",\"iam:GetServerCertificate\",\"waf-regional:GetWebACL\",\"waf-regional:GetWebACLForResource\",\"waf-regional:AssociateWebACL\",\"waf-regional:DisassociateWebACL\",\"wafv2:GetWebACL\",\"wafv2:GetWebACLForResource\",\"wafv2:AssociateWebACL\",\"wafv2:DisassociateWebACL\",\"shield:GetSubscriptionState\",\"shield:DescribeProtection\",\"shield:CreateProtection\",\"shield:DeleteProtection\"],\"Effect\":\"Allow\",\"Resource\":\"*\"},{\"Action\":[\"ec2:AuthorizeSecurityGroupIngress\",\"ec2:RevokeSecurityGroupIngress\"],\"Effect\":\"Allow\",\"Resource\":\"*\"},{\"Action\":[\"ec2:CreateSecurityGroup\"],\"Effect\":\"Allow\",\"Resource\":\"*\"},{\"Action\":[\"ec2:CreateTags\"],\"Condition\":{\"Null\":{\"aws:RequestTag/elbv2.k8s.aws/cluster\":\"false\"},\"StringEquals\":{\"ec2:CreateAction\":\"CreateSecurityGroup\"}},\"Effect\":\"Allow\",\"Resource\":\"arn:aws:ec2:*:*:security-group/*\"},{\"Action\":[\"ec2:CreateTags\",\"ec2:DeleteTags\"],\"Condition\":{\"Null\":{\"aws:RequestTag/elbv2.k8s.aws/cluster\":\"true\",\"aws:ResourceTag/elbv2.k8s.aws/cluster\":\"false\"}},\"Effect\":\"Allow\",\"Resource\":\"arn:aws:ec2:*:*:security-group/*\"},{\"Action\":[\"ec2:AuthorizeSecurityGroupIngress\",\"ec2:RevokeSecurityGroupIngress\",\"ec2:DeleteSecurityGroup\"],\"Condition\":{\"Null\":{\"aws:ResourceTag/elbv2.k8s.aws/cluster\":\"false\"}},\"Effect\":\"Allow\",\"Resource\":\"*\"},{\"Action\":[\"elasticloadbalancing:CreateLoadBalancer\",\"elasticloadbalancing:CreateTargetGroup\"],\"Condition\":{\"Null\":{\"aws:RequestTag/elbv2.k8s.aws/cluster\":\"false\"}},\"Effect\":\"Allow\",\"Resource\":\"*\"},{\"Action\":[\"elasticloadbalancing:CreateListener\",\"elasticloadbalancing:DeleteListener\",\"elasticloadbalancing:CreateRule\",\"elasticloadbalancing:DeleteRule\"],\"Effect\":\"Allow\",\"Resource\":\"*\"},{\"Action\":[\"elasticloadbalancing:AddTags\",\"elasticloadbalancing:RemoveTags\"],\"Condition\":{\"Null\":{\"aws:RequestTag/elbv2.k8s.aws/cluster\":\"true\",\"aws:ResourceTag/elbv2.k8s.aws/cluster\":\"false\"}},\"Effect\":\"Allow\",\"Resource\":[\"arn:aws:elasticloadbalancing:*:*:targetgroup/*/*\",\"arn:aws:elasticloadbalancing:*:*:loadbalancer/net/*/*\",\"arn:aws:elasticloadbalancing:*:*:loadbalancer/app/*/*\"]},{\"Action\":[\"elasticloadbalancing:AddTags\",\"elasticloadbalancing:RemoveTags\"],\"Effect\":\"Allow\",\"Resource\":[\"arn:aws:elasticloadbalancing:*:*:listener/net/*/*/*\",\"arn:aws:elasticloadbalancing:*:*:listener/app/*/*/*\",\"arn:aws:elasticloadbalancing:*:*:listener-rule/net/*/*/*\",\"arn:aws:elasticloadbalancing:*:*:listener-rule/app/*/*/*\"]},{\"Action\":[\"elasticloadbalancing:ModifyLoadBalancerAttributes\",\"elasticloadbalancing:SetIpAddressType\",\"elasticloadbalancing:SetSecurityGroups\",\"elasticloadbalancing:SetSubnets\",\"elasticloadbalancing:DeleteLoadBalancer\",\"elasticloadbalancing:ModifyTargetGroup\",\"elasticloadbalancing:ModifyTargetGroupAttributes\",\"elasticloadbalancing:DeleteTargetGroup\",\"elasticloadbalancing:ModifyListenerAttributes\",\"elasticloadbalancing:ModifyCapacityReservation\"],\"Condition\":{\"Null\":{\"aws:ResourceTag/elbv2.k8s.aws/cluster\":\"false\"}},\"Effect\":\"Allow\",\"Resource\":\"*\"},{\"Action\":[\"elasticloadbalancing:AddTags\"],\"Condition\":{\"Null\":{\"aws:RequestTag/elbv2.k8s.aws/cluster\":\"false\"},\"StringEquals\":{\"elasticloadbalancing:CreateAction\":[\"CreateTargetGroup\",\"CreateLoadBalancer\"]}},\"Effect\":\"Allow\",\"Resource\":[\"arn:aws:elasticloadbalancing:*:*:targetgroup/*/*\",\"arn:aws:elasticloadbalancing:*:*:loadbalancer/net/*/*\",\"arn:aws:elasticloadbalancing:*:*:loadbalancer/app/*/*\"]},{\"Action\":[\"elasticloadbalancing:RegisterTargets\",\"elasticloadbalancing:DeregisterTargets\"],\"Effect\":\"Allow\",\"Resource\":\"arn:aws:elasticloadbalancing:*:*:targetgroup/*/*\"},{\"Action\":[\"elasticloadbalancing:SetWebAcl\",\"elasticloadbalancing:ModifyListener\",\"elasticloadbalancing:AddListenerCertificates\",\"elasticloadbalancing:RemoveListenerCertificates\",\"elasticloadbalancing:ModifyRule\",\"elasticloadbalancing:SetRulePriorities\"],\"Effect\":\"Allow\",\"Resource\":\"*\"}],\"Version\":\"2012-10-17\"}","tags":null},"after_unknown":{"arn":true,"attachment_count":true,"id":true,"name_prefix":true,"policy_id":true,"tags_all":true},"before_sensitive":false,"after_sensitive":{"tags_all":{}}}},{"address":"module.eksModule.aws_iam_role.eks_cluster_role","module_address":"module.eksModule","mode":"managed","type":"aws_iam_role","name":"eks_cluster_role","provider_name":"registry.terraform.io/hashicorp/aws","change":{"actions":["create"],"before":null,"after":{"assume_role_policy":"{\"Statement\":[{\"Action\":\"sts:AssumeRole\",\"Effect\":\"Allow\",\"Principal\":{\"Service\":\"eks.amazonaws.com\"}}],\"Version\":\"2012-10-17\"}","description":null,"force_detach_policies":false,"max_session_duration":3600,"name":"eks_cluster_role","path":"/","permissions_boundary":null,"tags":null},"after_unknown":{"arn":true,"create_date":true,"id":true,"inline_policy":true,"managed_policy_arns":true,"name_prefix":true,"tags_all":true,"unique_id":true},"before_sensitive":false,"after_sensitive":{"inline_policy":[],"managed_policy_arns":[],"tags_all":{}}}},{"address":"module.eksModule.aws_iam_role.eks_node_role","module_address":"module.eksModule","mode":"managed","type":"aws_iam_role","name":"eks_node_role","provider_name":"registry.terraform.io/hashicorp/aws","change":{"actions":["create"],"before":null,"after":{"assume_role_policy":"{\"Statement\":[{\"Action\":\"sts:AssumeRole\",\"Effect\":\"Allow\",\"Principal\":{\"Service\":\"ec2.amazonaws.com\"}}],\"Version\":\"2012-10-17\"}","description":null,"force_detach_policies":false,"max_session_duration":3600,"name":"eks_node_role","path":"/","permissions_boundary":null,"tags":null},"after_unknown":{"arn":true,"create_date":true,"id":true,"inline_policy":true,"managed_policy_arns":true,"name_prefix":true,"tags_all":true,"unique_id":true},"before_sensitive":false,"after_sensitive":{"inline_policy":[],"managed_policy_arns":[],"tags_all":{}}}},{"address":"module.eksModule.aws_iam_role_policy_attachment.AmazonEBSCSI","module_address":"module.eksModule","mode":"managed","type":"aws_iam_role_policy_attachment","name":"AmazonEBSCSI","provider_name":"registry.terraform.io/hashicorp/aws","change":{"actions":["create"],"before":null,"after":{"policy_arn":"arn:aws:iam::aws:policy/service-role/AmazonEBSCSIDriverPolicy","role":"eks_node_role"},"after_unknown":{"id":true},"before_sensitive":false,"after_sensitive":{}}},{"address":"module.eksModule.aws_iam_role_policy_attachment.AmazonEC2ContainerRegistryReadOnly","module_address":"module.eksModule","mode":"managed","type":"aws_iam_role_policy_attachment","name":"AmazonEC2ContainerRegistryReadOnly","provider_name":"registry.terraform.io/hashicorp/aws","change":{"actions":["create"],"before":null,"after":{"policy_arn":"arn:aws:iam::aws:policy/AmazonEC2ContainerRegistryReadOnly","role":"eks_node_role"},"after_unknown":{"id":true},"before_sensitive":false,"after_sensitive":{}}},{"address":"module.eksModule.aws_iam_role_policy_attachment.AmazonEKSClusterPolicy","module_address":"module.eksModule","mode":"managed","type":"aws_iam_role_policy_attachment","name":"AmazonEKSClusterPolicy","provider_name":"registry.terraform.io/hashicorp/aws","change":{"actions":["create"],"before":null,"after":{"policy_arn":"arn:aws:iam::aws:policy/AmazonEKSClusterPolicy","role":"eks_cluster_role"},"after_unknown":{"id":true},"before_sensitive":false,"after_sensitive":{}}},{"address":"module.eksModule.aws_iam_role_policy_attachment.AmazonEKSWorkerNodePolicy","module_address":"module.eksModule","mode":"managed","type":"aws_iam_role_policy_attachment","name":"AmazonEKSWorkerNodePolicy","provider_name":"registry.terraform.io/hashicorp/aws","change":{"actions":["create"],"before":null,"after":{"policy_arn":"arn:aws:iam::aws:policy/AmazonEKSWorkerNodePolicy","role":"eks_node_role"},"after_unknown":{"id":true},"before_sensitive":false,"after_sensitive":{}}},{"address":"module.eksModule.aws_iam_role_policy_attachment.AmazonEKS_CNI_Policy","module_address":"module.eksModule","mode":"managed","type":"aws_iam_role_policy_attachment","name":"AmazonEKS_CNI_Policy","provider_name":"registry.terraform.io/hashicorp/aws","change":{"actions":["create"],"before":null,"after":{"policy_arn":"arn:aws:iam::aws:policy/AmazonEKS_CNI_Policy","role":"eks_node_role"},"after_unknown":{"id":true},"before_sensitive":false,"after_sensitive":{}}},{"address":"module.eksModule.aws_iam_role_policy_attachment.AmazonEksVPCResourceController","module_address":"module.eksModule","mode":"managed","type":"aws_iam_role_policy_attachment","name":"AmazonEksVPCResourceController","provider_name":"registry.terraform.io/hashicorp/aws","change":{"actions":["create"],"before":null,"after":{"policy_arn":"arn:aws:iam::aws:policy/AmazonEKSVPCResourceController","role":"eks_cluster_role"},"after_unknown":{"id":true},"before_sensitive":false,"after_sensitive":{}}},{"address":"module.eksModule.aws_iam_role_policy_attachment.awsloadbalancercontroller","module_address":"module.eksModule","mode":"managed","type":"aws_iam_role_policy_attachment","name":"awsloadbalancercontroller","provider_name":"registry.terraform.io/hashicorp/aws","change":{"actions":["create"],"before":null,"after":{"role":"eks_node_role"},"after_unknown":{"id":true,"policy_arn":true},"before_sensitive":false,"after_sensitive":{}}},{"address":"module.eksModule.aws_iam_role_policy_attachment.cloudwatch_logs","module_address":"module.eksModule","mode":"managed","type":"aws_iam_role_policy_attachment","name":"cloudwatch_logs","provider_name":"registry.terraform.io/hashicorp/aws","change":{"actions":["create"],"before":null,"after":{"policy_arn":"arn:aws:iam::aws:policy/CloudWatchLogsFullAccess","role":"eks_node_role"},"after_unknown":{"id":true},"before_sensitive":false,"after_sensitive":{}}},{"address":"module.eksModule.aws_vpc_security_group_ingress_rule.allow_all_traffic_node_group","module_address":"module.eksModule","mode":"managed","type":"aws_vpc_security_group_ingress_rule","name":"allow_all_traffic_node_group","provider_name":"registry.terraform.io/hashicorp/aws","change":{"actions":["create"],"before":null,"after":{"cidr_ipv4":"0.0.0.0/0","cidr_ipv6":null,"description":null,"from_port":null,"ip_protocol":"-1","prefix_list_id":null,"referenced_security_group_id":null,"tags":null,"tags_all":{},"to_port":null},"after_unknown":{"arn":true,"id":true,"security_group_id":true,"security_group_rule_id":true,"tags_all":{}},"before_sensitive":false,"after_sensitive":{"tags_all":{}}}},{"address":"module.pipelineModule.aws_iam_instance_profile.jenkins_ec2_instance_profile","module_address":"module.pipelineModule","mode":"managed","type":"aws_iam_instance_profile","name":"jenkins_ec2_instance_profile","provider_name":"registry.terraform.io/hashicorp/aws","change":{"actions":["create"],"before":null,"after":{"name":"jenkins-ec2-instance-profile","path":"/","role":"jenkins-ec2-role","tags":null},"after_unknown":{"arn":true,"create_date":true,"id":true,"name_prefix":true,"tags_all":true,"unique_id":true},"before_sensitive":false,"after_sensitive":{"tags_all":{}}}},{"address":"module.pipelineModule.aws_iam_role.jenkins_ec2_role","module_address":"module.pipelineModule","mode":"managed","type":"aws_iam_role","name":"jenkins_ec2_role","provider_name":"registry.terraform.io/hashicorp/aws","change":{"actions":["create"],"before":null,"after":{"assume_role_policy":"{\"Statement\":[{\"Action\":\"sts:AssumeRole\",\"Effect\":\"Allow\",\"Principal\":{\"Service\":\"ec2.amazonaws.com\"}}],\"Version\":\"2012-10-17\"}","description":null,"force_detach_policies":false,"max_session_duration":3600,"name":"jenkins-ec2-role","path":"/","permissions_boundary":null,"tags":null},"after_unknown":{"arn":true,"create_date":true,"id":true,"inline_policy":true,"managed_policy_arns":true,"name_prefix":true,"tags_all":true,"unique_id":true},"before_sensitive":false,"after_sensitive":{"inline_policy":[],"managed_policy_arns":[],"tags_all":{}}}},{"address":"module.pipelineModule.aws_iam_role_policy_attachment.jenkins_ec2_cloudwatch_logs","module_address":"module.pipelineModule","mode":"managed","type":"aws_iam_role_policy_attachment","name":"jenkins_ec2_cloudwatch_logs","provider_name":"registry.terraform.io/hashicorp/aws","change":{"actions":["create"],"before":null,"after":{"policy_arn":"arn:aws:iam::aws:policy/CloudWatchLogsFullAccess","role":"jenkins-ec2-role"},"after_unknown":{"id":true},"before_sensitive":false,"after_sensitive":{}}},{"address":"module.pipelineModule.aws_instance.jenkins","module_address":"module.pipelineModule","mode":"managed","type":"aws_instance","name":"jenkins","provider_name":"registry.terraform.io/hashicorp/aws","change":{"actions":["create"],"before":null,"after":{"ami":"ami-01f5a0b78d6089704","associate_public_ip_address":true,"credit_specification":[],"get_password_data":false,"hibernation":null,"iam_instance_profile":"jenkins-ec2-instance-profile","instance_type":"t2.small","key_name":"pipelineKey","launch_template":[],"source_dest_check":true,"tags":{"Name":"jenkins"},"tags_all":{"Name":"jenkins"},"timeouts":null,"user_data_replace_on_change":false,"volume_tags":null},"after_unknown":{"arn":true,"availability_zone":true,"capacity_reservation_specification":true,"cpu_core_count":true,"cpu_options":true,"cpu_threads_per_core":true,"credit_specification":[],"disable_api_stop":true,"disable_api_termination":true,"ebs_block_device":true,"ebs_optimized":true,"enable_primary_ipv6":true,"enclave_options":true,"ephemeral_block_device":true,"host_id":true,"host_resource_group_arn":true,"id":true,"instance_initiated_shutdown_behavior":true,"instance_lifecycle":true,"instance_market_options":true,"instance_state":true,"ipv6_address_count":true,"ipv6_addresses":true,"launch_template":[],"maintenance_options":true,"metadata_options":true,"monitoring":true,"network_interface":true,"outpost_arn":true,"password_data":true,"placement_group":true,"placement_partition_number":true,"primary_network_interface_id":true,"private_dns":true,"private_dns_name_options":true,"private_ip":true,"public_dns":true,"public_ip":true,"root_block_device":true,"secondary_private_ips":true,"security_groups":true,"spot_instance_request_id":true,"subnet_id":true,"tags":{},"tags_all":{},"tenancy":true,"user_data":true,"user_data_base64":true,"vpc_security_group_ids":true},"before_sensitive":false,"after_sensitive":{"capacity_reservation_specification":[],"cpu_options":[],"credit_specification":[],"ebs_block_device":[],"enclave_options":[],"ephemeral_block_device":[],"instance_market_options":[],"ipv6_addresses":[],"launch_template":[],"maintenance_options":[],"metadata_options":[],"network_interface":[],"private_dns_name_options":[],"root_block_device":[],"secondary_private_ips":[],"security_groups":[],"tags":{},"tags_all":{},"vpc_security_group_ids":[]}}},{"address":"module.pipelineModule.aws_key_pair.pipeline","module_address":"module.pipelineModule","mode":"managed","type":"aws_key_pair","name":"pipeline","provider_name":"registry.terraform.io/hashicorp/aws","change":{"actions":["create"],"before":null,"after":{"key_name":"pipelineKey","public_key":"ssh-ed25519 AAAAC3NzaC1lZDI1NTE5AAAAIAiee4vBTbei/1VMPR3bKkMZFlpmHyTEtG6TgbfrDZ5b pipeline-2025-03-07","tags":null},"after_unknown":{"arn":true,"fingerprint":true,"id":true,"key_name_prefix":true,"key_pair_id":true,"key_type":true,"tags_all":true},"before_sensitive":false,"after_sensitive":{"tags_all":{}}}},{"address":"module.s3Module.aws_s3_bucket.main","module_address":"module.s3Module","mode":"managed","type":"aws_s3_bucket","name":"main","provider_name":"registry.terraform.io/hashicorp/aws","change":{"actions":["create"],"before":null,"after":{"force_destroy":true,"tags":{"Environment":"prod","LogsType":"elb"},"tags_all":{"Environment":"prod","LogsType":"elb"},"timeouts":null},"after_unknown":{"acceleration_status":true,"acl":true,"arn":true,"bucket":true,"bucket_domain_name":true,"bucket_prefix":true,"bucket_regional_domain_name":true,"cors_rule":true,"grant":true,"hosted_zone_id":true,"id":true,"lifecycle_rule":true,"logging":true,"object_lock_configuration":true,"object_lock_enabled":true,"policy":true,"region":true,"replication_configuration":true,"request_payer":true,"server_side_encryption_configuration":true,"tags":{},"tags_all":{},"versioning":true,"website":true,"website_domain":true,"website_endpoint":true},"before_sensitive":false,"after_sensitive":{"cors_rule":[],"grant":[],"lifecycle_rule":[],"logging":[],"object_lock_configuration":[],"replication_configuration":[],"server_side_encryption_configuration":[],"tags":{},"tags_all":{},"versioning":[],"website":[]}}},{"address":"module.s3Module.aws_s3_bucket_policy.elb_logs[0]","module_address":"module.s3Module","mode":"managed","type":"aws_s3_bucket_policy","name":"elb_logs","index":0,"provider_name":"registry.terraform.io/hashicorp/aws","change":{"actions":["create"],"before":null,"after":{},"after_unknown":{"bucket":true,"id":true,"policy":true},"before_sensitive":false,"after_sensitive":{}}},{"address":"module.vpcModule.aws_internet_gateway.main","module_address":"module.vpcModule","mode":"managed","type":"aws_internet_gateway","name":"main","provider_name":"registry.terraform.io/hashicorp/aws","change":{"actions":["create"],"before":null,"after":{"tags":{"Name":"todo-igw"},"tags_all":{"Name":"todo-igw"},"timeouts":null},"after_unknown":{"arn":true,"id":true,"owner_id":true,"tags":{},"tags_all":{},"vpc_id":true},"before_sensitive":false,"after_sensitive":{"tags":{},"tags_all":{}}}},{"address":"module.vpcModule.aws_route_table.public","module_address":"module.vpcModule","mode":"managed","type":"aws_route_table","name":"public","provider_name":"registry.terraform.io/hashicorp/aws","change":{"actions":["create"],"before":null,"after":{"route":[{"carrier_gateway_id":"","cidr_block":"0.0.0.0/0","core_network_arn":"","destination_prefix_list_id":"","egress_only_gateway_id":"","ipv6_cidr_block":"","local_gateway_id":"","nat_gateway_id":"","network_interface_id":"","transit_gateway_id":"","vpc_endpoint_id":"","vpc_peering_connection_id":""}],"tags":{"Name":"todo-public-rt"},"tags_all":{"Name":"todo-public-rt"},"timeouts":null},"after_unknown":{"arn":true,"id":true,"owner_id":true,"propagating_vgws":true,"route":[{"gateway_id":true}],"tags":{},"tags_all":{},"vpc_id":true},"before_sensitive":false,"after_sensitive":{"propagating_vgws":[],"route":[{}],"tags":{},"tags_all":{}}}},{"address":"module.vpcModule.aws_route_table_association.public[\"0\"]","module_address":"module.vpcModule","mode":"managed","type":"aws_route_table_association","name":"public","index":"0","provider_name":"registry.terraform.io/hashicorp/aws","change":{"actions":["create"],"before":null,"after":{"gateway_id":null,"timeouts":null},"after_unknown":{"id":true,"route_table_id":true,"subnet_id":true},"before_sensitive":false,"after_sensitive":{}}},{"address":"module.vpcModule.aws_route_table_association.public[\"1\"]","module_address":"module.vpcModule","mode":"managed","type":"aws_route_table_association","name":"public","index":"1","provider_name":"registry.terraform.io/hashicorp/aws","change":{"actions":["create"],"before":null,"after":{"gateway_id":null,"timeouts":null},"after_unknown":{"id":true,"route_table_id":true,"subnet_id":true},"before_sensitive":false,"after_sensitive":{}}},{"address":"module.vpcModule.aws_route_table_association.public[\"2\"]","module_address":"module.vpcModule","mode":"managed","type":"aws_route_table_association","name":"public","index":"2","provider_name":"registry.terraform.io/hashicorp/aws","change":{"actions":["create"],"before":null,"after":{"gateway_id":null,"timeouts":null},"after_unknown":{"id":true,"route_table_id":true,"subnet_id":true},"before_sensitive":false,"after_sensitive":{}}},{"address":"module.vpcModule.aws_security_group.sg","module_address":"module.vpcModule","mode":"managed","type":"aws_security_group","name":"sg","provider_name":"registry.terraform.io/hashicorp/aws","change":{"actions":["create"],"before":null,"after":{"description":"Allow all traffic","name":"todo-sg","revoke_rules_on_delete":false,"tags":{"Name":"todo-sg"},"tags_all":{"Name":"todo-sg"},"timeouts":null},"after_unknown":{"arn":true,"egress":true,"id":true,"ingress":true,"name_prefix":true,"owner_id":true,"tags":{},"tags_all":{},"vpc_id":true},"before_sensitive":false,"after_sensitive":{"egress":[],"ingress":[],"tags":{},"tags_all":{}}}},{"address":"module.vpcModule.aws_subnet.public[\"0\"]","module_address":"module.vpcModule","mode":"managed","type":"aws_subnet","name":"public","index":"0","provider_name":"registry.terraform.io/hashicorp/aws","change":{"actions":["create"],"before":null,"after":{"assign_ipv6_address_on_creation":false,"availability_zone":"us-east-1a","cidr_block":"10.0.0.0/24","customer_owned_ipv4_pool":null,"enable_dns64":false,"enable_lni_at_device_index":null,"enable_resource_name_dns_a_record_on_launch":false,"enable_resource_name_dns_aaaa_record_on_launch":false,"ipv6_cidr_block":null,"ipv6_native":false,"map_customer_owned_ip_on_launch":null,"map_public_ip_on_launch":true,"outpost_arn":null,"tags":{"Name":"todo-public-us-east-1a"},"tags_all":{"Name":"todo-public-us-east-1a"},"timeouts":null},"after_unknown":{"arn":true,"availability_zone_id":true,"id":true,"ipv6_cidr_block_association_id":true,"owner_id":true,"private_dns_hostname_type_on_launch":true,"tags":{},"tags_all":{},"vpc_id":true},"before_sensitive":false,"after_sensitive":{"tags":{},"tags_all":{}}}},{"address":"module.vpcModule.aws_subnet.public[\"1\"]","module_address":"module.vpcModule","mode":"managed","type":"aws_subnet","name":"public","index":"1","provider_name":"registry.terraform.io/hashicorp/aws","change":{"actions":["create"],"before":null,"after":{"assign_ipv6_address_on_creation":false,"availability_zone":"us-east-1b","cidr_block":"10.0.1.0/24","customer_owned_ipv4_pool":null,"enable_dns64":false,"enable_lni_at_device_index":null,"enable_resource_name_dns_a_record_on_launch":false,"enable_resource_name_dns_aaaa_record_on_launch":false,"ipv6_cidr_block":null,"ipv6_native":false,"map_customer_owned_ip_on_launch":null,"map_public_ip_on_launch":true,"outpost_arn":null,"tags":{"Name":"todo-public-us-east-1b"},"tags_all":{"Name":"todo-public-us-east-1b"},"timeouts":null},"after_unknown":{"arn":true,"availability_zone_id":true,"id":true,"ipv6_cidr_block_association_id":true,"owner_id":true,"private_dns_hostname_type_on_launch":true,"tags":{},"tags_all":{},"vpc_id":true},"before_sensitive":false,"after_sensitive":{"tags":{},"tags_all":{}}}},{"address":"module.vpcModule.aws_subnet.public[\"2\"]","module_address":"module.vpcModule","mode":"managed","type":"aws_subnet","name":"public","index":"2","provider_name":"registry.terraform.io/hashicorp/aws","change":{"actions":["create"],"before":null,"after":{"assign_ipv6_address_on_creation":false,"availability_zone":"us-east-1c","cidr_block":"10.0.2.0/24","customer_owned_ipv4_pool":null,"enable_dns64":false,"enable_lni_at_device_index":null,"enable_resource_name_dns_a_record_on_launch":false,"enable_resource_name_dns_aaaa_record_on_launch":false,"ipv6_cidr_block":null,"ipv6_native":false,"map_customer_owned_ip_on_launch":null,"map_public_ip_on_launch":true,"outpost_arn":null,"tags":{"Name":"todo-public-us-east-1c"},"tags_all":{"Name":"todo-public-us-east-1c"},"timeouts":null},"after_unknown":{"arn":true,"availability_zone_id":true,"id":true,"ipv6_cidr_block_association_id":true,"owner_id":true,"private_dns_hostname_type_on_launch":true,"tags":{},"tags_all":{},"vpc_id":true},"before_sensitive":false,"after_sensitive":{"tags":{},"tags_all":{}}}},{"address":"module.vpcModule.aws_vpc.main","module_address":"module.vpcModule","mode":"managed","type":"aws_vpc","name":"main","provider_name":"registry.terraform.io/hashicorp/aws","change":{"actions":["create"],"before":null,"after":{"assign_generated_ipv6_cidr_block":null,"cidr_block":"10.0.0.0/16","enable_dns_hostnames":true,"enable_dns_support":true,"instance_tenancy":"default","ipv4_ipam_pool_id":null,"ipv4_netmask_length":null,"ipv6_ipam_pool_id":null,"ipv6_netmask_length":null,"tags":{"Name":"todo-vpc"},"tags_all":{"Name":"todo-vpc"}},"after_unknown":{"arn":true,"default_network_acl_id":true,"default_route_table_id":true,"default_security_group_id":true,"dhcp_options_id":true,"enable_network_address_usage_metrics":true,"id":true,"ipv6_association_id":true,"ipv6_cidr_block":true,"ipv6_cidr_block_network_border_group":true,"main_route_table_id":true,"owner_id":true,"tags":{},"tags_all":{}},"before_sensitive":false,"after_sensitive":{"tags":{},"tags_all":{}}}},{"address":"module.vpcModule.aws_vpc_security_group_ingress_rule.allow_all_traffic_ipv4","module_address":"module.vpcModule","mode":"managed","type":"aws_vpc_security_group_ingress_rule","name":"allow_all_traffic_ipv4","provider_name":"registry.terraform.io/hashicorp/aws","change":{"actions":["create"],"before":null,"after":{"cidr_ipv4":"0.0.0.0/0","cidr_ipv6":null,"description":null,"from_port":null,"ip_protocol":"-1","prefix_list_id":null,"referenced_security_group_id":null,"tags":null,"tags_all":{},"to_port":null},"after_unknown":{"arn":true,"id":true,"security_group_id":true,"security_group_rule_id":true,"tags_all":{}},"before_sensitive":false,"after_sensitive":{"tags_all":{}}}}],"prior_state":{"format_version":"1.0","terraform_version":"1.11.1","values":{"root_module":{"child_modules":[{"resources":[{"address":"module.pipelineModule.data.aws_ami.jenkins","mode":"data","type":"aws_ami","name":"jenkins","provider_name":"registry.terraform.io/hashicorp/aws","schema_version":0,"values":{"architecture":"x86_64","arn":"arn:aws:ec2:us-east-1::image/ami-01f5a0b78d6089704","block_device_mappings":[{"device_name":"/dev/xvda","ebs":{"delete_on_termination":"true","encrypted":"false","iops":"0","snapshot_id":"snap-0d7e5f888fca4aaa6","throughput":"0","volume_size":"8","volume_type":"gp2"},"no_device":"","virtual_name":""}],"boot_mode":"","creation_date":"2025-03-05T01:36:07.000Z","deprecation_time":"2025-07-01T00:00:00.000Z","description":"Amazon Linux 2 AMI 2.0.20250305.0 x86_64 HVM gp2","ena_support":true,"executable_users":null,"filter":[{"name":"name","values":["amzn2-ami-hvm-*-x86_64-gp2"]}],"hypervisor":"xen","id":"ami-01f5a0b78d6089704","image_id":"ami-01f5a0b78d6089704","image_location":"amazon/amzn2-ami-hvm-2.0.20250305.0-x86_64-gp2","image_owner_alias":"amazon","image_type":"machine","imds_support":"","include_deprecated":false,"kernel_id":"","most_recent":true,"name":"amzn2-ami-hvm-2.0.20250305.0-x86_64-gp2","name_regex":null,"owner_id":"137112412989","owners":["amazon"],"platform":"","platform_details":"Linux/UNIX","product_codes":[],"public":true,"ramdisk_id":"","root_device_name":"/dev/xvda","root_device_type":"ebs","root_snapshot_id":"snap-0d7e5f888fca4aaa6","sriov_net_support":"simple","state":"available","state_reason":{"code":"UNSET","message":"UNSET"},"tags":{},"timeouts":null,"tpm_support":"","uefi_data":null,"usage_operation":"RunInstances","virtualization_type":"hvm"},"sensitive_values":{"block_device_mappings":[{"ebs":{}}],"filter":[{"values":[false]}],"owners":[false],"product_codes":[],"state_reason":{},"tags":{}}}],"address":"module.pipelineModule"},{"resources":[{"address":"module.s3Module.data.aws_caller_identity.current","mode":"data","type":"aws_caller_identity","name":"current","provider_name":"registry.terraform.io/hashicorp/aws","schema_version":0,"values":{"account_id":"180294182946","arn":"arn:aws:iam::180294182946:user/A7med","id":"180294182946","user_id":"AIDAST6S65ARJZNTTH3IY"},"sensitive_values":{}}],"address":"module.s3Module"},{"resources":[{"address":"module.vpcModule.data.aws_availability_zones.available","mode":"data","type":"aws_availability_zones","name":"available","provider_name":"registry.terraform.io/hashicorp/aws","schema_version":0,"values":{"all_availability_zones":null,"exclude_names":null,"exclude_zone_ids":null,"filter":null,"group_names":["us-east-1-zg-1"],"id":"us-east-1","names":["us-east-1a","us-east-1b","us-east-1c","us-east-1d","us-east-1e","us-east-1f"],"state":"available","timeouts":null,"zone_ids":["use1-az1","use1-az2","use1-az4","use1-az6","use1-az3","use1-az5"]},"sensitive_values":{"group_names":[false],"names":[false,false,false,false,false,false],"zone_ids":[false,false,false,false,false,false]}}],"address":"module.vpcModule"}]}}},"configuration":{"provider_config":{"aws":{"name":"aws","full_name":"registry.terraform.io/hashicorp/aws","version_constraint":"~\u003e 5.0","expressions":{"region":{"constant_value":"us-east-1"}}},"random":{"name":"random","full_name":"registry.terraform.io/hashicorp/random","version_constraint":"~\u003e 3.0"}},"root_module":{"resources":[{"address":"random_id.suffix","mode":"managed","type":"random_id","name":"suffix","provider_config_key":"random","expressions":{"byte_length":{"constant_value":4}},"schema_version":0}],"module_calls":{"backupModule":{"source":"./modules/backupModule","expressions":{"target_backup_arn":{"references":["module.pipelineModule.Jenkins_instance_arn","module.pipelineModule"]}},"module":{"resources":[{"address":"aws_backup_plan.pipeline_plan","mode":"managed","type":"aws_backup_plan","name":"pipeline_plan","provider_config_key":"aws","expressions":{"name":{"constant_value":"backup-plan"},"rule":[{"completion_window":{"constant_value":120},"lifecycle":[{"delete_after":{"constant_value":14}}],"rule_name":{"constant_value":"backup-rule"},"schedule":{"constant_value":"cron(0 12 * * ? *)"},"target_vault_name":{"constant_value":"Default"}}]},"schema_version":1},{"address":"aws_backup_selection.resource_selection","mode":"managed","type":"aws_backup_selection","name":"resource_selection","provider_config_key":"aws","expressions":{"iam_role_arn":{"references":["aws_iam_role.backup_role.arn","aws_iam_role.backup_role"]},"name":{"constant_value":"resources-selection"},"plan_id":{"references":["aws_backup_plan.pipeline_plan.id","aws_backup_plan.pipeline_plan"]},"resources":{"references":["var.target_backup_arn"]}},"schema_version":0},{"address":"aws_iam_role.backup_role","mode":"managed","type":"aws_iam_role","name":"backup_role","provider_config_key":"aws","expressions":{"assume_role_policy":{},"name":{"constant_value":"backup-role"}},"schema_version":0},{"address":"aws_iam_role_policy_attachment.backup_policy","mode":"managed","type":"aws_iam_role_policy_attachment","name":"backup_policy","provider_config_key":"aws","expressions":{"policy_arn":{"constant_value":"arn:aws:iam::aws:policy/service-role/AWSBackupServiceRolePolicyForBackup"},"role":{"references":["aws_iam_role.backup_role.name","aws_iam_role.backup_role"]}},"schema_version":0}],"variables":{"target_backup_arn":{"description":"ID of the EC2 instance to backup"}}}},"ecrModule":{"source":"./modules/ecrModule","expressions":{"backendRepository_name":{"constant_value":"backend"},"frontendRepository_name":{"constant_value":"frontend"}},"module":{"outputs":{"back_arn":{"expression":{"references":["aws_ecrpublic_repository.backend.arn","aws_ecrpublic_repository.backend"]},"description":"Full ARN of the backend repository"},"back_id":{"expression":{"references":["aws_ecrpublic_repository.backend.registry_id","aws_ecrpublic_repository.backend"]},"description":"backend The registry ID where the repository was created."},"backend_repository_uri":{"expression":{"references":["aws_ecrpublic_repository.backend.repository_uri","aws_ecrpublic_repository.backend"]},"description":"The URI of the backend repository."},"front_arn":{"expression":{"references":["aws_ecrpublic_repository.frontend.arn","aws_ecrpublic_repository.frontend"]},"description":"Full ARN of the frontend repository"},"front_id":{"expression":{"references":["aws_ecrpublic_repository.frontend.registry_id","aws_ecrpublic_repository.frontend"]},"description":"frontend The registry ID where the repository was created."},"front_repository_uri":{"expression":{"references":["aws_ecrpublic_repository.frontend.repository_uri","aws_ecrpublic_repository.frontend"]},"description":"The URI of the frontend repository."}},"resources":[{"address":"aws_ecrpublic_repository.backend","mode":"managed","type":"aws_ecrpublic_repository","name":"backend","provider_config_key":"aws","expressions":{"repository_name":{"references":["var.backendRepository_name"]},"tags":{"constant_value":{"Name":"backend"}}},"schema_version":0},{"address":"aws_ecrpublic_repository.frontend","mode":"managed","type":"aws_ecrpublic_repository","name":"frontend","provider_config_key":"aws","expressions":{"repository_name":{"references":["var.frontendRepository_name"]},"tags":{"constant_value":{"Name":"frontend"}}},"schema_version":0}],"variables":{"backendRepository_name":{"description":"The name of the public ECR repository"},"frontendRepository_name":{"description":"The name of the public ECR repository"}}}},"eksModule":{"source":"./modules/eksModule","expressions":{"cluster_name":{"references":["var.cluster_name"]},"subnet_ids":{"references":["module.vpcModule.public_subnet_ids","module.vpcModule"]}},"module":{"outputs":{"eks_cluster_certificate_authority":{"expression":{"references":["aws_eks_cluster.cluster.certificate_authority[0].data","aws_eks_cluster.cluster.certificate_authority[0]","aws_eks_cluster.cluster.certificate_authority","aws_eks_cluster.cluster"]}},"eks_cluster_endpoint":{"expression":{"references":["aws_eks_cluster.cluster.endpoint","aws_eks_cluster.cluster"]}},"eks_cluster_name":{"expression":{"references":["aws_eks_cluster.cluster.name","aws_eks_cluster.cluster"]}}},"resources":[{"address":"aws_eks_cluster.cluster","mode":"managed","type":"aws_eks_cluster","name":"cluster","provider_config_key":"aws","expressions":{"name":{"references":["var.cluster_name"]},"role_arn":{"references":["aws_iam_role.eks_cluster_role.arn","aws_iam_role.eks_cluster_role"]},"vpc_config":[{"subnet_ids":{"references":["var.subnet_ids"]}}]},"schema_version":1,"depends_on":["aws_iam_role_policy_attachment.AmazonEKSClusterPolicy","aws_iam_role_policy_attachment.AmazonEksVPCResourceController"]},{"address":"aws_eks_node_group.node_group","mode":"managed","type":"aws_eks_node_group","name":"node_group","provider_config_key":"aws","expressions":{"capacity_type":{"constant_value":"SPOT"},"cluster_name":{"references":["aws_eks_cluster.cluster.name","aws_eks_cluster.cluster"]},"disk_size":{"constant_value":20},"instance_types":{"constant_value":["t3.medium"]},"node_group_name":{"constant_value":"node_group"},"node_role_arn":{"references":["aws_iam_role.eks_node_role.arn","aws_iam_role.eks_node_role"]},"scaling_config":[{"desired_size":{"constant_value":2},"max_size":{"constant_value":2},"min_size":{"constant_value":2}}],"subnet_ids":{"references":["var.subnet_ids"]},"tags":{"constant_value":{"Name":"node_group"}}},"schema_version":0,"depends_on":["aws_iam_role_policy_attachment.AmazonEKSWorkerNodePolicy","aws_iam_role_policy_attachment.AmazonEKS_CNI_Policy","aws_iam_role_policy_attachment.AmazonEC2ContainerRegistryReadOnly","aws_iam_role_policy_attachment.awsloadbalancercontroller","aws_iam_role_policy_attachment.AmazonEBSCSI"]},{"address":"aws_iam_policy.awsloadbalancercontroller","mode":"managed","type":"aws_iam_policy","name":"awsloadbalancercontroller","provider_config_key":"aws","expressions":{"description":{"constant_value":"AWS Load Balancer Controller Policy"},"name":{"constant_value":"awsloadbalancercontroller"},"policy":{"references":["path.module"]}},"schema_version":0},{"address":"aws_iam_role.eks_cluster_role","mode":"managed","type":"aws_iam_role","name":"eks_cluster_role","provider_config_key":"aws","expressions":{"assume_role_policy":{},"name":{"constant_value":"eks_cluster_role"}},"schema_version":0},{"address":"aws_iam_role.eks_node_role","mode":"managed","type":"aws_iam_role","name":"eks_node_role","provider_config_key":"aws","expressions":{"assume_role_policy":{},"name":{"constant_value":"eks_node_role"}},"schema_version":0},{"address":"aws_iam_role_policy_attachment.AmazonEBSCSI","mode":"managed","type":"aws_iam_role_policy_attachment","name":"AmazonEBSCSI","provider_config_key":"aws","expressions":{"policy_arn":{"constant_value":"arn:aws:iam::aws:policy/service-role/AmazonEBSCSIDriverPolicy"},"role":{"references":["aws_iam_role.eks_node_role.name","aws_iam_role.eks_node_role"]}},"schema_version":0},{"address":"aws_iam_role_policy_attachment.AmazonEC2ContainerRegistryReadOnly","mode":"managed","type":"aws_iam_role_policy_attachment","name":"AmazonEC2ContainerRegistryReadOnly","provider_config_key":"aws","expressions":{"policy_arn":{"constant_value":"arn:aws:iam::aws:policy/AmazonEC2ContainerRegistryReadOnly"},"role":{"references":["aws_iam_role.eks_node_role.name","aws_iam_role.eks_node_role"]}},"schema_version":0},{"address":"aws_iam_role_policy_attachment.AmazonEKSClusterPolicy","mode":"managed","type":"aws_iam_role_policy_attachment","name":"AmazonEKSClusterPolicy","provider_config_key":"aws","expressions":{"policy_arn":{"constant_value":"arn:aws:iam::aws:policy/AmazonEKSClusterPolicy"},"role":{"references":["aws_iam_role.eks_cluster_role.name","aws_iam_role.eks_cluster_role"]}},"schema_version":0},{"address":"aws_iam_role_policy_attachment.AmazonEKSWorkerNodePolicy","mode":"managed","type":"aws_iam_role_policy_attachment","name":"AmazonEKSWorkerNodePolicy","provider_config_key":"aws","expressions":{"policy_arn":{"constant_value":"arn:aws:iam::aws:policy/AmazonEKSWorkerNodePolicy"},"role":{"references":["aws_iam_role.eks_node_role.name","aws_iam_role.eks_node_role"]}},"schema_version":0},{"address":"aws_iam_role_policy_attachment.AmazonEKS_CNI_Policy","mode":"managed","type":"aws_iam_role_policy_attachment","name":"AmazonEKS_CNI_Policy","provider_config_key":"aws","expressions":{"policy_arn":{"constant_value":"arn:aws:iam::aws:policy/AmazonEKS_CNI_Policy"},"role":{"references":["aws_iam_role.eks_node_role.name","aws_iam_role.eks_node_role"]}},"schema_version":0},{"address":"aws_iam_role_policy_attachment.AmazonEksVPCResourceController","mode":"managed","type":"aws_iam_role_policy_attachment","name":"AmazonEksVPCResourceController","provider_config_key":"aws","expressions":{"policy_arn":{"constant_value":"arn:aws:iam::aws:policy/AmazonEKSVPCResourceController"},"role":{"references":["aws_iam_role.eks_cluster_role.name","aws_iam_role.eks_cluster_role"]}},"schema_version":0},{"address":"aws_iam_role_policy_attachment.awsloadbalancercontroller","mode":"managed","type":"aws_iam_role_policy_attachment","name":"awsloadbalancercontroller","provider_config_key":"aws","expressions":{"policy_arn":{"references":["aws_iam_policy.awsloadbalancercontroller.arn","aws_iam_policy.awsloadbalancercontroller"]},"role":{"references":["aws_iam_role.eks_node_role.name","aws_iam_role.eks_node_role"]}},"schema_version":0},{"address":"aws_iam_role_policy_attachment.cloudwatch_logs","mode":"managed","type":"aws_iam_role_policy_attachment","name":"cloudwatch_logs","provider_config_key":"aws","expressions":{"policy_arn":{"constant_value":"arn:aws:iam::aws:policy/CloudWatchLogsFullAccess"},"role":{"references":["aws_iam_role.eks_node_role.name","aws_iam_role.eks_node_role"]}},"schema_version":0},{"address":"aws_vpc_security_group_ingress_rule.allow_all_traffic_node_group","mode":"managed","type":"aws_vpc_security_group_ingress_rule","name":"allow_all_traffic_node_group","provider_config_key":"aws","expressions":{"cidr_ipv4":{"constant_value":"0.0.0.0/0"},"ip_protocol":{"constant_value":"-1"},"security_group_id":{"references":["aws_eks_cluster.cluster.vpc_config[0].cluster_security_group_id","aws_eks_cluster.cluster.vpc_config[0]","aws_eks_cluster.cluster.vpc_config","aws_eks_cluster.cluster"]}},"schema_version":0}],"variables":{"cluster_name":{"description":"Name of the EKS cluster"},"subnet_ids":{"description":"List of subnet IDs"}}}},"pipelineModule":{"source":"./modules/pipelineModule","expressions":{"public_key_path":{"references":["var.public_key_path"]},"security_group_id":{"references":["module.vpcModule.security_group_id","module.vpcModule"]},"subnet_id":{"references":["module.vpcModule.public_subnet_ids[0]","module.vpcModule.public_subnet_ids","module.vpcModule"]}},"module":{"outputs":{"Jenkins_instance_arn":{"expression":{"references":["aws_instance.jenkins.arn","aws_instance.jenkins"]},"description":"The ARN of the Jenkins EC2 instance"},"Jenkins_instance_id":{"expression":{"references":["aws_instance.jenkins.id","aws_instance.jenkins"]},"description":"The ID of the Jenkins EC2 instance"},"Jenkins_private_ip":{"expression":{"references":["aws_instance.jenkins.private_ip","aws_instance.jenkins"]},"description":"The private IP address of the Jenkins EC2 instance"},"Jenkins_public_ip":{"expression":{"references":["aws_instance.jenkins.public_ip","aws_instance.jenkins"]},"description":"The public IP address of the Jenkins EC2 instance"}},"resources":[{"address":"aws_iam_instance_profile.jenkins_ec2_instance_profile","mode":"managed","type":"aws_iam_instance_profile","name":"jenkins_ec2_instance_profile","provider_config_key":"aws","expressions":{"name":{"constant_value":"jenkins-ec2-instance-profile"},"role":{"references":["aws_iam_role.jenkins_ec2_role.name","aws_iam_role.jenkins_ec2_role"]}},"schema_version":0},{"address":"aws_iam_role.jenkins_ec2_role","mode":"managed","type":"aws_iam_role","name":"jenkins_ec2_role","provider_config_key":"aws","expressions":{"assume_role_policy":{},"name":{"constant_value":"jenkins-ec2-role"}},"schema_version":0},{"address":"aws_iam_role_policy_attachment.jenkins_ec2_cloudwatch_logs","mode":"managed","type":"aws_iam_role_policy_attachment","name":"jenkins_ec2_cloudwatch_logs","provider_config_key":"aws","expressions":{"policy_arn":{"constant_value":"arn:aws:iam::aws:policy/CloudWatchLogsFullAccess"},"role":{"references":["aws_iam_role.jenkins_ec2_role.name","aws_iam_role.jenkins_ec2_role"]}},"schema_version":0},{"address":"aws_instance.jenkins","mode":"managed","type":"aws_instance","name":"jenkins","provider_config_key":"aws","expressions":{"ami":{"references":["data.aws_ami.jenkins.id","data.aws_ami.jenkins"]},"associate_public_ip_address":{"constant_value":true},"iam_instance_profile":{"references":["aws_iam_instance_profile.jenkins_ec2_instance_profile.name","aws_iam_instance_profile.jenkins_ec2_instance_profile"]},"instance_type":{"references":["var.instance_type"]},"key_name":{"references":["aws_key_pair.pipeline.key_name","aws_key_pair.pipeline"]},"subnet_id":{"references":["var.subnet_id"]},"tags":{"constant_value":{"Name":"jenkins"}},"vpc_security_group_ids":{"references":["var.security_group_id"]}},"schema_version":1,"depends_on":["aws_key_pair.pipeline"]},{"address":"aws_key_pair.pipeline","mode":"managed","type":"aws_key_pair","name":"pipeline","provider_config_key":"aws","expressions":{"key_name":{"constant_value":"pipelineKey"},"public_key":{"references":["var.public_key_path"]}},"schema_version":1},{"address":"data.aws_ami.jenkins","mode":"data","type":"aws_ami","name":"jenkins","provider_config_key":"aws","expressions":{"filter":[{"name":{"constant_value":"name"},"values":{"constant_value":["amzn2-ami-hvm-*-x86_64-gp2"]}}],"most_recent":{"constant_value":true},"owners":{"constant_value":["amazon"]}},"schema_version":0}],"variables":{"instance_type":{"default":"t2.small","description":"Instance type for the EC2 instances"},"public_key_path":{"description":"Name of the key pair for the pipeline"},"security_group_id":{"description":"Security group ID for the EC2 instances"},"subnet_id":{"description":"Subnet ID for the EC2 instances"}}}},"s3Module":{"source":"./modules/s3Module","expressions":{"bucket_name":{"references":["random_id.suffix.hex","random_id.suffix"]},"enable_elb_logging":{"constant_value":true},"force_destroy":{"constant_value":true},"tags":{"constant_value":{"Environment":"prod","LogsType":"elb"}}},"module":{"outputs":{"bucket_arn":{"expression":{"references":["aws_s3_bucket.main.arn","aws_s3_bucket.main"]}},"bucket_name":{"expression":{"references":["aws_s3_bucket.main.id","aws_s3_bucket.main"]}},"dynamodb_table_name":{"expression":{"references":["aws_dynamodb_table.terraform_lock[0].name","aws_dynamodb_table.terraform_lock[0]","aws_dynamodb_table.terraform_lock"]}}},"resources":[{"address":"aws_dynamodb_table.terraform_lock","mode":"managed","type":"aws_dynamodb_table","name":"terraform_lock","provider_config_key":"aws","expressions":{"attribute":[{"name":{"constant_value":"LockID"},"type":{"constant_value":"S"}}],"billing_mode":{"constant_value":"PAY_PER_REQUEST"},"hash_key":{"constant_value":"LockID"},"name":{"references":["var.bucket_name"]},"tags":{"references":["var.tags"]}},"schema_version":1,"count_expression":{"references":["var.enable_backend"]}},{"address":"aws_s3_bucket.main","mode":"managed","type":"aws_s3_bucket","name":"main","provider_config_key":"aws","expressions":{"bucket":{"references":["var.bucket_name"]},"force_destroy":{"references":["var.force_destroy"]},"tags":{"references":["var.tags"]}},"schema_version":0},{"address":"aws_s3_bucket_policy.elb_logs","mode":"managed","type":"aws_s3_bucket_policy","name":"elb_logs","provider_config_key":"aws","expressions":{"bucket":{"references":["aws_s3_bucket.main.id","aws_s3_bucket.main"]},"policy":{"references":["data.aws_caller_identity.current.account_id","data.aws_caller_identity.current","aws_s3_bucket.main.arn","aws_s3_bucket.main","aws_s3_bucket.main.arn","aws_s3_bucket.main"]}},"schema_version":0,"count_expression":{"references":["var.enable_elb_logging"]}},{"address":"aws_s3_bucket_server_side_encryption_configuration.backend","mode":"managed","type":"aws_s3_bucket_server_side_encryption_configuration","name":"backend","provider_config_key":"aws","expressions":{"bucket":{"references":["aws_s3_bucket.main.id","aws_s3_bucket.main"]},"rule":[{"apply_server_side_encryption_by_default":[{"sse_algorithm":{"constant_value":"AES256"}}]}]},"schema_version":0,"count_expression":{"references":["var.enable_backend"]}},{"address":"aws_s3_bucket_versioning.backend","mode":"managed","type":"aws_s3_bucket_versioning","name":"backend","provider_config_key":"aws","expressions":{"bucket":{"references":["aws_s3_bucket.main.id","aws_s3_bucket.main"]},"versioning_configuration":[{"status":{"constant_value":"Enabled"}}]},"schema_version":0,"count_expression":{"references":["var.enable_backend"]}},{"address":"data.aws_caller_identity.current","mode":"data","type":"aws_caller_identity","name":"current","provider_config_key":"aws","schema_version":0}],"variables":{"bucket_name":{"description":"Unique S3 bucket name"},"enable_backend":{"default":false,"description":"Configure bucket as Terraform backend"},"enable_elb_logging":{"default":false,"description":"Enable ELB access logging configuration"},"force_destroy":{"default":false,"description":"Allow bucket destruction even if not empty (DANGEROUS)"},"tags":{"default":{},"description":"Resource tags"}}}},"vpcModule":{"source":"./modules/vpcModule","expressions":{"project_name":{"constant_value":"todo"},"vpc_cidr":{"constant_value":"10.0.0.0/16"}},"module":{"outputs":{"public_subnet_ids":{"expression":{"references":["aws_subnet.public"]},"description":"The ID of the subnet"},"security_group_id":{"expression":{"references":["aws_security_group.sg.id","aws_security_group.sg"]},"description":"The ID of the security group"}},"resources":[{"address":"aws_internet_gateway.main","mode":"managed","type":"aws_internet_gateway","name":"main","provider_config_key":"aws","expressions":{"tags":{"references":["var.project_name"]},"vpc_id":{"references":["aws_vpc.main.id","aws_vpc.main"]}},"schema_version":0},{"address":"aws_route_table.public","mode":"managed","type":"aws_route_table","name":"public","provider_config_key":"aws","expressions":{"route":{"references":["aws_internet_gateway.main.id","aws_internet_gateway.main"]},"tags":{"references":["var.project_name"]},"vpc_id":{"references":["aws_vpc.main.id","aws_vpc.main"]}},"schema_version":0},{"address":"aws_route_table_association.public","mode":"managed","type":"aws_route_table_association","name":"public","provider_config_key":"aws","expressions":{"route_table_id":{"references":["aws_route_table.public.id","aws_route_table.public"]},"subnet_id":{"references":["each.value.id","each.value"]}},"schema_version":0,"for_each_expression":{"references":["aws_subnet.public"]}},{"address":"aws_security_group.sg","mode":"managed","type":"aws_security_group","name":"sg","provider_config_key":"aws","expressions":{"description":{"constant_value":"Allow all traffic"},"name":{"references":["var.project_name"]},"tags":{"references":["var.project_name"]},"vpc_id":{"references":["aws_vpc.main.id","aws_vpc.main"]}},"schema_version":1},{"address":"aws_subnet.public","mode":"managed","type":"aws_subnet","name":"public","provider_config_key":"aws","expressions":{"availability_zone":{"references":["each.value"]},"cidr_block":{"references":["local.cidr_blocks","each.key"]},"map_public_ip_on_launch":{"constant_value":true},"tags":{"references":["var.project_name","each.value"]},"vpc_id":{"references":["aws_vpc.main.id","aws_vpc.main"]}},"schema_version":1,"for_each_expression":{"references":["local.selected_azs"]}},{"address":"aws_vpc.main","mode":"managed","type":"aws_vpc","name":"main","provider_config_key":"aws","expressions":{"cidr_block":{"references":["var.vpc_cidr"]},"enable_dns_hostnames":{"constant_value":true},"enable_dns_support":{"constant_value":true},"tags":{"references":["var.project_name"]}},"schema_version":1},{"address":"aws_vpc_security_group_ingress_rule.allow_all_traffic_ipv4","mode":"managed","type":"aws_vpc_security_group_ingress_rule","name":"allow_all_traffic_ipv4","provider_config_key":"aws","expressions":{"cidr_ipv4":{"constant_value":"0.0.0.0/0"},"ip_protocol":{"constant_value":"-1"},"security_group_id":{"references":["aws_security_group.sg.id","aws_security_group.sg"]}},"schema_version":0,"depends_on":["aws_security_group.sg"]},{"address":"data.aws_availability_zones.available","mode":"data","type":"aws_availability_zones","name":"available","provider_config_key":"aws","expressions":{"state":{"constant_value":"available"}},"schema_version":0}],"variables":{"project_name":{"description":"Project name for resource tagging"},"vpc_cidr":{"default":"10.0.0.0/16","description":"CIDR block for the VPC"}}}}},"variables":{"cluster_name":{"description":"Name of the EKS cluster"},"project_name":{"description":"Project name for resource tagging"},"public_key_path":{"description":"Path to the public key for the pipeline"}}}},"relevant_attributes":[{"resource":"module.backupModule.aws_iam_role.backup_role","attribute":["name"]},{"resource":"module.pipelineModule.aws_instance.jenkins","attribute":["private_ip"]},{"resource":"module.backupModule.aws_backup_plan.pipeline_plan","attribute":["id"]},{"resource":"module.vpcModule.aws_security_group.sg","attribute":["id"]},{"resource":"module.vpcModule.aws_vpc.main","attribute":["id"]},{"resource":"module.eksModule.aws_eks_cluster.cluster","attribute":["name"]},{"resource":"module.ecrModule.aws_ecrpublic_repository.frontend","attribute":["arn"]},{"resource":"module.s3Module.aws_s3_bucket.main","attribute":["id"]},{"resource":"module.vpcModule.data.aws_availability_zones.available","attribute":["names"]},{"resource":"module.eksModule.aws_eks_cluster.cluster","attribute":["certificate_authority",0,"data"]},{"resource":"module.ecrModule.aws_ecrpublic_repository.frontend","attribute":["registry_id"]},{"resource":"module.pipelineModule.aws_iam_instance_profile.jenkins_ec2_instance_profile","attribute":["name"]},{"resource":"module.vpcModule.aws_subnet.public","attribute":[]},{"resource":"module.ecrModule.aws_ecrpublic_repository.backend","attribute":["registry_id"]},{"resource":"module.eksModule.aws_iam_policy.awsloadbalancercontroller","attribute":["arn"]},{"resource":"module.pipelineModule.aws_iam_role.jenkins_ec2_role","attribute":["name"]},{"resource":"module.backupModule.aws_iam_role.backup_role","attribute":["arn"]},{"resource":"module.eksModule.aws_eks_cluster.cluster","attribute":["vpc_config",0,"cluster_security_group_id"]},{"resource":"module.ecrModule.aws_ecrpublic_repository.frontend","attribute":["repository_uri"]},{"resource":"module.pipelineModule.data.aws_ami.jenkins","attribute":["id"]},{"resource":"module.s3Module.aws_s3_bucket.main","attribute":["arn"]},{"resource":"module.vpcModule.aws_internet_gateway.main","attribute":["id"]},{"resource":"module.vpcModule.aws_route_table.public","attribute":["id"]},{"resource":"module.eksModule.aws_eks_cluster.cluster","attribute":["endpoint"]},{"resource":"module.ecrModule.aws_ecrpublic_repository.backend","attribute":["repository_uri"]},{"resource":"module.eksModule.aws_iam_role.eks_cluster_role","attribute":["arn"]},{"resource":"module.eksModule.aws_iam_role.eks_node_role","attribute":["name"]},{"resource":"module.pipelineModule.aws_instance.jenkins","attribute":["arn"]},{"resource":"random_id.suffix","attribute":["hex"]},{"resource":"module.pipelineModule.aws_instance.jenkins","attribute":["public_ip"]},{"resource":"module.ecrModule.aws_ecrpublic_repository.backend","attribute":["arn"]},{"resource":"module.pipelineModule.aws_key_pair.pipeline","attribute":["key_name"]},{"resource":"module.pipelineModule.aws_instance.jenkins","attribute":["id"]},{"resource":"module.eksModule.aws_iam_role.eks_cluster_role","attribute":["name"]},{"resource":"module.eksModule.aws_iam_role.eks_node_role","attribute":["arn"]},{"resource":"module.s3Module.data.aws_caller_identity.current","attribute":["account_id"]}],"timestamp":"2025-03-09T18:56:44Z","applyable":true,"complete":true,"errored":false}
