{
  "version": 4,
  "terraform_version": "1.11.1",
  "serial": 51,
  "lineage": "9385a448-4e99-452d-9872-79a9f2d2edb7",
  "outputs": {},
  "resources": [
    {
      "mode": "managed",
      "type": "helm_release",
      "name": "ebs_csi_driver",
      "provider": "provider[\"registry.terraform.io/hashicorp/helm\"]",
      "instances": [
        {
          "schema_version": 1,
          "attributes": {
            "atomic": false,
            "chart": "../Charts/aws-ebs-csi-driver",
            "cleanup_on_fail": false,
            "create_namespace": false,
            "dependency_update": false,
            "description": null,
            "devel": null,
            "disable_crd_hooks": false,
            "disable_openapi_validation": false,
            "disable_webhooks": false,
            "force_update": false,
            "id": "aws-ebs-csi-driver",
            "keyring": null,
            "lint": false,
            "manifest": null,
            "max_history": 0,
            "metadata": [
              {
                "app_version": "1.16.1",
                "chart": "aws-ebs-csi-driver",
                "first_deployed": 1742311016,
                "last_deployed": 1742311016,
                "name": "aws-ebs-csi-driver",
                "namespace": "kube-system",
                "notes": "To verify that aws-ebs-csi-driver has started, run:\n\n    kubectl get pod -n kube-system -l \"app.kubernetes.io/name=aws-ebs-csi-driver,app.kubernetes.io/instance=aws-ebs-csi-driver\"\n\nNOTE: The [CSI Snapshotter](https://github.com/kubernetes-csi/external-snapshotter) controller and CRDs will no longer be installed as part of this chart and moving forward will be a prerequisite of using the snap shotting functionality.",
                "revision": 1,
                "values": "{}",
                "version": "2.17.4"
              }
            ],
            "name": "aws-ebs-csi-driver",
            "namespace": "kube-system",
            "pass_credentials": false,
            "postrender": [],
            "recreate_pods": false,
            "render_subchart_notes": true,
            "replace": false,
            "repository": null,
            "repository_ca_file": null,
            "repository_cert_file": null,
            "repository_key_file": null,
            "repository_password": null,
            "repository_username": null,
            "reset_values": false,
            "reuse_values": false,
            "set": [],
            "set_list": [],
            "set_sensitive": [],
            "skip_crds": false,
            "status": "deployed",
            "timeout": 300,
            "upgrade_install": null,
            "values": null,
            "verify": false,
            "version": "2.17.4",
            "wait": true,
            "wait_for_jobs": false
          },
          "sensitive_attributes": [
            [
              {
                "type": "get_attr",
                "value": "repository_password"
              }
            ]
          ],
          "private": "eyJzY2hlbWFfdmVyc2lvbiI6IjEifQ==",
          "dependencies": [
            "module.eksModule.aws_eks_cluster.cluster",
            "module.eksModule.aws_iam_role.eks_cluster_role",
            "module.eksModule.aws_iam_role_policy_attachment.AmazonEKSClusterPolicy",
            "module.eksModule.aws_iam_role_policy_attachment.AmazonEksVPCResourceController",
            "module.vpcModule.aws_subnet.public",
            "module.vpcModule.aws_vpc.main",
            "module.vpcModule.data.aws_availability_zones.available"
          ]
        }
      ]
    },
    {
      "mode": "managed",
      "type": "helm_release",
      "name": "elb_controller",
      "provider": "provider[\"registry.terraform.io/hashicorp/helm\"]",
      "instances": [
        {
          "schema_version": 1,
          "attributes": {
            "atomic": false,
            "chart": "aws-load-balancer-controller",
            "cleanup_on_fail": false,
            "create_namespace": false,
            "dependency_update": false,
            "description": null,
            "devel": null,
            "disable_crd_hooks": false,
            "disable_openapi_validation": false,
            "disable_webhooks": false,
            "force_update": false,
            "id": "aws-load-balancer-controller",
            "keyring": null,
            "lint": false,
            "manifest": null,
            "max_history": 0,
            "metadata": [
              {
                "app_version": "v2.11.0",
                "chart": "aws-load-balancer-controller",
                "first_deployed": 1742312649,
                "last_deployed": 1742312649,
                "name": "aws-load-balancer-controller",
                "namespace": "kube-system",
                "notes": "AWS Load Balancer controller installed!\n",
                "revision": 1,
                "values": "{\"clusterName\":\"zephyr-eks\",\"region\":\"us-east-1\",\"vpcId\":\"module.vpcModule.vpc_id\"}",
                "version": "1.11.0"
              }
            ],
            "name": "aws-load-balancer-controller",
            "namespace": "kube-system",
            "pass_credentials": false,
            "postrender": [],
            "recreate_pods": false,
            "render_subchart_notes": true,
            "replace": false,
            "repository": "https://aws.github.io/eks-charts",
            "repository_ca_file": null,
            "repository_cert_file": null,
            "repository_key_file": null,
            "repository_password": null,
            "repository_username": null,
            "reset_values": false,
            "reuse_values": false,
            "set": [
              {
                "name": "clusterName",
                "type": "",
                "value": "zephyr-eks"
              },
              {
                "name": "region",
                "type": "",
                "value": "us-east-1"
              },
              {
                "name": "vpcId",
                "type": "",
                "value": "module.vpcModule.vpc_id"
              }
            ],
            "set_list": [],
            "set_sensitive": [],
            "skip_crds": false,
            "status": "deployed",
            "timeout": 300,
            "upgrade_install": null,
            "values": null,
            "verify": false,
            "version": "1.11.0",
            "wait": true,
            "wait_for_jobs": false
          },
          "sensitive_attributes": [
            [
              {
                "type": "get_attr",
                "value": "repository_password"
              }
            ]
          ],
          "private": "eyJzY2hlbWFfdmVyc2lvbiI6IjEifQ==",
          "dependencies": [
            "module.eksModule.aws_eks_cluster.cluster",
            "module.eksModule.aws_iam_role.eks_cluster_role",
            "module.eksModule.aws_iam_role_policy_attachment.AmazonEKSClusterPolicy",
            "module.eksModule.aws_iam_role_policy_attachment.AmazonEksVPCResourceController",
            "module.vpcModule.aws_subnet.public",
            "module.vpcModule.aws_vpc.main",
            "module.vpcModule.data.aws_availability_zones.available"
          ]
        }
      ]
    },
    {
      "mode": "managed",
      "type": "helm_release",
      "name": "sonarqube",
      "provider": "provider[\"registry.terraform.io/hashicorp/helm\"]",
      "instances": [
        {
          "status": "tainted",
          "schema_version": 1,
          "attributes": {
            "atomic": false,
            "chart": "../Charts/sonarqube",
            "cleanup_on_fail": false,
            "create_namespace": true,
            "dependency_update": false,
            "description": null,
            "devel": null,
            "disable_crd_hooks": false,
            "disable_openapi_validation": false,
            "disable_webhooks": false,
            "force_update": false,
            "id": "sonarqube",
            "keyring": null,
            "lint": false,
            "manifest": null,
            "max_history": 0,
            "metadata": [
              {
                "app_version": "2025.1.1",
                "chart": "sonarqube",
                "first_deployed": 1742312681,
                "last_deployed": 1742312681,
                "name": "sonarqube",
                "namespace": "sonarqube",
                "notes": "CHART NAME: postgresql\nCHART VERSION: 10.15.0\nAPP VERSION: 11.14.0\n\n** Please be patient while the chart is being deployed **\n\nPostgreSQL can be accessed via port 5432 on the following DNS names from within your cluster:\n\n    sonarqube-postgresql.sonarqube.svc.cluster.local - Read/Write connection\n\nTo get the password for \"postgres\" run:\n\n    export POSTGRES_ADMIN_PASSWORD=$(kubectl get secret --namespace sonarqube sonarqube-postgresql -o jsonpath=\"{.data.postgresql-postgres-password}\" | base64 --decode)\n\nTo get the password for \"sonarUser\" run:\n\n    export POSTGRES_PASSWORD=$(kubectl get secret --namespace sonarqube sonarqube-postgresql -o jsonpath=\"{.data.postgresql-password}\" | base64 --decode)\n\nTo connect to your database run the following command:\n\n    kubectl run sonarqube-postgresql-client --rm --tty -i --restart='Never' --namespace sonarqube --image docker.io/bitnami/postgresql:11.14.0-debian-10-r22 --env=\"PGPASSWORD=$POSTGRES_PASSWORD\" --command -- psql --host sonarqube-postgresql -U sonarUser -d sonarDB -p 5432\n\n\n\nTo connect to your database from outside the cluster execute the following commands:\n\n    kubectl port-forward --namespace sonarqube svc/sonarqube-postgresql 5432:5432 \u0026\n    PGPASSWORD=\"$POSTGRES_PASSWORD\" psql --host 127.0.0.1 -U sonarUser -d sonarDB -p 5432\n\n1. Get the application URL by running these commands:\n  http://sonarqube.your-org.com\nWARNING: \n         Please note that the SonarQube image runs with a non-root user (uid=1000) belonging to the root group (guid=0). In this way, the chart can support arbitrary user ids as recommended in OpenShift.\n         Please visit https://docs.openshift.com/container-platform/4.14/openshift_images/create-images.html#use-uid_create-images for more information.\n\nWARNING: The embedded PostgreSQL is intended for evaluation only, it is DEPRECATED, and it will be REMOVED in a future release.\n         Please visit https://artifacthub.io/packages/helm/sonarqube/sonarqube#production-use-case for more information.\n\n\nWARNING: Setting the deployment strategy type is deprecated and will be removed in a future release. It will be hard-coded to Recreate.\n\nWARNING: The deploymentType value is deprecated and won't be supported anymore. SonarQube will be deployed as a Deployment by default.\n",
                "revision": 1,
                "values": "{\"community\":{\"enabled\":true},\"ingress\":{\"annotations\":{\"alb.ingress.kubernetes.io/actions.redirect-to-https\":\"{\\\"Type\\\": \\\"redirect\\\", \\\"RedirectConfig\\\": { \\\"Protocol\\\": \\\"HTTPS\\\", \\\"Port\\\": \\\"443\\\", \\\"StatusCode\\\": \\\"HTTP_301\\\"}}  \\n\",\"alb.ingress.kubernetes.io/group.name\":\"shared-group\",\"alb.ingress.kubernetes.io/listen-ports\":\"[{\\\"HTTP\\\": 80}, {\\\"HTTPS\\\": 443}]\",\"alb.ingress.kubernetes.io/scheme\":\"internet-facing\"},\"enabled\":true,\"hosts\":[{\"name\":\"sonarqube.your-org.com\",\"pathType\":\"Prefix\"}],\"ingressClassName\":\"alb\"},\"monitoringPasscode\":\"define_it\",\"postgresql\":{\"persistence\":{\"storageClass\":\"gp2\"}},\"service\":{\"type\":\"ClusterIP\"}}",
                "version": "2025.1.1"
              }
            ],
            "name": "sonarqube",
            "namespace": "sonarqube",
            "pass_credentials": false,
            "postrender": [],
            "recreate_pods": false,
            "render_subchart_notes": true,
            "replace": false,
            "repository": null,
            "repository_ca_file": null,
            "repository_cert_file": null,
            "repository_key_file": null,
            "repository_password": null,
            "repository_username": null,
            "reset_values": false,
            "reuse_values": false,
            "set": [],
            "set_list": [],
            "set_sensitive": [],
            "skip_crds": false,
            "status": "failed",
            "timeout": 300,
            "upgrade_install": null,
            "values": [
              "monitoringPasscode: \"define_it\"  # Passcode for monitoring access\n\npostgresql:\n  persistence:\n    storageClass: \"gp2\"  # Storage class for PostgreSQL persistence\n\ncommunity:\n  enabled: true  # Enable community features\n  \ningress:\n  enabled: true  # Enable ingress\n  # Used to create an Ingress record.\n  hosts:\n   - name: sonarqube.your-org.com  # Hostname for the ingress\n     pathType: Prefix  # Path type for the ingress\n\n  annotations:\n   alb.ingress.kubernetes.io/listen-ports: '[{\"HTTP\": 80}, {\"HTTPS\": 443}]'  # ALB listen ports configuration\n   alb.ingress.kubernetes.io/scheme: internet-facing  # Expose ALB to the public internet\n   # Redirect HTTP to HTTPS\n   alb.ingress.kubernetes.io/actions.redirect-to-https: \u003e\n    {\"Type\": \"redirect\", \"RedirectConfig\": { \"Protocol\": \"HTTPS\", \"Port\": \"443\", \"StatusCode\": \"HTTP_301\"}}  \n   alb.ingress.kubernetes.io/group.name: shared-group  # ALB group name\n  \n  ingressClassName: alb\n  \nservice:\n  type: ClusterIP"
            ],
            "verify": false,
            "version": "2025.1.1",
            "wait": true,
            "wait_for_jobs": false
          },
          "sensitive_attributes": [
            [
              {
                "type": "get_attr",
                "value": "repository_password"
              }
            ]
          ],
          "private": "eyJzY2hlbWFfdmVyc2lvbiI6IjEifQ==",
          "dependencies": [
            "helm_release.ebs_csi_driver",
            "helm_release.elb_controller",
            "module.eksModule.aws_eks_cluster.cluster",
            "module.eksModule.aws_iam_role.eks_cluster_role",
            "module.eksModule.aws_iam_role_policy_attachment.AmazonEKSClusterPolicy",
            "module.eksModule.aws_iam_role_policy_attachment.AmazonEksVPCResourceController",
            "module.vpcModule.aws_subnet.public",
            "module.vpcModule.aws_vpc.main",
            "module.vpcModule.data.aws_availability_zones.available"
          ]
        }
      ]
    },
    {
      "module": "module.eksModule",
      "mode": "managed",
      "type": "aws_eks_cluster",
      "name": "cluster",
      "provider": "provider[\"registry.terraform.io/hashicorp/aws\"]",
      "instances": [
        {
          "schema_version": 1,
          "attributes": {
            "access_config": [
              {
                "authentication_mode": "CONFIG_MAP",
                "bootstrap_cluster_creator_admin_permissions": true
              }
            ],
            "arn": "arn:aws:eks:us-east-1:180294182946:cluster/zephyr-eks",
            "bootstrap_self_managed_addons": true,
            "certificate_authority": [
              {
                "data": "LS0tLS1CRUdJTiBDRVJUSUZJQ0FURS0tLS0tCk1JSURCVENDQWUyZ0F3SUJBZ0lJREVZbTRkbkUvanN3RFFZSktvWklodmNOQVFFTEJRQXdGVEVUTUJFR0ExVUUKQXhNS2EzVmlaWEp1WlhSbGN6QWVGdzB5TlRBek1UZ3hOREkyTVRkYUZ3MHpOVEF6TVRZeE5ETXhNVGRhTUJVeApFekFSQmdOVkJBTVRDbXQxWW1WeWJtVjBaWE13Z2dFaU1BMEdDU3FHU0liM0RRRUJBUVVBQTRJQkR3QXdnZ0VLCkFvSUJBUURTTzJWS3NuQ3duWER5YWRYd1RudTIxVjMyNFlEYURmZzBuTm9VbERaOTgwYysvZUZoSFpnamhaZHQKN2htcFhQeVJHQk9seU43KytJVEZuZ0p6YXRkVXczWENaeU0xblI0SlIxMVRxV2M2OHJ2Y0pyQWNod1JtOTd6NApKMFhsY1EwNFpvc202SzVmSmdlTWU2MWZWa0h0QXdoVklIdnU5a1BoRnMrQk5GMXIvbU9sa1lPVzBwYlloRDR3ClhkeENTVkFGdFR4dTcwNy9CbmJiTDlGc1poS1dDQ1paQmVzaENkM1BuOHd1YkNiZU01YmlJKzZzWjdVeWw2VlcKODA3UDJVRG9YQVdGQnRwUndGaUxRYVJNMkt0b1NOdEJXY1o3VTl1ZDVLYjU1UkM4V2FOb0R1MTkyWG5OcjBJagoyMFAwTXkvdS9OREloUjVpang4cHhBb3FNWThwQWdNQkFBR2pXVEJYTUE0R0ExVWREd0VCL3dRRUF3SUNwREFQCkJnTlZIUk1CQWY4RUJUQURBUUgvTUIwR0ExVWREZ1FXQkJUUFlwNDVXSmNMM2hNcTFVZ2VSL1NsaCtxcDd6QVYKQmdOVkhSRUVEakFNZ2dwcmRXSmxjbTVsZEdWek1BMEdDU3FHU0liM0RRRUJDd1VBQTRJQkFRQUc3MjZJMUpEYgpVL0tiRWtJSTl0SDBaK25ZTFc1OWxuWG5za042aGhjYkV0eVIybUNadTdnZkR6a05rY1JCYm50cnNKQlB5SFBoCmV1c0FLaFBQbkFGdjlNNTJUTzJrdmQ1ZjlFT3dJL1VWMFVKemU1eXRVTlU4QmRFMkY5aWVKYU1jY2d0di8vakwKWEZBell2T0ptSms0L0Z0cjdqdWowbkNDUS8ycms0UXgvU1ZUVVUvSnVDcm1NYTNTZDNqMWpMSXArN01WNDVrMgpLdVdtNWpaSHRIUlZUOU9IakdoOXQzM2ZBK0dkNUVjQ3VZcnZ0Yk9mNDd1dXBvSTdGOGdYVFRaY3JXWGZoaXVnCmZmWnhQcXE5SjA3ckNSZHVmNWdBb09rbHpJYjNyNlhOeVdnNzQ2My9KYVV0RUlkOENhcWQ2cTRaNWhDN3NtdVAKU2diT1habk5yVjk5Ci0tLS0tRU5EIENFUlRJRklDQVRFLS0tLS0K"
              }
            ],
            "cluster_id": null,
            "compute_config": [],
            "created_at": "2025-03-18T14:26:15Z",
            "enabled_cluster_log_types": [],
            "encryption_config": [],
            "endpoint": "https://153257CA2D1ACD26B65A3A6E4C1D04EB.gr7.us-east-1.eks.amazonaws.com",
            "id": "zephyr-eks",
            "identity": [
              {
                "oidc": [
                  {
                    "issuer": "https://oidc.eks.us-east-1.amazonaws.com/id/153257CA2D1ACD26B65A3A6E4C1D04EB"
                  }
                ]
              }
            ],
            "kubernetes_network_config": [
              {
                "elastic_load_balancing": [
                  {
                    "enabled": false
                  }
                ],
                "ip_family": "ipv4",
                "service_ipv4_cidr": "172.20.0.0/16",
                "service_ipv6_cidr": ""
              }
            ],
            "name": "zephyr-eks",
            "outpost_config": [],
            "platform_version": "eks.5",
            "remote_network_config": [],
            "role_arn": "arn:aws:iam::180294182946:role/eks_cluster_role",
            "status": "ACTIVE",
            "storage_config": [],
            "tags": {},
            "tags_all": {},
            "timeouts": null,
            "upgrade_policy": [
              {
                "support_type": "EXTENDED"
              }
            ],
            "version": "1.32",
            "vpc_config": [
              {
                "cluster_security_group_id": "sg-09d457c9c038c7cbb",
                "endpoint_private_access": false,
                "endpoint_public_access": true,
                "public_access_cidrs": [
                  "0.0.0.0/0"
                ],
                "security_group_ids": [],
                "subnet_ids": [
                  "subnet-071c0f4bc74b551b6",
                  "subnet-084d995c182c4d668",
                  "subnet-0946671c4ba5c20bc"
                ],
                "vpc_id": "vpc-0a5aadb804d5bf9e6"
              }
            ],
            "zonal_shift_config": []
          },
          "sensitive_attributes": [],
          "private": "eyJlMmJmYjczMC1lY2FhLTExZTYtOGY4OC0zNDM2M2JjN2M0YzAiOnsiY3JlYXRlIjoxODAwMDAwMDAwMDAwLCJkZWxldGUiOjkwMDAwMDAwMDAwMCwidXBkYXRlIjozNjAwMDAwMDAwMDAwfSwic2NoZW1hX3ZlcnNpb24iOiIxIn0=",
          "dependencies": [
            "module.eksModule.aws_iam_role.eks_cluster_role",
            "module.eksModule.aws_iam_role_policy_attachment.AmazonEKSClusterPolicy",
            "module.eksModule.aws_iam_role_policy_attachment.AmazonEksVPCResourceController",
            "module.vpcModule.aws_subnet.public",
            "module.vpcModule.aws_vpc.main",
            "module.vpcModule.data.aws_availability_zones.available"
          ]
        }
      ]
    },
    {
      "module": "module.eksModule",
      "mode": "managed",
      "type": "aws_iam_role",
      "name": "eks_cluster_role",
      "provider": "provider[\"registry.terraform.io/hashicorp/aws\"]",
      "instances": [
        {
          "schema_version": 0,
          "attributes": {
            "arn": "arn:aws:iam::180294182946:role/eks_cluster_role",
            "assume_role_policy": "{\"Statement\":[{\"Action\":\"sts:AssumeRole\",\"Effect\":\"Allow\",\"Principal\":{\"Service\":\"eks.amazonaws.com\"}}],\"Version\":\"2012-10-17\"}",
            "create_date": "2025-03-18T14:25:59Z",
            "description": "",
            "force_detach_policies": false,
            "id": "eks_cluster_role",
            "inline_policy": [],
            "managed_policy_arns": [
              "arn:aws:iam::aws:policy/AmazonEC2ContainerRegistryReadOnly",
              "arn:aws:iam::aws:policy/AmazonEKSClusterPolicy",
              "arn:aws:iam::aws:policy/AmazonEKSVPCResourceController"
            ],
            "max_session_duration": 3600,
            "name": "eks_cluster_role",
            "name_prefix": "",
            "path": "/",
            "permissions_boundary": "",
            "tags": {},
            "tags_all": {},
            "unique_id": "AROAST6S65ARDZ3DS7LV6"
          },
          "sensitive_attributes": [],
          "private": "bnVsbA=="
        }
      ]
    },
    {
      "module": "module.eksModule",
      "mode": "managed",
      "type": "aws_iam_role_policy_attachment",
      "name": "AmazonEKSClusterPolicy",
      "provider": "provider[\"registry.terraform.io/hashicorp/aws\"]",
      "instances": [
        {
          "schema_version": 0,
          "attributes": {
            "id": "eks_cluster_role-20250318142601928900000004",
            "policy_arn": "arn:aws:iam::aws:policy/AmazonEKSClusterPolicy",
            "role": "eks_cluster_role"
          },
          "sensitive_attributes": [],
          "private": "bnVsbA==",
          "dependencies": [
            "module.eksModule.aws_iam_role.eks_cluster_role"
          ]
        }
      ]
    },
    {
      "module": "module.eksModule",
      "mode": "managed",
      "type": "aws_iam_role_policy_attachment",
      "name": "AmazonEksVPCResourceController",
      "provider": "provider[\"registry.terraform.io/hashicorp/aws\"]",
      "instances": [
        {
          "schema_version": 0,
          "attributes": {
            "id": "eks_cluster_role-20250318142601581700000001",
            "policy_arn": "arn:aws:iam::aws:policy/AmazonEKSVPCResourceController",
            "role": "eks_cluster_role"
          },
          "sensitive_attributes": [],
          "private": "bnVsbA==",
          "dependencies": [
            "module.eksModule.aws_iam_role.eks_cluster_role"
          ]
        }
      ]
    },
    {
      "module": "module.s3Module",
      "mode": "managed",
      "type": "aws_dynamodb_table",
      "name": "terraform_lock",
      "provider": "provider[\"registry.terraform.io/hashicorp/aws\"]",
      "instances": []
    },
    {
      "module": "module.s3Module",
      "mode": "managed",
      "type": "aws_s3_bucket_server_side_encryption_configuration",
      "name": "backend",
      "provider": "provider[\"registry.terraform.io/hashicorp/aws\"]",
      "instances": []
    },
    {
      "module": "module.s3Module",
      "mode": "managed",
      "type": "aws_s3_bucket_versioning",
      "name": "backend",
      "provider": "provider[\"registry.terraform.io/hashicorp/aws\"]",
      "instances": []
    },
    {
      "module": "module.vpcModule",
      "mode": "data",
      "type": "aws_availability_zones",
      "name": "available",
      "provider": "provider[\"registry.terraform.io/hashicorp/aws\"]",
      "instances": [
        {
          "schema_version": 0,
          "attributes": {
            "all_availability_zones": null,
            "exclude_names": null,
            "exclude_zone_ids": null,
            "filter": null,
            "group_names": [
              "us-east-1-zg-1"
            ],
            "id": "us-east-1",
            "names": [
              "us-east-1a",
              "us-east-1b",
              "us-east-1c",
              "us-east-1d",
              "us-east-1e",
              "us-east-1f"
            ],
            "state": "available",
            "timeouts": null,
            "zone_ids": [
              "use1-az1",
              "use1-az2",
              "use1-az4",
              "use1-az6",
              "use1-az3",
              "use1-az5"
            ]
          },
          "sensitive_attributes": []
        }
      ]
    },
    {
      "module": "module.vpcModule",
      "mode": "managed",
      "type": "aws_subnet",
      "name": "public",
      "provider": "provider[\"registry.terraform.io/hashicorp/aws\"]",
      "instances": [
        {
          "index_key": "0",
          "schema_version": 1,
          "attributes": {
            "arn": "arn:aws:ec2:us-east-1:180294182946:subnet/subnet-084d995c182c4d668",
            "assign_ipv6_address_on_creation": false,
            "availability_zone": "us-east-1a",
            "availability_zone_id": "use1-az1",
            "cidr_block": "10.0.0.0/24",
            "customer_owned_ipv4_pool": "",
            "enable_dns64": false,
            "enable_lni_at_device_index": 0,
            "enable_resource_name_dns_a_record_on_launch": false,
            "enable_resource_name_dns_aaaa_record_on_launch": false,
            "id": "subnet-084d995c182c4d668",
            "ipv6_cidr_block": "",
            "ipv6_cidr_block_association_id": "",
            "ipv6_native": false,
            "map_customer_owned_ip_on_launch": false,
            "map_public_ip_on_launch": true,
            "outpost_arn": "",
            "owner_id": "180294182946",
            "private_dns_hostname_type_on_launch": "ip-name",
            "tags": {
              "Name": "todo-public-us-east-1a"
            },
            "tags_all": {
              "Name": "todo-public-us-east-1a"
            },
            "timeouts": null,
            "vpc_id": "vpc-0a5aadb804d5bf9e6"
          },
          "sensitive_attributes": [],
          "private": "eyJlMmJmYjczMC1lY2FhLTExZTYtOGY4OC0zNDM2M2JjN2M0YzAiOnsiY3JlYXRlIjo2MDAwMDAwMDAwMDAsImRlbGV0ZSI6MTIwMDAwMDAwMDAwMH0sInNjaGVtYV92ZXJzaW9uIjoiMSJ9",
          "dependencies": [
            "module.vpcModule.aws_vpc.main",
            "module.vpcModule.data.aws_availability_zones.available"
          ]
        },
        {
          "index_key": "1",
          "schema_version": 1,
          "attributes": {
            "arn": "arn:aws:ec2:us-east-1:180294182946:subnet/subnet-071c0f4bc74b551b6",
            "assign_ipv6_address_on_creation": false,
            "availability_zone": "us-east-1b",
            "availability_zone_id": "use1-az2",
            "cidr_block": "10.0.1.0/24",
            "customer_owned_ipv4_pool": "",
            "enable_dns64": false,
            "enable_lni_at_device_index": 0,
            "enable_resource_name_dns_a_record_on_launch": false,
            "enable_resource_name_dns_aaaa_record_on_launch": false,
            "id": "subnet-071c0f4bc74b551b6",
            "ipv6_cidr_block": "",
            "ipv6_cidr_block_association_id": "",
            "ipv6_native": false,
            "map_customer_owned_ip_on_launch": false,
            "map_public_ip_on_launch": true,
            "outpost_arn": "",
            "owner_id": "180294182946",
            "private_dns_hostname_type_on_launch": "ip-name",
            "tags": {
              "Name": "todo-public-us-east-1b"
            },
            "tags_all": {
              "Name": "todo-public-us-east-1b"
            },
            "timeouts": null,
            "vpc_id": "vpc-0a5aadb804d5bf9e6"
          },
          "sensitive_attributes": [],
          "private": "eyJlMmJmYjczMC1lY2FhLTExZTYtOGY4OC0zNDM2M2JjN2M0YzAiOnsiY3JlYXRlIjo2MDAwMDAwMDAwMDAsImRlbGV0ZSI6MTIwMDAwMDAwMDAwMH0sInNjaGVtYV92ZXJzaW9uIjoiMSJ9",
          "dependencies": [
            "module.vpcModule.aws_vpc.main",
            "module.vpcModule.data.aws_availability_zones.available"
          ]
        },
        {
          "index_key": "2",
          "schema_version": 1,
          "attributes": {
            "arn": "arn:aws:ec2:us-east-1:180294182946:subnet/subnet-0946671c4ba5c20bc",
            "assign_ipv6_address_on_creation": false,
            "availability_zone": "us-east-1c",
            "availability_zone_id": "use1-az4",
            "cidr_block": "10.0.2.0/24",
            "customer_owned_ipv4_pool": "",
            "enable_dns64": false,
            "enable_lni_at_device_index": 0,
            "enable_resource_name_dns_a_record_on_launch": false,
            "enable_resource_name_dns_aaaa_record_on_launch": false,
            "id": "subnet-0946671c4ba5c20bc",
            "ipv6_cidr_block": "",
            "ipv6_cidr_block_association_id": "",
            "ipv6_native": false,
            "map_customer_owned_ip_on_launch": false,
            "map_public_ip_on_launch": true,
            "outpost_arn": "",
            "owner_id": "180294182946",
            "private_dns_hostname_type_on_launch": "ip-name",
            "tags": {
              "Name": "todo-public-us-east-1c"
            },
            "tags_all": {
              "Name": "todo-public-us-east-1c"
            },
            "timeouts": null,
            "vpc_id": "vpc-0a5aadb804d5bf9e6"
          },
          "sensitive_attributes": [],
          "private": "eyJlMmJmYjczMC1lY2FhLTExZTYtOGY4OC0zNDM2M2JjN2M0YzAiOnsiY3JlYXRlIjo2MDAwMDAwMDAwMDAsImRlbGV0ZSI6MTIwMDAwMDAwMDAwMH0sInNjaGVtYV92ZXJzaW9uIjoiMSJ9",
          "dependencies": [
            "module.vpcModule.aws_vpc.main",
            "module.vpcModule.data.aws_availability_zones.available"
          ]
        }
      ]
    },
    {
      "module": "module.vpcModule",
      "mode": "managed",
      "type": "aws_vpc",
      "name": "main",
      "provider": "provider[\"registry.terraform.io/hashicorp/aws\"]",
      "instances": [
        {
          "schema_version": 1,
          "attributes": {
            "arn": "arn:aws:ec2:us-east-1:180294182946:vpc/vpc-0a5aadb804d5bf9e6",
            "assign_generated_ipv6_cidr_block": false,
            "cidr_block": "10.0.0.0/16",
            "default_network_acl_id": "acl-0c130deeb1c27065d",
            "default_route_table_id": "rtb-0a451ebe27a3e034e",
            "default_security_group_id": "sg-07d172e5f9d2d154a",
            "dhcp_options_id": "dopt-0a104e634261047ad",
            "enable_dns_hostnames": true,
            "enable_dns_support": true,
            "enable_network_address_usage_metrics": false,
            "id": "vpc-0a5aadb804d5bf9e6",
            "instance_tenancy": "default",
            "ipv4_ipam_pool_id": null,
            "ipv4_netmask_length": null,
            "ipv6_association_id": "",
            "ipv6_cidr_block": "",
            "ipv6_cidr_block_network_border_group": "",
            "ipv6_ipam_pool_id": "",
            "ipv6_netmask_length": 0,
            "main_route_table_id": "rtb-0a451ebe27a3e034e",
            "owner_id": "180294182946",
            "tags": {
              "Name": "todo-vpc"
            },
            "tags_all": {
              "Name": "todo-vpc"
            }
          },
          "sensitive_attributes": [],
          "private": "eyJzY2hlbWFfdmVyc2lvbiI6IjEifQ==",
          "create_before_destroy": true
        }
      ]
    }
  ],
  "check_results": null
}
