{
  "version": 4,
  "terraform_version": "1.11.1",
  "serial": 474,
  "lineage": "afe2c965-2324-33ac-f86e-72cd390cf638",
  "outputs": {},
  "resources": [
    {
      "module": "module.vpcModule",
      "mode": "managed",
      "type": "aws_vpc",
      "name": "main",
      "provider": "provider[\"registry.terraform.io/hashicorp/aws\"]",
      "instances": [
        {
          "schema_version": 1,
          "attributes": {
            "arn": "arn:aws:ec2:us-east-1:180294182946:vpc/vpc-0be97458e7730c412",
            "assign_generated_ipv6_cidr_block": false,
            "cidr_block": "10.0.0.0/16",
            "default_network_acl_id": "acl-0b03b84c5ace50370",
            "default_route_table_id": "rtb-0003fb566922df756",
            "default_security_group_id": "sg-05241f420a4eb0f87",
            "dhcp_options_id": "dopt-0a104e634261047ad",
            "enable_dns_hostnames": true,
            "enable_dns_support": true,
            "enable_network_address_usage_metrics": false,
            "id": "vpc-0be97458e7730c412",
            "instance_tenancy": "default",
            "ipv4_ipam_pool_id": null,
            "ipv4_netmask_length": null,
            "ipv6_association_id": "",
            "ipv6_cidr_block": "",
            "ipv6_cidr_block_network_border_group": "",
            "ipv6_ipam_pool_id": "",
            "ipv6_netmask_length": 0,
            "main_route_table_id": "rtb-0003fb566922df756",
            "owner_id": "180294182946",
            "tags": {
              "Name": "todo-vpc"
            },
            "tags_all": {
              "Name": "todo-vpc"
            }
          },
          "sensitive_attributes": [],
          "private": "eyJzY2hlbWFfdmVyc2lvbiI6IjEifQ==",
          "create_before_destroy": true
        }
      ]
    }
  ],
  "check_results": null
}
